
Microsoft Visual Studio Solution File, Format Version 12.00
# Visual Studio Version 17
VisualStudioVersion = 17.0.31903.59
MinimumVisualStudioVersion = 10.0.40219.1
Project("{2150E333-8FDC-42A3-9474-1A3956D46DE8}") = "src", "src", "{827E0CD3-B72D-47B6-A68D-7590B98EB39B}"
EndProject
Project("{2150E333-8FDC-42A3-9474-1A3956D46DE8}") = "Core", "Core", "{8D626EA8-CB54-BC41-363A-217881BEBA6E}"
EndProject
Project("{FAE04EC0-301F-11D3-BF4B-00C04F79EFBC}") = "Core.Domain", "src\Core\Core.Domain\Core.Domain.csproj", "{E0DB1E80-5678-41C1-B5DC-C3BB2D6E04D9}"
EndProject
Project("{FAE04EC0-301F-11D3-BF4B-00C04F79EFBC}") = "Core.Application", "src\Core\Core.Application\Core.Application.csproj", "{405DBEFF-87CB-4DED-98BF-8E5CE2B22F88}"
EndProject
Project("{2150E333-8FDC-42A3-9474-1A3956D46DE8}") = "Presentation", "Presentation", "{6996BBF7-DB31-59BC-C7DD-9A7CCC6138C4}"
EndProject
Project("{FAE04EC0-301F-11D3-BF4B-00C04F79EFBC}") = "API", "src\Presentation\API\API.csproj", "{C63BEC52-3D53-43A1-BBCE-5A00FA27B471}"
EndProject
Project("{2150E333-8FDC-42A3-9474-1A3956D46DE8}") = "Modules", "Modules", "{EC447DCF-ABFA-6E24-52A5-D7FD48A5C558}"
EndProject
Project("{2150E333-8FDC-42A3-9474-1A3956D46DE8}") = "VirtualPOS", "VirtualPOS", "{332A39D1-034D-3857-5466-C599C8F56CCD}"
EndProject
Project("{2150E333-8FDC-42A3-9474-1A3956D46DE8}") = "Domain", "Domain", "{612830EA-D5A7-A3DA-6983-BC03AF0F820B}"
EndProject
Project("{FAE04EC0-301F-11D3-BF4B-00C04F79EFBC}") = "VirtualPOS.Domain", "src\Modules\VirtualPOS\Domain\VirtualPOS.Domain.csproj", "{6C8385A7-A440-43AA-8968-EB2E688264BE}"
EndProject
Project("{2150E333-8FDC-42A3-9474-1A3956D46DE8}") = "Wallet", "Wallet", "{1EE309CE-3C56-E0B4-4D30-990A2802E0F7}"
EndProject
Project("{2150E333-8FDC-42A3-9474-1A3956D46DE8}") = "Domain", "Domain", "{BC3578F5-E5CB-5299-FB8F-8F5423C8C124}"
EndProject
Project("{FAE04EC0-301F-11D3-BF4B-00C04F79EFBC}") = "Wallet.Domain", "src\Modules\Wallet\Domain\Wallet.Domain.csproj", "{E190227D-1972-461F-92B6-911FE29A4F2C}"
EndProject
Project("{2150E333-8FDC-42A3-9474-1A3956D46DE8}") = "Academic", "Academic", "{18998088-F56D-4AE5-8E73-451D20C0592E}"
EndProject
Project("{2150E333-8FDC-42A3-9474-1A3956D46DE8}") = "Domain", "Domain", "{F5472472-50DA-2B9C-0170-C32703D83F49}"
EndProject
Project("{FAE04EC0-301F-11D3-BF4B-00C04F79EFBC}") = "Academic.Domain", "src\Modules\Academic\Domain\Academic.Domain.csproj", "{32ADE204-C231-4983-89A0-742DC2C45ABA}"
EndProject
Project("{2150E333-8FDC-42A3-9474-1A3956D46DE8}") = "AccessControl", "AccessControl", "{0895A53D-46B3-E72D-A777-9FBE49721DF6}"
EndProject
Project("{2150E333-8FDC-42A3-9474-1A3956D46DE8}") = "Domain", "Domain", "{3C359F01-932C-B7A9-4A01-3A12E32E85DE}"
EndProject
Project("{FAE04EC0-301F-11D3-BF4B-00C04F79EFBC}") = "AccessControl.Domain", "src\Modules\AccessControl\Domain\AccessControl.Domain.csproj", "{592422E2-4DC3-4977-846A-6ACBB7DBFD74}"
EndProject
Project("{2150E333-8FDC-42A3-9474-1A3956D46DE8}") = "Cafeteria", "Cafeteria", "{1C8AFCD6-AB73-8CE0-FB7C-A50AFAF7A11F}"
EndProject
Project("{2150E333-8FDC-42A3-9474-1A3956D46DE8}") = "Domain", "Domain", "{7E387C1A-9435-BC51-0B8E-AD8717B26A5A}"
EndProject
Project("{FAE04EC0-301F-11D3-BF4B-00C04F79EFBC}") = "Cafeteria.Domain", "src\Modules\Cafeteria\Domain\Cafeteria.Domain.csproj", "{950CD637-464B-4484-9860-B0695D15870A}"
EndProject
Project("{2150E333-8FDC-42A3-9474-1A3956D46DE8}") = "Parking", "Parking", "{E5F95974-C08E-FF0F-5776-9F179692FE14}"
EndProject
Project("{2150E333-8FDC-42A3-9474-1A3956D46DE8}") = "Domain", "Domain", "{6FDB6B55-3401-0889-FD72-6E53E14FC311}"
EndProject
Project("{FAE04EC0-301F-11D3-BF4B-00C04F79EFBC}") = "Parking.Domain", "src\Modules\Parking\Domain\Parking.Domain.csproj", "{71A798AC-A2DF-4057-9560-A6FECA04053D}"
EndProject
Project("{2150E333-8FDC-42A3-9474-1A3956D46DE8}") = "Library", "Library", "{00A6A0A3-D91A-7E5D-A1E5-F47F1FF0165C}"
EndProject
Project("{2150E333-8FDC-42A3-9474-1A3956D46DE8}") = "Domain", "Domain", "{9182A0E6-D3BF-52C3-4BD8-4802BA113660}"
EndProject
Project("{FAE04EC0-301F-11D3-BF4B-00C04F79EFBC}") = "Library.Domain", "src\Modules\Library\Domain\Library.Domain.csproj", "{D18E5882-9ABD-4D91-B9B4-F338F64964EA}"
EndProject
Project("{2150E333-8FDC-42A3-9474-1A3956D46DE8}") = "EventTicketing", "EventTicketing", "{AE10663B-107E-6BBB-FFEA-68E109426468}"
EndProject
Project("{2150E333-8FDC-42A3-9474-1A3956D46DE8}") = "Domain", "Domain", "{3B00313D-91C0-5F8F-6A30-644D04821015}"
EndProject
Project("{FAE04EC0-301F-11D3-BF4B-00C04F79EFBC}") = "EventTicketing.Domain", "src\Modules\EventTicketing\Domain\EventTicketing.Domain.csproj", "{4FBD0036-2122-40B0-ABB6-6DF1637D3A73}"
EndProject
Project("{2150E333-8FDC-42A3-9474-1A3956D46DE8}") = "PersonMgmt", "PersonMgmt", "{6D533B4A-857A-84FA-DE0E-2B88C68E504B}"
EndProject
Project("{2150E333-8FDC-42A3-9474-1A3956D46DE8}") = "Domain", "Domain", "{E82BEC11-A33C-B755-EA37-36113ADE6EFF}"
EndProject
Project("{FAE04EC0-301F-11D3-BF4B-00C04F79EFBC}") = "PersonMgmt.Domain", "src\Modules\PersonMgmt\Domain\PersonMgmt.Domain.csproj", "{C991D897-BE81-4ABF-BF47-25A69A5F348B}"
EndProject
Project("{2150E333-8FDC-42A3-9474-1A3956D46DE8}") = "Research", "Research", "{01D48566-CDD9-4A9E-3627-15E1375DE161}"
EndProject
Project("{2150E333-8FDC-42A3-9474-1A3956D46DE8}") = "Domain", "Domain", "{0B523186-98F5-7C8B-3CA8-BDC9C8F3BBD9}"
EndProject
Project("{FAE04EC0-301F-11D3-BF4B-00C04F79EFBC}") = "Research.Domain", "src\Modules\Research\Domain\Research.Domain.csproj", "{F0FFBEA8-C94F-4684-B55C-1B75B6BEB40F}"
EndProject
Project("{2150E333-8FDC-42A3-9474-1A3956D46DE8}") = "Payroll", "Payroll", "{3488E078-08E9-D2F1-35DE-3B5F16F70E16}"
EndProject
Project("{2150E333-8FDC-42A3-9474-1A3956D46DE8}") = "Domain", "Domain", "{E86C2474-A16A-4DDC-ED6A-281F9E3C3DE7}"
EndProject
Project("{FAE04EC0-301F-11D3-BF4B-00C04F79EFBC}") = "Payroll.Domain", "src\Modules\Payroll\Domain\Payroll.Domain.csproj", "{02730380-EED9-4E18-BEF7-0445D98A4290}"
EndProject
Project("{2150E333-8FDC-42A3-9474-1A3956D46DE8}") = "tests", "tests", "{0AB3BF05-4346-4AA6-1389-037BE0695223}"
EndProject
Project("{2150E333-8FDC-42A3-9474-1A3956D46DE8}") = "Unit", "Unit", "{9D556B49-86D1-93A7-9596-FFAAB74EC556}"
EndProject
Project("{FAE04EC0-301F-11D3-BF4B-00C04F79EFBC}") = "Tests.Unit", "tests\Unit\Tests.Unit.csproj", "{CAEAAF67-B7B1-4741-94D9-EA7D7789EB5A}"
EndProject
Project("{2150E333-8FDC-42A3-9474-1A3956D46DE8}") = "Integration", "Integration", "{28A6993C-471E-82FE-7D9E-AD3B1EC22BD9}"
EndProject
Project("{FAE04EC0-301F-11D3-BF4B-00C04F79EFBC}") = "Tests.Integration", "tests\Integration\Tests.Integration.csproj", "{9412DDBA-34EB-42B3-834D-A88BC2C672A7}"
EndProject
Project("{2150E333-8FDC-42A3-9474-1A3956D46DE8}") = "docs", "docs", "{02EA681E-C7D8-13C7-8484-4AC65E1B71E8}"
	ProjectSection(SolutionItems) = preProject
		docs\all.sql = docs\all.sql
	EndProjectSection
EndProject
Project("{2150E333-8FDC-42A3-9474-1A3956D46DE8}") = "Solution Items", "Solution Items", "{8EC462FD-D22E-90A8-E5CE-7E832BA40C5D}"
	ProjectSection(SolutionItems) = preProject
		README.md = README.md
	EndProjectSection
EndProject
Project("{2150E333-8FDC-42A3-9474-1A3956D46DE8}") = "Application", "Application", "{4997B6B8-DB6B-4586-9248-8DBF438328B7}"
EndProject
Project("{FAE04EC0-301F-11D3-BF4B-00C04F79EFBC}") = "PersonMgmt.Application", "src\Modules\PersonMgmt\Application\PersonMgmt.Application.csproj", "{AC899BBA-ED2B-0648-C935-A3536CF3B379}"
EndProject
Project("{2150E333-8FDC-42A3-9474-1A3956D46DE8}") = "Application", "Application", "{B534DEBE-6DAC-454F-A681-60A12EA3C7C1}"
EndProject
Project("{2150E333-8FDC-42A3-9474-1A3956D46DE8}") = "Shared", "Shared", "{F55263D9-9735-4DE6-9DF6-3A10C5E244FD}"
EndProject
Project("{FAE04EC0-301F-11D3-BF4B-00C04F79EFBC}") = "Shared.Infrastructure", "src\Shared\Shared.Infrastructure\Shared.Infrastructure.csproj", "{BD5BD7A0-B8E3-CBD1-2F97-8AA0383C6188}"
EndProject
Global
	GlobalSection(SolutionConfigurationPlatforms) = preSolution
		Debug|Any CPU = Debug|Any CPU
		Debug|x64 = Debug|x64
		Debug|x86 = Debug|x86
		Release|Any CPU = Release|Any CPU
		Release|x64 = Release|x64
		Release|x86 = Release|x86
	EndGlobalSection
	GlobalSection(ProjectConfigurationPlatforms) = postSolution
		{E0DB1E80-5678-41C1-B5DC-C3BB2D6E04D9}.Debug|Any CPU.ActiveCfg = Debug|Any CPU
		{E0DB1E80-5678-41C1-B5DC-C3BB2D6E04D9}.Debug|Any CPU.Build.0 = Debug|Any CPU
		{E0DB1E80-5678-41C1-B5DC-C3BB2D6E04D9}.Debug|x64.ActiveCfg = Debug|Any CPU
		{E0DB1E80-5678-41C1-B5DC-C3BB2D6E04D9}.Debug|x64.Build.0 = Debug|Any CPU
		{E0DB1E80-5678-41C1-B5DC-C3BB2D6E04D9}.Debug|x86.ActiveCfg = Debug|Any CPU
		{E0DB1E80-5678-41C1-B5DC-C3BB2D6E04D9}.Debug|x86.Build.0 = Debug|Any CPU
		{E0DB1E80-5678-41C1-B5DC-C3BB2D6E04D9}.Release|Any CPU.ActiveCfg = Release|Any CPU
		{E0DB1E80-5678-41C1-B5DC-C3BB2D6E04D9}.Release|Any CPU.Build.0 = Release|Any CPU
		{E0DB1E80-5678-41C1-B5DC-C3BB2D6E04D9}.Release|x64.ActiveCfg = Release|Any CPU
		{E0DB1E80-5678-41C1-B5DC-C3BB2D6E04D9}.Release|x64.Build.0 = Release|Any CPU
		{E0DB1E80-5678-41C1-B5DC-C3BB2D6E04D9}.Release|x86.ActiveCfg = Release|Any CPU
		{E0DB1E80-5678-41C1-B5DC-C3BB2D6E04D9}.Release|x86.Build.0 = Release|Any CPU
		{405DBEFF-87CB-4DED-98BF-8E5CE2B22F88}.Debug|Any CPU.ActiveCfg = Debug|Any CPU
		{405DBEFF-87CB-4DED-98BF-8E5CE2B22F88}.Debug|Any CPU.Build.0 = Debug|Any CPU
		{405DBEFF-87CB-4DED-98BF-8E5CE2B22F88}.Debug|x64.ActiveCfg = Debug|Any CPU
		{405DBEFF-87CB-4DED-98BF-8E5CE2B22F88}.Debug|x64.Build.0 = Debug|Any CPU
		{405DBEFF-87CB-4DED-98BF-8E5CE2B22F88}.Debug|x86.ActiveCfg = Debug|Any CPU
		{405DBEFF-87CB-4DED-98BF-8E5CE2B22F88}.Debug|x86.Build.0 = Debug|Any CPU
		{405DBEFF-87CB-4DED-98BF-8E5CE2B22F88}.Release|Any CPU.ActiveCfg = Release|Any CPU
		{405DBEFF-87CB-4DED-98BF-8E5CE2B22F88}.Release|Any CPU.Build.0 = Release|Any CPU
		{405DBEFF-87CB-4DED-98BF-8E5CE2B22F88}.Release|x64.ActiveCfg = Release|Any CPU
		{405DBEFF-87CB-4DED-98BF-8E5CE2B22F88}.Release|x64.Build.0 = Release|Any CPU
		{405DBEFF-87CB-4DED-98BF-8E5CE2B22F88}.Release|x86.ActiveCfg = Release|Any CPU
		{405DBEFF-87CB-4DED-98BF-8E5CE2B22F88}.Release|x86.Build.0 = Release|Any CPU
		{C63BEC52-3D53-43A1-BBCE-5A00FA27B471}.Debug|Any CPU.ActiveCfg = Debug|Any CPU
		{C63BEC52-3D53-43A1-BBCE-5A00FA27B471}.Debug|Any CPU.Build.0 = Debug|Any CPU
		{C63BEC52-3D53-43A1-BBCE-5A00FA27B471}.Debug|x64.ActiveCfg = Debug|Any CPU
		{C63BEC52-3D53-43A1-BBCE-5A00FA27B471}.Debug|x64.Build.0 = Debug|Any CPU
		{C63BEC52-3D53-43A1-BBCE-5A00FA27B471}.Debug|x86.ActiveCfg = Debug|Any CPU
		{C63BEC52-3D53-43A1-BBCE-5A00FA27B471}.Debug|x86.Build.0 = Debug|Any CPU
		{C63BEC52-3D53-43A1-BBCE-5A00FA27B471}.Release|Any CPU.ActiveCfg = Release|Any CPU
		{C63BEC52-3D53-43A1-BBCE-5A00FA27B471}.Release|Any CPU.Build.0 = Release|Any CPU
		{C63BEC52-3D53-43A1-BBCE-5A00FA27B471}.Release|x64.ActiveCfg = Release|Any CPU
		{C63BEC52-3D53-43A1-BBCE-5A00FA27B471}.Release|x64.Build.0 = Release|Any CPU
		{C63BEC52-3D53-43A1-BBCE-5A00FA27B471}.Release|x86.ActiveCfg = Release|Any CPU
		{C63BEC52-3D53-43A1-BBCE-5A00FA27B471}.Release|x86.Build.0 = Release|Any CPU
		{6C8385A7-A440-43AA-8968-EB2E688264BE}.Debug|Any CPU.ActiveCfg = Debug|Any CPU
		{6C8385A7-A440-43AA-8968-EB2E688264BE}.Debug|Any CPU.Build.0 = Debug|Any CPU
		{6C8385A7-A440-43AA-8968-EB2E688264BE}.Debug|x64.ActiveCfg = Debug|Any CPU
		{6C8385A7-A440-43AA-8968-EB2E688264BE}.Debug|x64.Build.0 = Debug|Any CPU
		{6C8385A7-A440-43AA-8968-EB2E688264BE}.Debug|x86.ActiveCfg = Debug|Any CPU
		{6C8385A7-A440-43AA-8968-EB2E688264BE}.Debug|x86.Build.0 = Debug|Any CPU
		{6C8385A7-A440-43AA-8968-EB2E688264BE}.Release|Any CPU.ActiveCfg = Release|Any CPU
		{6C8385A7-A440-43AA-8968-EB2E688264BE}.Release|Any CPU.Build.0 = Release|Any CPU
		{6C8385A7-A440-43AA-8968-EB2E688264BE}.Release|x64.ActiveCfg = Release|Any CPU
		{6C8385A7-A440-43AA-8968-EB2E688264BE}.Release|x64.Build.0 = Release|Any CPU
		{6C8385A7-A440-43AA-8968-EB2E688264BE}.Release|x86.ActiveCfg = Release|Any CPU
		{6C8385A7-A440-43AA-8968-EB2E688264BE}.Release|x86.Build.0 = Release|Any CPU
		{E190227D-1972-461F-92B6-911FE29A4F2C}.Debug|Any CPU.ActiveCfg = Debug|Any CPU
		{E190227D-1972-461F-92B6-911FE29A4F2C}.Debug|Any CPU.Build.0 = Debug|Any CPU
		{E190227D-1972-461F-92B6-911FE29A4F2C}.Debug|x64.ActiveCfg = Debug|Any CPU
		{E190227D-1972-461F-92B6-911FE29A4F2C}.Debug|x64.Build.0 = Debug|Any CPU
		{E190227D-1972-461F-92B6-911FE29A4F2C}.Debug|x86.ActiveCfg = Debug|Any CPU
		{E190227D-1972-461F-92B6-911FE29A4F2C}.Debug|x86.Build.0 = Debug|Any CPU
		{E190227D-1972-461F-92B6-911FE29A4F2C}.Release|Any CPU.ActiveCfg = Release|Any CPU
		{E190227D-1972-461F-92B6-911FE29A4F2C}.Release|Any CPU.Build.0 = Release|Any CPU
		{E190227D-1972-461F-92B6-911FE29A4F2C}.Release|x64.ActiveCfg = Release|Any CPU
		{E190227D-1972-461F-92B6-911FE29A4F2C}.Release|x64.Build.0 = Release|Any CPU
		{E190227D-1972-461F-92B6-911FE29A4F2C}.Release|x86.ActiveCfg = Release|Any CPU
		{E190227D-1972-461F-92B6-911FE29A4F2C}.Release|x86.Build.0 = Release|Any CPU
		{32ADE204-C231-4983-89A0-742DC2C45ABA}.Debug|Any CPU.ActiveCfg = Debug|Any CPU
		{32ADE204-C231-4983-89A0-742DC2C45ABA}.Debug|Any CPU.Build.0 = Debug|Any CPU
		{32ADE204-C231-4983-89A0-742DC2C45ABA}.Debug|x64.ActiveCfg = Debug|Any CPU
		{32ADE204-C231-4983-89A0-742DC2C45ABA}.Debug|x64.Build.0 = Debug|Any CPU
		{32ADE204-C231-4983-89A0-742DC2C45ABA}.Debug|x86.ActiveCfg = Debug|Any CPU
		{32ADE204-C231-4983-89A0-742DC2C45ABA}.Debug|x86.Build.0 = Debug|Any CPU
		{32ADE204-C231-4983-89A0-742DC2C45ABA}.Release|Any CPU.ActiveCfg = Release|Any CPU
		{32ADE204-C231-4983-89A0-742DC2C45ABA}.Release|Any CPU.Build.0 = Release|Any CPU
		{32ADE204-C231-4983-89A0-742DC2C45ABA}.Release|x64.ActiveCfg = Release|Any CPU
		{32ADE204-C231-4983-89A0-742DC2C45ABA}.Release|x64.Build.0 = Release|Any CPU
		{32ADE204-C231-4983-89A0-742DC2C45ABA}.Release|x86.ActiveCfg = Release|Any CPU
		{32ADE204-C231-4983-89A0-742DC2C45ABA}.Release|x86.Build.0 = Release|Any CPU
		{592422E2-4DC3-4977-846A-6ACBB7DBFD74}.Debug|Any CPU.ActiveCfg = Debug|Any CPU
		{592422E2-4DC3-4977-846A-6ACBB7DBFD74}.Debug|Any CPU.Build.0 = Debug|Any CPU
		{592422E2-4DC3-4977-846A-6ACBB7DBFD74}.Debug|x64.ActiveCfg = Debug|Any CPU
		{592422E2-4DC3-4977-846A-6ACBB7DBFD74}.Debug|x64.Build.0 = Debug|Any CPU
		{592422E2-4DC3-4977-846A-6ACBB7DBFD74}.Debug|x86.ActiveCfg = Debug|Any CPU
		{592422E2-4DC3-4977-846A-6ACBB7DBFD74}.Debug|x86.Build.0 = Debug|Any CPU
		{592422E2-4DC3-4977-846A-6ACBB7DBFD74}.Release|Any CPU.ActiveCfg = Release|Any CPU
		{592422E2-4DC3-4977-846A-6ACBB7DBFD74}.Release|Any CPU.Build.0 = Release|Any CPU
		{592422E2-4DC3-4977-846A-6ACBB7DBFD74}.Release|x64.ActiveCfg = Release|Any CPU
		{592422E2-4DC3-4977-846A-6ACBB7DBFD74}.Release|x64.Build.0 = Release|Any CPU
		{592422E2-4DC3-4977-846A-6ACBB7DBFD74}.Release|x86.ActiveCfg = Release|Any CPU
		{592422E2-4DC3-4977-846A-6ACBB7DBFD74}.Release|x86.Build.0 = Release|Any CPU
		{950CD637-464B-4484-9860-B0695D15870A}.Debug|Any CPU.ActiveCfg = Debug|Any CPU
		{950CD637-464B-4484-9860-B0695D15870A}.Debug|Any CPU.Build.0 = Debug|Any CPU
		{950CD637-464B-4484-9860-B0695D15870A}.Debug|x64.ActiveCfg = Debug|Any CPU
		{950CD637-464B-4484-9860-B0695D15870A}.Debug|x64.Build.0 = Debug|Any CPU
		{950CD637-464B-4484-9860-B0695D15870A}.Debug|x86.ActiveCfg = Debug|Any CPU
		{950CD637-464B-4484-9860-B0695D15870A}.Debug|x86.Build.0 = Debug|Any CPU
		{950CD637-464B-4484-9860-B0695D15870A}.Release|Any CPU.ActiveCfg = Release|Any CPU
		{950CD637-464B-4484-9860-B0695D15870A}.Release|Any CPU.Build.0 = Release|Any CPU
		{950CD637-464B-4484-9860-B0695D15870A}.Release|x64.ActiveCfg = Release|Any CPU
		{950CD637-464B-4484-9860-B0695D15870A}.Release|x64.Build.0 = Release|Any CPU
		{950CD637-464B-4484-9860-B0695D15870A}.Release|x86.ActiveCfg = Release|Any CPU
		{950CD637-464B-4484-9860-B0695D15870A}.Release|x86.Build.0 = Release|Any CPU
		{71A798AC-A2DF-4057-9560-A6FECA04053D}.Debug|Any CPU.ActiveCfg = Debug|Any CPU
		{71A798AC-A2DF-4057-9560-A6FECA04053D}.Debug|Any CPU.Build.0 = Debug|Any CPU
		{71A798AC-A2DF-4057-9560-A6FECA04053D}.Debug|x64.ActiveCfg = Debug|Any CPU
		{71A798AC-A2DF-4057-9560-A6FECA04053D}.Debug|x64.Build.0 = Debug|Any CPU
		{71A798AC-A2DF-4057-9560-A6FECA04053D}.Debug|x86.ActiveCfg = Debug|Any CPU
		{71A798AC-A2DF-4057-9560-A6FECA04053D}.Debug|x86.Build.0 = Debug|Any CPU
		{71A798AC-A2DF-4057-9560-A6FECA04053D}.Release|Any CPU.ActiveCfg = Release|Any CPU
		{71A798AC-A2DF-4057-9560-A6FECA04053D}.Release|Any CPU.Build.0 = Release|Any CPU
		{71A798AC-A2DF-4057-9560-A6FECA04053D}.Release|x64.ActiveCfg = Release|Any CPU
		{71A798AC-A2DF-4057-9560-A6FECA04053D}.Release|x64.Build.0 = Release|Any CPU
		{71A798AC-A2DF-4057-9560-A6FECA04053D}.Release|x86.ActiveCfg = Release|Any CPU
		{71A798AC-A2DF-4057-9560-A6FECA04053D}.Release|x86.Build.0 = Release|Any CPU
		{D18E5882-9ABD-4D91-B9B4-F338F64964EA}.Debug|Any CPU.ActiveCfg = Debug|Any CPU
		{D18E5882-9ABD-4D91-B9B4-F338F64964EA}.Debug|Any CPU.Build.0 = Debug|Any CPU
		{D18E5882-9ABD-4D91-B9B4-F338F64964EA}.Debug|x64.ActiveCfg = Debug|Any CPU
		{D18E5882-9ABD-4D91-B9B4-F338F64964EA}.Debug|x64.Build.0 = Debug|Any CPU
		{D18E5882-9ABD-4D91-B9B4-F338F64964EA}.Debug|x86.ActiveCfg = Debug|Any CPU
		{D18E5882-9ABD-4D91-B9B4-F338F64964EA}.Debug|x86.Build.0 = Debug|Any CPU
		{D18E5882-9ABD-4D91-B9B4-F338F64964EA}.Release|Any CPU.ActiveCfg = Release|Any CPU
		{D18E5882-9ABD-4D91-B9B4-F338F64964EA}.Release|Any CPU.Build.0 = Release|Any CPU
		{D18E5882-9ABD-4D91-B9B4-F338F64964EA}.Release|x64.ActiveCfg = Release|Any CPU
		{D18E5882-9ABD-4D91-B9B4-F338F64964EA}.Release|x64.Build.0 = Release|Any CPU
		{D18E5882-9ABD-4D91-B9B4-F338F64964EA}.Release|x86.ActiveCfg = Release|Any CPU
		{D18E5882-9ABD-4D91-B9B4-F338F64964EA}.Release|x86.Build.0 = Release|Any CPU
		{4FBD0036-2122-40B0-ABB6-6DF1637D3A73}.Debug|Any CPU.ActiveCfg = Debug|Any CPU
		{4FBD0036-2122-40B0-ABB6-6DF1637D3A73}.Debug|Any CPU.Build.0 = Debug|Any CPU
		{4FBD0036-2122-40B0-ABB6-6DF1637D3A73}.Debug|x64.ActiveCfg = Debug|Any CPU
		{4FBD0036-2122-40B0-ABB6-6DF1637D3A73}.Debug|x64.Build.0 = Debug|Any CPU
		{4FBD0036-2122-40B0-ABB6-6DF1637D3A73}.Debug|x86.ActiveCfg = Debug|Any CPU
		{4FBD0036-2122-40B0-ABB6-6DF1637D3A73}.Debug|x86.Build.0 = Debug|Any CPU
		{4FBD0036-2122-40B0-ABB6-6DF1637D3A73}.Release|Any CPU.ActiveCfg = Release|Any CPU
		{4FBD0036-2122-40B0-ABB6-6DF1637D3A73}.Release|Any CPU.Build.0 = Release|Any CPU
		{4FBD0036-2122-40B0-ABB6-6DF1637D3A73}.Release|x64.ActiveCfg = Release|Any CPU
		{4FBD0036-2122-40B0-ABB6-6DF1637D3A73}.Release|x64.Build.0 = Release|Any CPU
		{4FBD0036-2122-40B0-ABB6-6DF1637D3A73}.Release|x86.ActiveCfg = Release|Any CPU
		{4FBD0036-2122-40B0-ABB6-6DF1637D3A73}.Release|x86.Build.0 = Release|Any CPU
		{C991D897-BE81-4ABF-BF47-25A69A5F348B}.Debug|Any CPU.ActiveCfg = Debug|Any CPU
		{C991D897-BE81-4ABF-BF47-25A69A5F348B}.Debug|Any CPU.Build.0 = Debug|Any CPU
		{C991D897-BE81-4ABF-BF47-25A69A5F348B}.Debug|x64.ActiveCfg = Debug|Any CPU
		{C991D897-BE81-4ABF-BF47-25A69A5F348B}.Debug|x64.Build.0 = Debug|Any CPU
		{C991D897-BE81-4ABF-BF47-25A69A5F348B}.Debug|x86.ActiveCfg = Debug|Any CPU
		{C991D897-BE81-4ABF-BF47-25A69A5F348B}.Debug|x86.Build.0 = Debug|Any CPU
		{C991D897-BE81-4ABF-BF47-25A69A5F348B}.Release|Any CPU.ActiveCfg = Release|Any CPU
		{C991D897-BE81-4ABF-BF47-25A69A5F348B}.Release|Any CPU.Build.0 = Release|Any CPU
		{C991D897-BE81-4ABF-BF47-25A69A5F348B}.Release|x64.ActiveCfg = Release|Any CPU
		{C991D897-BE81-4ABF-BF47-25A69A5F348B}.Release|x64.Build.0 = Release|Any CPU
		{C991D897-BE81-4ABF-BF47-25A69A5F348B}.Release|x86.ActiveCfg = Release|Any CPU
		{C991D897-BE81-4ABF-BF47-25A69A5F348B}.Release|x86.Build.0 = Release|Any CPU
		{F0FFBEA8-C94F-4684-B55C-1B75B6BEB40F}.Debug|Any CPU.ActiveCfg = Debug|Any CPU
		{F0FFBEA8-C94F-4684-B55C-1B75B6BEB40F}.Debug|Any CPU.Build.0 = Debug|Any CPU
		{F0FFBEA8-C94F-4684-B55C-1B75B6BEB40F}.Debug|x64.ActiveCfg = Debug|Any CPU
		{F0FFBEA8-C94F-4684-B55C-1B75B6BEB40F}.Debug|x64.Build.0 = Debug|Any CPU
		{F0FFBEA8-C94F-4684-B55C-1B75B6BEB40F}.Debug|x86.ActiveCfg = Debug|Any CPU
		{F0FFBEA8-C94F-4684-B55C-1B75B6BEB40F}.Debug|x86.Build.0 = Debug|Any CPU
		{F0FFBEA8-C94F-4684-B55C-1B75B6BEB40F}.Release|Any CPU.ActiveCfg = Release|Any CPU
		{F0FFBEA8-C94F-4684-B55C-1B75B6BEB40F}.Release|Any CPU.Build.0 = Release|Any CPU
		{F0FFBEA8-C94F-4684-B55C-1B75B6BEB40F}.Release|x64.ActiveCfg = Release|Any CPU
		{F0FFBEA8-C94F-4684-B55C-1B75B6BEB40F}.Release|x64.Build.0 = Release|Any CPU
		{F0FFBEA8-C94F-4684-B55C-1B75B6BEB40F}.Release|x86.ActiveCfg = Release|Any CPU
		{F0FFBEA8-C94F-4684-B55C-1B75B6BEB40F}.Release|x86.Build.0 = Release|Any CPU
		{02730380-EED9-4E18-BEF7-0445D98A4290}.Debug|Any CPU.ActiveCfg = Debug|Any CPU
		{02730380-EED9-4E18-BEF7-0445D98A4290}.Debug|Any CPU.Build.0 = Debug|Any CPU
		{02730380-EED9-4E18-BEF7-0445D98A4290}.Debug|x64.ActiveCfg = Debug|Any CPU
		{02730380-EED9-4E18-BEF7-0445D98A4290}.Debug|x64.Build.0 = Debug|Any CPU
		{02730380-EED9-4E18-BEF7-0445D98A4290}.Debug|x86.ActiveCfg = Debug|Any CPU
		{02730380-EED9-4E18-BEF7-0445D98A4290}.Debug|x86.Build.0 = Debug|Any CPU
		{02730380-EED9-4E18-BEF7-0445D98A4290}.Release|Any CPU.ActiveCfg = Release|Any CPU
		{02730380-EED9-4E18-BEF7-0445D98A4290}.Release|Any CPU.Build.0 = Release|Any CPU
		{02730380-EED9-4E18-BEF7-0445D98A4290}.Release|x64.ActiveCfg = Release|Any CPU
		{02730380-EED9-4E18-BEF7-0445D98A4290}.Release|x64.Build.0 = Release|Any CPU
		{02730380-EED9-4E18-BEF7-0445D98A4290}.Release|x86.ActiveCfg = Release|Any CPU
		{02730380-EED9-4E18-BEF7-0445D98A4290}.Release|x86.Build.0 = Release|Any CPU
		{CAEAAF67-B7B1-4741-94D9-EA7D7789EB5A}.Debug|Any CPU.ActiveCfg = Debug|Any CPU
		{CAEAAF67-B7B1-4741-94D9-EA7D7789EB5A}.Debug|Any CPU.Build.0 = Debug|Any CPU
		{CAEAAF67-B7B1-4741-94D9-EA7D7789EB5A}.Debug|x64.ActiveCfg = Debug|Any CPU
		{CAEAAF67-B7B1-4741-94D9-EA7D7789EB5A}.Debug|x64.Build.0 = Debug|Any CPU
		{CAEAAF67-B7B1-4741-94D9-EA7D7789EB5A}.Debug|x86.ActiveCfg = Debug|Any CPU
		{CAEAAF67-B7B1-4741-94D9-EA7D7789EB5A}.Debug|x86.Build.0 = Debug|Any CPU
		{CAEAAF67-B7B1-4741-94D9-EA7D7789EB5A}.Release|Any CPU.ActiveCfg = Release|Any CPU
		{CAEAAF67-B7B1-4741-94D9-EA7D7789EB5A}.Release|Any CPU.Build.0 = Release|Any CPU
		{CAEAAF67-B7B1-4741-94D9-EA7D7789EB5A}.Release|x64.ActiveCfg = Release|Any CPU
		{CAEAAF67-B7B1-4741-94D9-EA7D7789EB5A}.Release|x64.Build.0 = Release|Any CPU
		{CAEAAF67-B7B1-4741-94D9-EA7D7789EB5A}.Release|x86.ActiveCfg = Release|Any CPU
		{CAEAAF67-B7B1-4741-94D9-EA7D7789EB5A}.Release|x86.Build.0 = Release|Any CPU
		{9412DDBA-34EB-42B3-834D-A88BC2C672A7}.Debug|Any CPU.ActiveCfg = Debug|Any CPU
		{9412DDBA-34EB-42B3-834D-A88BC2C672A7}.Debug|Any CPU.Build.0 = Debug|Any CPU
		{9412DDBA-34EB-42B3-834D-A88BC2C672A7}.Debug|x64.ActiveCfg = Debug|Any CPU
		{9412DDBA-34EB-42B3-834D-A88BC2C672A7}.Debug|x64.Build.0 = Debug|Any CPU
		{9412DDBA-34EB-42B3-834D-A88BC2C672A7}.Debug|x86.ActiveCfg = Debug|Any CPU
		{9412DDBA-34EB-42B3-834D-A88BC2C672A7}.Debug|x86.Build.0 = Debug|Any CPU
		{9412DDBA-34EB-42B3-834D-A88BC2C672A7}.Release|Any CPU.ActiveCfg = Release|Any CPU
		{9412DDBA-34EB-42B3-834D-A88BC2C672A7}.Release|Any CPU.Build.0 = Release|Any CPU
		{9412DDBA-34EB-42B3-834D-A88BC2C672A7}.Release|x64.ActiveCfg = Release|Any CPU
		{9412DDBA-34EB-42B3-834D-A88BC2C672A7}.Release|x64.Build.0 = Release|Any CPU
		{9412DDBA-34EB-42B3-834D-A88BC2C672A7}.Release|x86.ActiveCfg = Release|Any CPU
		{9412DDBA-34EB-42B3-834D-A88BC2C672A7}.Release|x86.Build.0 = Release|Any CPU
		{AC899BBA-ED2B-0648-C935-A3536CF3B379}.Debug|Any CPU.ActiveCfg = Debug|Any CPU
		{AC899BBA-ED2B-0648-C935-A3536CF3B379}.Debug|Any CPU.Build.0 = Debug|Any CPU
		{AC899BBA-ED2B-0648-C935-A3536CF3B379}.Debug|x64.ActiveCfg = Debug|Any CPU
		{AC899BBA-ED2B-0648-C935-A3536CF3B379}.Debug|x64.Build.0 = Debug|Any CPU
		{AC899BBA-ED2B-0648-C935-A3536CF3B379}.Debug|x86.ActiveCfg = Debug|Any CPU
		{AC899BBA-ED2B-0648-C935-A3536CF3B379}.Debug|x86.Build.0 = Debug|Any CPU
		{AC899BBA-ED2B-0648-C935-A3536CF3B379}.Release|Any CPU.ActiveCfg = Release|Any CPU
		{AC899BBA-ED2B-0648-C935-A3536CF3B379}.Release|Any CPU.Build.0 = Release|Any CPU
		{AC899BBA-ED2B-0648-C935-A3536CF3B379}.Release|x64.ActiveCfg = Release|Any CPU
		{AC899BBA-ED2B-0648-C935-A3536CF3B379}.Release|x64.Build.0 = Release|Any CPU
		{AC899BBA-ED2B-0648-C935-A3536CF3B379}.Release|x86.ActiveCfg = Release|Any CPU
		{AC899BBA-ED2B-0648-C935-A3536CF3B379}.Release|x86.Build.0 = Release|Any CPU
		{BD5BD7A0-B8E3-CBD1-2F97-8AA0383C6188}.Debug|Any CPU.ActiveCfg = Debug|Any CPU
		{BD5BD7A0-B8E3-CBD1-2F97-8AA0383C6188}.Debug|Any CPU.Build.0 = Debug|Any CPU
		{BD5BD7A0-B8E3-CBD1-2F97-8AA0383C6188}.Debug|x64.ActiveCfg = Debug|Any CPU
		{BD5BD7A0-B8E3-CBD1-2F97-8AA0383C6188}.Debug|x64.Build.0 = Debug|Any CPU
		{BD5BD7A0-B8E3-CBD1-2F97-8AA0383C6188}.Debug|x86.ActiveCfg = Debug|Any CPU
		{BD5BD7A0-B8E3-CBD1-2F97-8AA0383C6188}.Debug|x86.Build.0 = Debug|Any CPU
		{BD5BD7A0-B8E3-CBD1-2F97-8AA0383C6188}.Release|Any CPU.ActiveCfg = Release|Any CPU
		{BD5BD7A0-B8E3-CBD1-2F97-8AA0383C6188}.Release|Any CPU.Build.0 = Release|Any CPU
		{BD5BD7A0-B8E3-CBD1-2F97-8AA0383C6188}.Release|x64.ActiveCfg = Release|Any CPU
		{BD5BD7A0-B8E3-CBD1-2F97-8AA0383C6188}.Release|x64.Build.0 = Release|Any CPU
		{BD5BD7A0-B8E3-CBD1-2F97-8AA0383C6188}.Release|x86.ActiveCfg = Release|Any CPU
		{BD5BD7A0-B8E3-CBD1-2F97-8AA0383C6188}.Release|x86.Build.0 = Release|Any CPU
	EndGlobalSection
	GlobalSection(SolutionProperties) = preSolution
		HideSolutionNode = FALSE
	EndGlobalSection
	GlobalSection(NestedProjects) = preSolution
		{8D626EA8-CB54-BC41-363A-217881BEBA6E} = {827E0CD3-B72D-47B6-A68D-7590B98EB39B}
		{E0DB1E80-5678-41C1-B5DC-C3BB2D6E04D9} = {8D626EA8-CB54-BC41-363A-217881BEBA6E}
		{405DBEFF-87CB-4DED-98BF-8E5CE2B22F88} = {8D626EA8-CB54-BC41-363A-217881BEBA6E}
		{6996BBF7-DB31-59BC-C7DD-9A7CCC6138C4} = {827E0CD3-B72D-47B6-A68D-7590B98EB39B}
		{C63BEC52-3D53-43A1-BBCE-5A00FA27B471} = {6996BBF7-DB31-59BC-C7DD-9A7CCC6138C4}
		{EC447DCF-ABFA-6E24-52A5-D7FD48A5C558} = {827E0CD3-B72D-47B6-A68D-7590B98EB39B}
		{332A39D1-034D-3857-5466-C599C8F56CCD} = {EC447DCF-ABFA-6E24-52A5-D7FD48A5C558}
		{612830EA-D5A7-A3DA-6983-BC03AF0F820B} = {332A39D1-034D-3857-5466-C599C8F56CCD}
		{6C8385A7-A440-43AA-8968-EB2E688264BE} = {612830EA-D5A7-A3DA-6983-BC03AF0F820B}
		{1EE309CE-3C56-E0B4-4D30-990A2802E0F7} = {EC447DCF-ABFA-6E24-52A5-D7FD48A5C558}
		{BC3578F5-E5CB-5299-FB8F-8F5423C8C124} = {1EE309CE-3C56-E0B4-4D30-990A2802E0F7}
		{E190227D-1972-461F-92B6-911FE29A4F2C} = {BC3578F5-E5CB-5299-FB8F-8F5423C8C124}
		{18998088-F56D-4AE5-8E73-451D20C0592E} = {EC447DCF-ABFA-6E24-52A5-D7FD48A5C558}
		{F5472472-50DA-2B9C-0170-C32703D83F49} = {18998088-F56D-4AE5-8E73-451D20C0592E}
		{32ADE204-C231-4983-89A0-742DC2C45ABA} = {F5472472-50DA-2B9C-0170-C32703D83F49}
		{0895A53D-46B3-E72D-A777-9FBE49721DF6} = {EC447DCF-ABFA-6E24-52A5-D7FD48A5C558}
		{3C359F01-932C-B7A9-4A01-3A12E32E85DE} = {0895A53D-46B3-E72D-A777-9FBE49721DF6}
		{592422E2-4DC3-4977-846A-6ACBB7DBFD74} = {3C359F01-932C-B7A9-4A01-3A12E32E85DE}
		{1C8AFCD6-AB73-8CE0-FB7C-A50AFAF7A11F} = {EC447DCF-ABFA-6E24-52A5-D7FD48A5C558}
		{7E387C1A-9435-BC51-0B8E-AD8717B26A5A} = {1C8AFCD6-AB73-8CE0-FB7C-A50AFAF7A11F}
		{950CD637-464B-4484-9860-B0695D15870A} = {7E387C1A-9435-BC51-0B8E-AD8717B26A5A}
		{E5F95974-C08E-FF0F-5776-9F179692FE14} = {EC447DCF-ABFA-6E24-52A5-D7FD48A5C558}
		{6FDB6B55-3401-0889-FD72-6E53E14FC311} = {E5F95974-C08E-FF0F-5776-9F179692FE14}
		{71A798AC-A2DF-4057-9560-A6FECA04053D} = {6FDB6B55-3401-0889-FD72-6E53E14FC311}
		{00A6A0A3-D91A-7E5D-A1E5-F47F1FF0165C} = {EC447DCF-ABFA-6E24-52A5-D7FD48A5C558}
		{9182A0E6-D3BF-52C3-4BD8-4802BA113660} = {00A6A0A3-D91A-7E5D-A1E5-F47F1FF0165C}
		{D18E5882-9ABD-4D91-B9B4-F338F64964EA} = {9182A0E6-D3BF-52C3-4BD8-4802BA113660}
		{AE10663B-107E-6BBB-FFEA-68E109426468} = {EC447DCF-ABFA-6E24-52A5-D7FD48A5C558}
		{3B00313D-91C0-5F8F-6A30-644D04821015} = {AE10663B-107E-6BBB-FFEA-68E109426468}
		{4FBD0036-2122-40B0-ABB6-6DF1637D3A73} = {3B00313D-91C0-5F8F-6A30-644D04821015}
		{6D533B4A-857A-84FA-DE0E-2B88C68E504B} = {EC447DCF-ABFA-6E24-52A5-D7FD48A5C558}
		{E82BEC11-A33C-B755-EA37-36113ADE6EFF} = {6D533B4A-857A-84FA-DE0E-2B88C68E504B}
		{C991D897-BE81-4ABF-BF47-25A69A5F348B} = {E82BEC11-A33C-B755-EA37-36113ADE6EFF}
		{01D48566-CDD9-4A9E-3627-15E1375DE161} = {EC447DCF-ABFA-6E24-52A5-D7FD48A5C558}
		{0B523186-98F5-7C8B-3CA8-BDC9C8F3BBD9} = {01D48566-CDD9-4A9E-3627-15E1375DE161}
		{F0FFBEA8-C94F-4684-B55C-1B75B6BEB40F} = {0B523186-98F5-7C8B-3CA8-BDC9C8F3BBD9}
		{3488E078-08E9-D2F1-35DE-3B5F16F70E16} = {EC447DCF-ABFA-6E24-52A5-D7FD48A5C558}
		{E86C2474-A16A-4DDC-ED6A-281F9E3C3DE7} = {3488E078-08E9-D2F1-35DE-3B5F16F70E16}
		{02730380-EED9-4E18-BEF7-0445D98A4290} = {E86C2474-A16A-4DDC-ED6A-281F9E3C3DE7}
		{9D556B49-86D1-93A7-9596-FFAAB74EC556} = {0AB3BF05-4346-4AA6-1389-037BE0695223}
		{CAEAAF67-B7B1-4741-94D9-EA7D7789EB5A} = {9D556B49-86D1-93A7-9596-FFAAB74EC556}
		{28A6993C-471E-82FE-7D9E-AD3B1EC22BD9} = {0AB3BF05-4346-4AA6-1389-037BE0695223}
		{9412DDBA-34EB-42B3-834D-A88BC2C672A7} = {28A6993C-471E-82FE-7D9E-AD3B1EC22BD9}
		{4997B6B8-DB6B-4586-9248-8DBF438328B7} = {6D533B4A-857A-84FA-DE0E-2B88C68E504B}
		{AC899BBA-ED2B-0648-C935-A3536CF3B379} = {4997B6B8-DB6B-4586-9248-8DBF438328B7}
		{B534DEBE-6DAC-454F-A681-60A12EA3C7C1} = {18998088-F56D-4AE5-8E73-451D20C0592E}
		{F55263D9-9735-4DE6-9DF6-3A10C5E244FD} = {827E0CD3-B72D-47B6-A68D-7590B98EB39B}
		{BD5BD7A0-B8E3-CBD1-2F97-8AA0383C6188} = {F55263D9-9735-4DE6-9DF6-3A10C5E244FD}
	EndGlobalSection
	GlobalSection(ExtensibilityGlobals) = postSolution
		SolutionGuid = {0A1DD5CB-03C3-46CD-8469-1DCBF8C8B344}
	EndGlobalSection
EndGlobal
