
Microsoft Visual Studio Solution File, Format Version 12.00
# Visual Studio Version 17
VisualStudioVersion = 17.0.31903.59
MinimumVisualStudioVersion = 10.0.40219.1
Project("{2150E333-8FDC-42A3-9474-1A3956D46DE8}") = "src", "src", "{827E0CD3-B72D-47B6-A68D-7590B98EB39B}"
EndProject
Project("{2150E333-8FDC-42A3-9474-1A3956D46DE8}") = "Core", "Core", "{8D626EA8-CB54-BC41-363A-217881BEBA6E}"
EndProject
Project("{FAE04EC0-301F-11D3-BF4B-00C04F79EFBC}") = "Core.Domain", "src\Core\Core.Domain\Core.Domain.csproj", "{E0DB1E80-5678-41C1-B5DC-C3BB2D6E04D9}"
EndProject
Project("{FAE04EC0-301F-11D3-BF4B-00C04F79EFBC}") = "Core.Application", "src\Core\Core.Application\Core.Application.csproj", "{405DBEFF-87CB-4DED-98BF-8E5CE2B22F88}"
EndProject
Project("{2150E333-8FDC-42A3-9474-1A3956D46DE8}") = "Presentation", "Presentation", "{6996BBF7-DB31-59BC-C7DD-9A7CCC6138C4}"
EndProject
Project("{FAE04EC0-301F-11D3-BF4B-00C04F79EFBC}") = "API", "src\Presentation\API\API.csproj", "{C63BEC52-3D53-43A1-BBCE-5A00FA27B471}"
EndProject
Project("{2150E333-8FDC-42A3-9474-1A3956D46DE8}") = "Modules", "Modules", "{EC447DCF-ABFA-6E24-52A5-D7FD48A5C558}"
EndProject
Project("{2150E333-8FDC-42A3-9474-1A3956D46DE8}") = "VirtualPOS", "VirtualPOS", "{332A39D1-034D-3857-5466-C599C8F56CCD}"
EndProject
Project("{2150E333-8FDC-42A3-9474-1A3956D46DE8}") = "Domain", "Domain", "{612830EA-D5A7-A3DA-6983-BC03AF0F820B}"
EndProject
Project("{FAE04EC0-301F-11D3-BF4B-00C04F79EFBC}") = "VirtualPOS.Domain", "src\Modules\VirtualPOS\Domain\VirtualPOS.Domain.csproj", "{6C8385A7-A440-43AA-8968-EB2E688264BE}"
EndProject
Project("{2150E333-8FDC-42A3-9474-1A3956D46DE8}") = "Wallet", "Wallet", "{1EE309CE-3C56-E0B4-4D30-990A2802E0F7}"
EndProject
Project("{2150E333-8FDC-42A3-9474-1A3956D46DE8}") = "Domain", "Domain", "{BC3578F5-E5CB-5299-FB8F-8F5423C8C124}"
EndProject
Project("{FAE04EC0-301F-11D3-BF4B-00C04F79EFBC}") = "Wallet.Domain", "src\Modules\Wallet\Domain\Wallet.Domain.csproj", "{E190227D-1972-461F-92B6-911FE29A4F2C}"
EndProject
Project("{2150E333-8FDC-42A3-9474-1A3956D46DE8}") = "Academic", "Academic", "{18998088-F56D-4AE5-8E73-451D20C0592E}"
EndProject
Project("{2150E333-8FDC-42A3-9474-1A3956D46DE8}") = "Domain", "Domain", "{F5472472-50DA-2B9C-0170-C32703D83F49}"
EndProject
Project("{FAE04EC0-301F-11D3-BF4B-00C04F79EFBC}") = "Academic.Domain", "src\Modules\Academic\Domain\Academic.Domain.csproj", "{32ADE204-C231-4983-89A0-742DC2C45ABA}"
EndProject
Project("{2150E333-8FDC-42A3-9474-1A3956D46DE8}") = "AccessControl", "AccessControl", "{0895A53D-46B3-E72D-A777-9FBE49721DF6}"
EndProject
Project("{2150E333-8FDC-42A3-9474-1A3956D46DE8}") = "Domain", "Domain", "{3C359F01-932C-B7A9-4A01-3A12E32E85DE}"
EndProject
Project("{FAE04EC0-301F-11D3-BF4B-00C04F79EFBC}") = "AccessControl.Domain", "src\Modules\AccessControl\Domain\AccessControl.Domain.csproj", "{592422E2-4DC3-4977-846A-6ACBB7DBFD74}"
EndProject
Project("{2150E333-8FDC-42A3-9474-1A3956D46DE8}") = "Cafeteria", "Cafeteria", "{1C8AFCD6-AB73-8CE0-FB7C-A50AFAF7A11F}"
EndProject
Project("{2150E333-8FDC-42A3-9474-1A3956D46DE8}") = "Domain", "Domain", "{7E387C1A-9435-BC51-0B8E-AD8717B26A5A}"
EndProject
Project("{FAE04EC0-301F-11D3-BF4B-00C04F79EFBC}") = "Cafeteria.Domain", "src\Modules\Cafeteria\Domain\Cafeteria.Domain.csproj", "{950CD637-464B-4484-9860-B0695D15870A}"
EndProject
Project("{2150E333-8FDC-42A3-9474-1A3956D46DE8}") = "Parking", "Parking", "{E5F95974-C08E-FF0F-5776-9F179692FE14}"
EndProject
Project("{2150E333-8FDC-42A3-9474-1A3956D46DE8}") = "Domain", "Domain", "{6FDB6B55-3401-0889-FD72-6E53E14FC311}"
EndProject
Project("{FAE04EC0-301F-11D3-BF4B-00C04F79EFBC}") = "Parking.Domain", "src\Modules\Parking\Domain\Parking.Domain.csproj", "{71A798AC-A2DF-4057-9560-A6FECA04053D}"
EndProject
Project("{2150E333-8FDC-42A3-9474-1A3956D46DE8}") = "Library", "Library", "{00A6A0A3-D91A-7E5D-A1E5-F47F1FF0165C}"
EndProject
Project("{2150E333-8FDC-42A3-9474-1A3956D46DE8}") = "Domain", "Domain", "{9182A0E6-D3BF-52C3-4BD8-4802BA113660}"
EndProject
Project("{FAE04EC0-301F-11D3-BF4B-00C04F79EFBC}") = "Library.Domain", "src\Modules\Library\Domain\Library.Domain.csproj", "{D18E5882-9ABD-4D91-B9B4-F338F64964EA}"
EndProject
Project("{2150E333-8FDC-42A3-9474-1A3956D46DE8}") = "EventTicketing", "EventTicketing", "{AE10663B-107E-6BBB-FFEA-68E109426468}"
EndProject
Project("{2150E333-8FDC-42A3-9474-1A3956D46DE8}") = "Domain", "Domain", "{3B00313D-91C0-5F8F-6A30-644D04821015}"
EndProject
Project("{FAE04EC0-301F-11D3-BF4B-00C04F79EFBC}") = "EventTicketing.Domain", "src\Modules\EventTicketing\Domain\EventTicketing.Domain.csproj", "{4FBD0036-2122-40B0-ABB6-6DF1637D3A73}"
EndProject
Project("{2150E333-8FDC-42A3-9474-1A3956D46DE8}") = "PersonMgmt", "PersonMgmt", "{6D533B4A-857A-84FA-DE0E-2B88C68E504B}"
EndProject
Project("{2150E333-8FDC-42A3-9474-1A3956D46DE8}") = "Domain", "Domain", "{E82BEC11-A33C-B755-EA37-36113ADE6EFF}"
EndProject
Project("{FAE04EC0-301F-11D3-BF4B-00C04F79EFBC}") = "PersonMgmt.Domain", "src\Modules\PersonMgmt\Domain\PersonMgmt.Domain.csproj", "{C991D897-BE81-4ABF-BF47-25A69A5F348B}"
EndProject
Project("{2150E333-8FDC-42A3-9474-1A3956D46DE8}") = "Research", "Research", "{01D48566-CDD9-4A9E-3627-15E1375DE161}"
EndProject
Project("{2150E333-8FDC-42A3-9474-1A3956D46DE8}") = "Domain", "Domain", "{0B523186-98F5-7C8B-3CA8-BDC9C8F3BBD9}"
EndProject
Project("{FAE04EC0-301F-11D3-BF4B-00C04F79EFBC}") = "Research.Domain", "src\Modules\Research\Domain\Research.Domain.csproj", "{F0FFBEA8-C94F-4684-B55C-1B75B6BEB40F}"
EndProject
Project("{2150E333-8FDC-42A3-9474-1A3956D46DE8}") = "Payroll", "Payroll", "{3488E078-08E9-D2F1-35DE-3B5F16F70E16}"
EndProject
Project("{2150E333-8FDC-42A3-9474-1A3956D46DE8}") = "Domain", "Domain", "{E86C2474-A16A-4DDC-ED6A-281F9E3C3DE7}"
EndProject
Project("{FAE04EC0-301F-11D3-BF4B-00C04F79EFBC}") = "Payroll.Domain", "src\Modules\Payroll\Domain\Payroll.Domain.csproj", "{02730380-EED9-4E18-BEF7-0445D98A4290}"
EndProject
Project("{2150E333-8FDC-42A3-9474-1A3956D46DE8}") = "tests", "tests", "{0AB3BF05-4346-4AA6-1389-037BE0695223}"
EndProject
Project("{2150E333-8FDC-42A3-9474-1A3956D46DE8}") = "Unit", "Unit", "{9D556B49-86D1-93A7-9596-FFAAB74EC556}"
EndProject
Project("{FAE04EC0-301F-11D3-BF4B-00C04F79EFBC}") = "Tests.Unit", "tests\Unit\Tests.Unit.csproj", "{CAEAAF67-B7B1-4741-94D9-EA7D7789EB5A}"
EndProject
Project("{2150E333-8FDC-42A3-9474-1A3956D46DE8}") = "Integration", "Integration", "{28A6993C-471E-82FE-7D9E-AD3B1EC22BD9}"
EndProject
Project("{FAE04EC0-301F-11D3-BF4B-00C04F79EFBC}") = "Tests.Integration", "tests\Integration\Tests.Integration.csproj", "{9412DDBA-34EB-42B3-834D-A88BC2C672A7}"
EndProject
Project("{2150E333-8FDC-42A3-9474-1A3956D46DE8}") = "docs", "docs", "{02EA681E-C7D8-13C7-8484-4AC65E1B71E8}"
	ProjectSection(SolutionItems) = preProject
		docs\all.sql = docs\all.sql
	EndProjectSection
EndProject
Project("{2150E333-8FDC-42A3-9474-1A3956D46DE8}") = "Solution Items", "Solution Items", "{8EC462FD-D22E-90A8-E5CE-7E832BA40C5D}"
	ProjectSection(SolutionItems) = preProject
		README.md = README.md
	EndProjectSection
EndProject
Project("{2150E333-8FDC-42A3-9474-1A3956D46DE8}") = "Application", "Application", "{4997B6B8-DB6B-4586-9248-8DBF438328B7}"
EndProject
Project("{FAE04EC0-301F-11D3-BF4B-00C04F79EFBC}") = "PersonMgmt.Application", "src\Modules\PersonMgmt\Application\PersonMgmt.Application.csproj", "{AC899BBA-ED2B-0648-C935-A3536CF3B379}"
EndProject
Project("{2150E333-8FDC-42A3-9474-1A3956D46DE8}") = "Application", "Application", "{B534DEBE-6DAC-454F-A681-60A12EA3C7C1}"
EndProject
Project("{2150E333-8FDC-42A3-9474-1A3956D46DE8}") = "Shared", "Shared", "{F55263D9-9735-4DE6-9DF6-3A10C5E244FD}"
EndProject
Project("{FAE04EC0-301F-11D3-BF4B-00C04F79EFBC}") = "Shared.Infrastructure", "src\Shared\Shared.Infrastructure\Shared.Infrastructure.csproj", "{BD5BD7A0-B8E3-CBD1-2F97-8AA0383C6188}"
EndProject
Project("{2150E333-8FDC-42A3-9474-1A3956D46DE8}") = "Application", "Application", "{A16645C5-BFC7-2904-5BDE-BFDDC6132A3E}"
EndProject
Project("{FAE04EC0-301F-11D3-BF4B-00C04F79EFBC}") = "VirtualPOS.Application", "src\Modules\VirtualPOS\Application\VirtualPOS.Application.csproj", "{FA94DF3C-B8C2-415A-9488-32C2DB2DFD36}"
EndProject
Project("{2150E333-8FDC-42A3-9474-1A3956D46DE8}") = "Application", "Application", "{DECA2E3E-ADD1-37C3-2954-4FE529C26B29}"
EndProject
Project("{FAE04EC0-301F-11D3-BF4B-00C04F79EFBC}") = "Wallet.Application", "src\Modules\Wallet\Application\Wallet.Application.csproj", "{41C73274-83E8-4030-98EB-A504E85B30C7}"
EndProject
Project("{FAE04EC0-301F-11D3-BF4B-00C04F79EFBC}") = "Academic.Application", "src\Modules\Academic\Application\Academic.Application.csproj", "{4BA3F4A0-2837-43BB-915C-89AAF5C0E326}"
EndProject
Project("{2150E333-8FDC-42A3-9474-1A3956D46DE8}") = "Application", "Application", "{48E63B22-8B99-B386-34E8-A80C44B7AC1C}"
EndProject
Project("{FAE04EC0-301F-11D3-BF4B-00C04F79EFBC}") = "AccessControl.Application", "src\Modules\AccessControl\Application\AccessControl.Application.csproj", "{FB74C59D-8BD9-42B1-A1FE-F9E9CB7D9881}"
EndProject
Project("{2150E333-8FDC-42A3-9474-1A3956D46DE8}") = "Application", "Application", "{DA139BF2-312A-EBA4-E92C-9B3F0E208BEA}"
EndProject
Project("{FAE04EC0-301F-11D3-BF4B-00C04F79EFBC}") = "Cafeteria.Application", "src\Modules\Cafeteria\Application\Cafeteria.Application.csproj", "{57EBA111-E961-4822-9FCD-B1DB6922F249}"
EndProject
Project("{2150E333-8FDC-42A3-9474-1A3956D46DE8}") = "Application", "Application", "{C6A90569-BE40-A9C7-8FC1-03352F74F5F9}"
EndProject
Project("{FAE04EC0-301F-11D3-BF4B-00C04F79EFBC}") = "Parking.Application", "src\Modules\Parking\Application\Parking.Application.csproj", "{2EBFA04C-87AA-438C-B43D-A9B3FCD700B3}"
EndProject
Project("{2150E333-8FDC-42A3-9474-1A3956D46DE8}") = "Application", "Application", "{2044938E-529D-293D-D900-83F9AF9A4F68}"
EndProject
Project("{FAE04EC0-301F-11D3-BF4B-00C04F79EFBC}") = "Library.Application", "src\Modules\Library\Application\Library.Application.csproj", "{272A159D-3DC9-4600-8317-792F7FE1FF0F}"
EndProject
Project("{2150E333-8FDC-42A3-9474-1A3956D46DE8}") = "Application", "Application", "{4105F331-6A78-61C1-C219-C23ECAF37DCE}"
EndProject
Project("{FAE04EC0-301F-11D3-BF4B-00C04F79EFBC}") = "EventTicketing.Application", "src\Modules\EventTicketing\Application\EventTicketing.Application.csproj", "{B943B558-4C90-4DF1-88B0-139BB4C08BCE}"
EndProject
Project("{2150E333-8FDC-42A3-9474-1A3956D46DE8}") = "Application", "Application", "{157A39A1-BAF4-A6AE-D076-8C35F6986159}"
EndProject
Project("{FAE04EC0-301F-11D3-BF4B-00C04F79EFBC}") = "Research.Application", "src\Modules\Research\Application\Research.Application.csproj", "{E52693F8-578E-4E65-ACAB-0EA83B338660}"
EndProject
Project("{2150E333-8FDC-42A3-9474-1A3956D46DE8}") = "Application", "Application", "{82760F18-4496-CFF9-D0AB-C89B575485DA}"
EndProject
Project("{FAE04EC0-301F-11D3-BF4B-00C04F79EFBC}") = "Payroll.Application", "src\Modules\Payroll\Application\Payroll.Application.csproj", "{345ADE8D-ED1D-4F27-B1FB-0E7A214612E5}"
EndProject
Project("{2150E333-8FDC-42A3-9474-1A3956D46DE8}") = "Identity", "Identity", "{0EC62A1A-9858-3A60-8A0C-FC9AACFA2EC7}"
EndProject
Project("{2150E333-8FDC-42A3-9474-1A3956D46DE8}") = "Application", "Application", "{0DE85A42-5AB0-179C-733E-58510D3B8784}"
EndProject
Project("{FAE04EC0-301F-11D3-BF4B-00C04F79EFBC}") = "Identity.Application", "src\Modules\Identity\Application\Identity.Application.csproj", "{F8D79A80-7286-444E-9708-1DEDE798EEBD}"
EndProject
Project("{2150E333-8FDC-42A3-9474-1A3956D46DE8}") = "Domain", "Domain", "{4D5DCD5F-56A9-CDDD-B2B1-3C00DD2DF930}"
EndProject
Project("{FAE04EC0-301F-11D3-BF4B-00C04F79EFBC}") = "Identity.Domain", "src\Modules\Identity\Domain\Identity.Domain.csproj", "{2465EDA0-5EF2-42A8-B111-4DD706A84019}"
EndProject
Project("{2150E333-8FDC-42A3-9474-1A3956D46DE8}") = "StudentFees", "StudentFees", "{57EC3008-EC9E-6AE8-F402-E8180F19A5A5}"
EndProject
Project("{2150E333-8FDC-42A3-9474-1A3956D46DE8}") = "Application", "Application", "{E319125D-C268-F8B1-70C0-EBFE4A08C75E}"
EndProject
Project("{FAE04EC0-301F-11D3-BF4B-00C04F79EFBC}") = "StudentFees.Application", "src\Modules\StudentFees\Application\StudentFees.Application.csproj", "{999CDBFB-F47C-454C-AAFE-1A2091B2BEB8}"
EndProject
Project("{2150E333-8FDC-42A3-9474-1A3956D46DE8}") = "Leave", "Leave", "{D53792AE-36FE-72E8-E36E-7E5EF0791B31}"
EndProject
Project("{2150E333-8FDC-42A3-9474-1A3956D46DE8}") = "Application", "Application", "{D8AD2D54-BB0C-EFCA-3E33-5F5B9FE133B7}"
EndProject
Project("{FAE04EC0-301F-11D3-BF4B-00C04F79EFBC}") = "Leave.Application", "src\Modules\Leave\Application\Leave.Application.csproj", "{BAA525F0-14AF-41B6-8BF0-792D08834952}"
EndProject
Project("{2150E333-8FDC-42A3-9474-1A3956D46DE8}") = "HR", "HR", "{6EBCFD33-7D2C-6F0C-B60B-6B70B57F5713}"
EndProject
Project("{2150E333-8FDC-42A3-9474-1A3956D46DE8}") = "Application", "Application", "{55919EE5-F692-E8D3-DD8A-21876EA14FC0}"
EndProject
Project("{FAE04EC0-301F-11D3-BF4B-00C04F79EFBC}") = "HR.Application", "src\Modules\HR\Application\HR.Application.csproj", "{1BD27E1D-F0BE-428D-BB5A-57C70602F373}"
EndProject
Project("{2150E333-8FDC-42A3-9474-1A3956D46DE8}") = "Finance", "Finance", "{6FEA55CD-9038-3367-F52F-2FD77CF71706}"
EndProject
Project("{2150E333-8FDC-42A3-9474-1A3956D46DE8}") = "Application", "Application", "{18E3F29A-367C-3E09-2202-B9FC069B15E1}"
EndProject
Project("{FAE04EC0-301F-11D3-BF4B-00C04F79EFBC}") = "Finance.Application", "src\Modules\Finance\Application\Finance.Application.csproj", "{CABE2BB3-40D5-429D-BA10-E6AE0B62662D}"
EndProject
Project("{2150E333-8FDC-42A3-9474-1A3956D46DE8}") = "Procurement", "Procurement", "{4DA9DB7A-67F1-E1C4-D87F-47B852D6C0B5}"
EndProject
Project("{2150E333-8FDC-42A3-9474-1A3956D46DE8}") = "Application", "Application", "{EED3D39A-ACAD-BF65-85A7-52B6D35BC948}"
EndProject
Project("{FAE04EC0-301F-11D3-BF4B-00C04F79EFBC}") = "Procurement.Application", "src\Modules\Procurement\Application\Procurement.Application.csproj", "{B7D42004-BC05-4851-8F3B-AF330960CF43}"
EndProject
Project("{2150E333-8FDC-42A3-9474-1A3956D46DE8}") = "Inventory", "Inventory", "{18C073E0-6CB1-4693-3636-BFEE619A6192}"
EndProject
Project("{2150E333-8FDC-42A3-9474-1A3956D46DE8}") = "Application", "Application", "{F77E670E-0F23-3CE4-6F9C-951200B09EE2}"
EndProject
Project("{FAE04EC0-301F-11D3-BF4B-00C04F79EFBC}") = "Inventory.Application", "src\Modules\Inventory\Application\Inventory.Application.csproj", "{13B14F9A-C71F-43DB-A735-F83D23D8E757}"
EndProject
Project("{2150E333-8FDC-42A3-9474-1A3956D46DE8}") = "Facility", "Facility", "{9A8F3106-D494-A2C8-85FA-2DA4A44F4B50}"
EndProject
Project("{2150E333-8FDC-42A3-9474-1A3956D46DE8}") = "Application", "Application", "{98973FF1-4931-8FA8-539B-928A12D6D3D5}"
EndProject
Project("{FAE04EC0-301F-11D3-BF4B-00C04F79EFBC}") = "Facility.Application", "src\Modules\Facility\Application\Facility.Application.csproj", "{4A8B18A0-239D-4202-9424-E6A68FE1DF98}"
EndProject
Project("{2150E333-8FDC-42A3-9474-1A3956D46DE8}") = "Health", "Health", "{5C8A8AC6-589C-57E2-718B-9C9CBE8FBE33}"
EndProject
Project("{2150E333-8FDC-42A3-9474-1A3956D46DE8}") = "Application", "Application", "{04B77DBD-5862-7036-D1BB-52A3287B84E9}"
EndProject
Project("{FAE04EC0-301F-11D3-BF4B-00C04F79EFBC}") = "Health.Application", "src\Modules\Health\Application\Health.Application.csproj", "{7489D9AD-EF1E-490A-9880-662B45821368}"
EndProject
Project("{2150E333-8FDC-42A3-9474-1A3956D46DE8}") = "Activities", "Activities", "{3B78504E-7DB8-4F6E-5DC9-009B994C7C64}"
EndProject
Project("{2150E333-8FDC-42A3-9474-1A3956D46DE8}") = "Application", "Application", "{E8DAC61D-939F-8FBE-66A6-04F9296FDE0A}"
EndProject
Project("{FAE04EC0-301F-11D3-BF4B-00C04F79EFBC}") = "Activities.Application", "src\Modules\Activities\Application\Activities.Application.csproj", "{1AC3A5CE-3C2B-41F8-BE41-79D8F95B31F5}"
EndProject
Project("{2150E333-8FDC-42A3-9474-1A3956D46DE8}") = "Announcements", "Announcements", "{9FCB07E3-B411-69C0-9CA4-7AFC7B26BAA0}"
EndProject
Project("{2150E333-8FDC-42A3-9474-1A3956D46DE8}") = "Application", "Application", "{0E2EA19E-CA86-FAFA-3A06-C9641042D0FC}"
EndProject
Project("{FAE04EC0-301F-11D3-BF4B-00C04F79EFBC}") = "Announcements.Application", "src\Modules\Announcements\Application\Announcements.Application.csproj", "{AFE5B7E2-5AD5-4E33-86AA-70D103896F49}"
EndProject
Project("{2150E333-8FDC-42A3-9474-1A3956D46DE8}") = "Documents", "Documents", "{09A91B6C-79E6-0968-6169-7E6887562B47}"
EndProject
Project("{2150E333-8FDC-42A3-9474-1A3956D46DE8}") = "Application", "Application", "{FA684506-8FD3-636C-AD1B-DDBCB1CE2ABE}"
EndProject
Project("{FAE04EC0-301F-11D3-BF4B-00C04F79EFBC}") = "Documents.Application", "src\Modules\Documents\Application\Documents.Application.csproj", "{BD5310A4-65E4-4DFF-834E-F7AE780E3C05}"
EndProject
Project("{2150E333-8FDC-42A3-9474-1A3956D46DE8}") = "Performance", "Performance", "{42216F36-5072-C20A-2A62-36F63197544B}"
EndProject
Project("{2150E333-8FDC-42A3-9474-1A3956D46DE8}") = "Application", "Application", "{5BC3E791-2F36-0A65-6DCA-BE459D400D94}"
EndProject
Project("{FAE04EC0-301F-11D3-BF4B-00C04F79EFBC}") = "Performance.Application", "src\Modules\Performance\Application\Performance.Application.csproj", "{82865DA9-87F4-469D-9C06-B640D1C03F8A}"
EndProject
Project("{2150E333-8FDC-42A3-9474-1A3956D46DE8}") = "Graduation", "Graduation", "{34324B6F-2A2B-4F71-D66E-8072EA5F9085}"
EndProject
Project("{2150E333-8FDC-42A3-9474-1A3956D46DE8}") = "Application", "Application", "{29BC95EE-1903-9B18-B6C9-213C061111F3}"
EndProject
Project("{FAE04EC0-301F-11D3-BF4B-00C04F79EFBC}") = "Graduation.Application", "src\Modules\Graduation\Application\Graduation.Application.csproj", "{632A17CA-8403-4588-AD45-A7C04E1383F5}"
EndProject
Project("{2150E333-8FDC-42A3-9474-1A3956D46DE8}") = "Scholarships", "Scholarships", "{CDEAD04D-D345-16A4-0F8A-F71707EA5983}"
EndProject
Project("{2150E333-8FDC-42A3-9474-1A3956D46DE8}") = "Application", "Application", "{A6ABE31C-A246-39A6-1824-0C45A15FF780}"
EndProject
Project("{FAE04EC0-301F-11D3-BF4B-00C04F79EFBC}") = "Scholarships.Application", "src\Modules\Scholarships\Application\Scholarships.Application.csproj", "{DA4C612B-F902-46E2-A204-0E7455C7BD81}"
EndProject
Project("{2150E333-8FDC-42A3-9474-1A3956D46DE8}") = "Technical", "Technical", "{85E1F0F8-10F2-2435-7A18-83A44800DFDF}"
EndProject
Project("{2150E333-8FDC-42A3-9474-1A3956D46DE8}") = "Application", "Application", "{57F05C05-3C46-81F0-2455-77183151CE71}"
EndProject
Project("{FAE04EC0-301F-11D3-BF4B-00C04F79EFBC}") = "Technical.Application", "src\Modules\Technical\Application\Technical.Application.csproj", "{18DB7514-C9EF-4A13-B9B0-FAC021E81BEC}"
EndProject
Project("{2150E333-8FDC-42A3-9474-1A3956D46DE8}") = "IT", "IT", "{2D411FE8-4E9B-6633-081C-C9B430072A74}"
EndProject
Project("{2150E333-8FDC-42A3-9474-1A3956D46DE8}") = "Application", "Application", "{9F4F3C41-DEEB-A6EA-863F-DEFF9FB545FD}"
EndProject
Project("{FAE04EC0-301F-11D3-BF4B-00C04F79EFBC}") = "IT.Application", "src\Modules\IT\Application\IT.Application.csproj", "{43D694D4-D38E-4F80-AE6C-E0A0D5F8E0DC}"
EndProject
Project("{2150E333-8FDC-42A3-9474-1A3956D46DE8}") = "Domain", "Domain", "{C8D1A2B1-EA7B-ACCB-9A0F-00C0379A7F7E}"
EndProject
Project("{FAE04EC0-301F-11D3-BF4B-00C04F79EFBC}") = "StudentFees.Domain", "src\Modules\StudentFees\Domain\StudentFees.Domain.csproj", "{336A4CC4-FB0E-456D-A776-ACD309F3D625}"
EndProject
Project("{2150E333-8FDC-42A3-9474-1A3956D46DE8}") = "Domain", "Domain", "{1A9E8A3F-A986-A567-09A4-09AB2A798928}"
EndProject
Project("{FAE04EC0-301F-11D3-BF4B-00C04F79EFBC}") = "Leave.Domain", "src\Modules\Leave\Domain\Leave.Domain.csproj", "{0DF26557-1889-4336-9BCA-90200227DD31}"
EndProject
Project("{2150E333-8FDC-42A3-9474-1A3956D46DE8}") = "Domain", "Domain", "{22C78391-1011-5AFD-FF0E-11E4DEB6F490}"
EndProject
Project("{FAE04EC0-301F-11D3-BF4B-00C04F79EFBC}") = "HR.Domain", "src\Modules\HR\Domain\HR.Domain.csproj", "{EF7B590F-6AA2-469E-BE61-583D0AF51B62}"
EndProject
Project("{2150E333-8FDC-42A3-9474-1A3956D46DE8}") = "Domain", "Domain", "{024D8A87-DBE4-923F-441B-F9A6C669B4BD}"
EndProject
Project("{FAE04EC0-301F-11D3-BF4B-00C04F79EFBC}") = "Finance.Domain", "src\Modules\Finance\Domain\Finance.Domain.csproj", "{6993CE52-F99A-4A49-8085-B19630ED7EDB}"
EndProject
Project("{2150E333-8FDC-42A3-9474-1A3956D46DE8}") = "Domain", "Domain", "{36B1B392-380E-E569-AA1C-688C9BAFCEC4}"
EndProject
Project("{FAE04EC0-301F-11D3-BF4B-00C04F79EFBC}") = "Procurement.Domain", "src\Modules\Procurement\Domain\Procurement.Domain.csproj", "{873BF38F-4D67-4073-84AA-8603F4D5F6BE}"
EndProject
Project("{2150E333-8FDC-42A3-9474-1A3956D46DE8}") = "Domain", "Domain", "{A15C9072-71C4-DCD7-484C-67F11796098B}"
EndProject
Project("{FAE04EC0-301F-11D3-BF4B-00C04F79EFBC}") = "Inventory.Domain", "src\Modules\Inventory\Domain\Inventory.Domain.csproj", "{27D15E98-C126-42A0-BF7F-2A48FB3C871B}"
EndProject
Project("{2150E333-8FDC-42A3-9474-1A3956D46DE8}") = "Domain", "Domain", "{4EE51719-C959-68AC-3505-8A1634E0C7A6}"
EndProject
Project("{FAE04EC0-301F-11D3-BF4B-00C04F79EFBC}") = "Facility.Domain", "src\Modules\Facility\Domain\Facility.Domain.csproj", "{4AAC94E6-D50E-429D-A2EF-809EAEFBA703}"
EndProject
Project("{2150E333-8FDC-42A3-9474-1A3956D46DE8}") = "Domain", "Domain", "{7BC01D79-5299-0ABF-A8D1-941DD3476F20}"
EndProject
Project("{FAE04EC0-301F-11D3-BF4B-00C04F79EFBC}") = "Health.Domain", "src\Modules\Health\Domain\Health.Domain.csproj", "{BD0337F1-B799-47F5-8F20-E1B13AACA40D}"
EndProject
Project("{2150E333-8FDC-42A3-9474-1A3956D46DE8}") = "Domain", "Domain", "{B41E2DE3-4C13-C514-3948-801435759F74}"
EndProject
Project("{FAE04EC0-301F-11D3-BF4B-00C04F79EFBC}") = "Activities.Domain", "src\Modules\Activities\Domain\Activities.Domain.csproj", "{5575050D-DD9A-43A6-80F3-64427D0065F6}"
EndProject
Project("{2150E333-8FDC-42A3-9474-1A3956D46DE8}") = "Domain", "Domain", "{A9A66B94-2406-78F7-4C39-C21EDEF352E8}"
EndProject
Project("{FAE04EC0-301F-11D3-BF4B-00C04F79EFBC}") = "Announcements.Domain", "src\Modules\Announcements\Domain\Announcements.Domain.csproj", "{9DD0B846-51A6-41C7-A39B-C80BE2ED9829}"
EndProject
Project("{2150E333-8FDC-42A3-9474-1A3956D46DE8}") = "Domain", "Domain", "{E69A4EFF-364A-7635-EFD0-034B313DB630}"
EndProject
Project("{FAE04EC0-301F-11D3-BF4B-00C04F79EFBC}") = "Documents.Domain", "src\Modules\Documents\Domain\Documents.Domain.csproj", "{2695A848-07DA-4002-A6ED-3903E6355A14}"
EndProject
Project("{2150E333-8FDC-42A3-9474-1A3956D46DE8}") = "Domain", "Domain", "{D02C7B8E-6DED-6134-ED05-45103131B8A2}"
EndProject
Project("{FAE04EC0-301F-11D3-BF4B-00C04F79EFBC}") = "Performance.Domain", "src\Modules\Performance\Domain\Performance.Domain.csproj", "{A6B7EBE0-7A52-41F7-8A60-F8631D92270B}"
EndProject
Project("{2150E333-8FDC-42A3-9474-1A3956D46DE8}") = "Domain", "Domain", "{126C692A-45CB-2A40-7099-B87F7F566AC3}"
EndProject
Project("{FAE04EC0-301F-11D3-BF4B-00C04F79EFBC}") = "Graduation.Domain", "src\Modules\Graduation\Domain\Graduation.Domain.csproj", "{C1F4A9DA-FE06-4CAB-A999-B3679EDA922B}"
EndProject
Project("{2150E333-8FDC-42A3-9474-1A3956D46DE8}") = "Domain", "Domain", "{B98547C4-39D4-E266-AF05-A6B2D6FD9024}"
EndProject
Project("{FAE04EC0-301F-11D3-BF4B-00C04F79EFBC}") = "Scholarships.Domain", "src\Modules\Scholarships\Domain\Scholarships.Domain.csproj", "{805A7843-DA36-4079-995E-D1BB6695ECA4}"
EndProject
Project("{2150E333-8FDC-42A3-9474-1A3956D46DE8}") = "Domain", "Domain", "{752C8CC9-0929-A62B-8EBF-692EE45B3B1F}"
EndProject
Project("{FAE04EC0-301F-11D3-BF4B-00C04F79EFBC}") = "Technical.Domain", "src\Modules\Technical\Domain\Technical.Domain.csproj", "{2D8B299E-F8EC-4A69-BCE8-2F8111385644}"
EndProject
Project("{2150E333-8FDC-42A3-9474-1A3956D46DE8}") = "Domain", "Domain", "{43CAD572-2490-3FF3-05EB-07F266F0F17B}"
EndProject
Project("{FAE04EC0-301F-11D3-BF4B-00C04F79EFBC}") = "IT.Domain", "src\Modules\IT\Domain\IT.Domain.csproj", "{1D6D92D4-2661-4B59-80DC-36ED2A84214D}"
EndProject
Global
	GlobalSection(SolutionConfigurationPlatforms) = preSolution
		Debug|Any CPU = Debug|Any CPU
		Debug|x64 = Debug|x64
		Debug|x86 = Debug|x86
		Release|Any CPU = Release|Any CPU
		Release|x64 = Release|x64
		Release|x86 = Release|x86
	EndGlobalSection
	GlobalSection(ProjectConfigurationPlatforms) = postSolution
		{E0DB1E80-5678-41C1-B5DC-C3BB2D6E04D9}.Debug|Any CPU.ActiveCfg = Debug|Any CPU
		{E0DB1E80-5678-41C1-B5DC-C3BB2D6E04D9}.Debug|Any CPU.Build.0 = Debug|Any CPU
		{E0DB1E80-5678-41C1-B5DC-C3BB2D6E04D9}.Debug|x64.ActiveCfg = Debug|Any CPU
		{E0DB1E80-5678-41C1-B5DC-C3BB2D6E04D9}.Debug|x64.Build.0 = Debug|Any CPU
		{E0DB1E80-5678-41C1-B5DC-C3BB2D6E04D9}.Debug|x86.ActiveCfg = Debug|Any CPU
		{E0DB1E80-5678-41C1-B5DC-C3BB2D6E04D9}.Debug|x86.Build.0 = Debug|Any CPU
		{E0DB1E80-5678-41C1-B5DC-C3BB2D6E04D9}.Release|Any CPU.ActiveCfg = Release|Any CPU
		{E0DB1E80-5678-41C1-B5DC-C3BB2D6E04D9}.Release|Any CPU.Build.0 = Release|Any CPU
		{E0DB1E80-5678-41C1-B5DC-C3BB2D6E04D9}.Release|x64.ActiveCfg = Release|Any CPU
		{E0DB1E80-5678-41C1-B5DC-C3BB2D6E04D9}.Release|x64.Build.0 = Release|Any CPU
		{E0DB1E80-5678-41C1-B5DC-C3BB2D6E04D9}.Release|x86.ActiveCfg = Release|Any CPU
		{E0DB1E80-5678-41C1-B5DC-C3BB2D6E04D9}.Release|x86.Build.0 = Release|Any CPU
		{405DBEFF-87CB-4DED-98BF-8E5CE2B22F88}.Debug|Any CPU.ActiveCfg = Debug|Any CPU
		{405DBEFF-87CB-4DED-98BF-8E5CE2B22F88}.Debug|Any CPU.Build.0 = Debug|Any CPU
		{405DBEFF-87CB-4DED-98BF-8E5CE2B22F88}.Debug|x64.ActiveCfg = Debug|Any CPU
		{405DBEFF-87CB-4DED-98BF-8E5CE2B22F88}.Debug|x64.Build.0 = Debug|Any CPU
		{405DBEFF-87CB-4DED-98BF-8E5CE2B22F88}.Debug|x86.ActiveCfg = Debug|Any CPU
		{405DBEFF-87CB-4DED-98BF-8E5CE2B22F88}.Debug|x86.Build.0 = Debug|Any CPU
		{405DBEFF-87CB-4DED-98BF-8E5CE2B22F88}.Release|Any CPU.ActiveCfg = Release|Any CPU
		{405DBEFF-87CB-4DED-98BF-8E5CE2B22F88}.Release|Any CPU.Build.0 = Release|Any CPU
		{405DBEFF-87CB-4DED-98BF-8E5CE2B22F88}.Release|x64.ActiveCfg = Release|Any CPU
		{405DBEFF-87CB-4DED-98BF-8E5CE2B22F88}.Release|x64.Build.0 = Release|Any CPU
		{405DBEFF-87CB-4DED-98BF-8E5CE2B22F88}.Release|x86.ActiveCfg = Release|Any CPU
		{405DBEFF-87CB-4DED-98BF-8E5CE2B22F88}.Release|x86.Build.0 = Release|Any CPU
		{C63BEC52-3D53-43A1-BBCE-5A00FA27B471}.Debug|Any CPU.ActiveCfg = Debug|Any CPU
		{C63BEC52-3D53-43A1-BBCE-5A00FA27B471}.Debug|Any CPU.Build.0 = Debug|Any CPU
		{C63BEC52-3D53-43A1-BBCE-5A00FA27B471}.Debug|x64.ActiveCfg = Debug|Any CPU
		{C63BEC52-3D53-43A1-BBCE-5A00FA27B471}.Debug|x64.Build.0 = Debug|Any CPU
		{C63BEC52-3D53-43A1-BBCE-5A00FA27B471}.Debug|x86.ActiveCfg = Debug|Any CPU
		{C63BEC52-3D53-43A1-BBCE-5A00FA27B471}.Debug|x86.Build.0 = Debug|Any CPU
		{C63BEC52-3D53-43A1-BBCE-5A00FA27B471}.Release|Any CPU.ActiveCfg = Release|Any CPU
		{C63BEC52-3D53-43A1-BBCE-5A00FA27B471}.Release|Any CPU.Build.0 = Release|Any CPU
		{C63BEC52-3D53-43A1-BBCE-5A00FA27B471}.Release|x64.ActiveCfg = Release|Any CPU
		{C63BEC52-3D53-43A1-BBCE-5A00FA27B471}.Release|x64.Build.0 = Release|Any CPU
		{C63BEC52-3D53-43A1-BBCE-5A00FA27B471}.Release|x86.ActiveCfg = Release|Any CPU
		{C63BEC52-3D53-43A1-BBCE-5A00FA27B471}.Release|x86.Build.0 = Release|Any CPU
		{6C8385A7-A440-43AA-8968-EB2E688264BE}.Debug|Any CPU.ActiveCfg = Debug|Any CPU
		{6C8385A7-A440-43AA-8968-EB2E688264BE}.Debug|Any CPU.Build.0 = Debug|Any CPU
		{6C8385A7-A440-43AA-8968-EB2E688264BE}.Debug|x64.ActiveCfg = Debug|Any CPU
		{6C8385A7-A440-43AA-8968-EB2E688264BE}.Debug|x64.Build.0 = Debug|Any CPU
		{6C8385A7-A440-43AA-8968-EB2E688264BE}.Debug|x86.ActiveCfg = Debug|Any CPU
		{6C8385A7-A440-43AA-8968-EB2E688264BE}.Debug|x86.Build.0 = Debug|Any CPU
		{6C8385A7-A440-43AA-8968-EB2E688264BE}.Release|Any CPU.ActiveCfg = Release|Any CPU
		{6C8385A7-A440-43AA-8968-EB2E688264BE}.Release|Any CPU.Build.0 = Release|Any CPU
		{6C8385A7-A440-43AA-8968-EB2E688264BE}.Release|x64.ActiveCfg = Release|Any CPU
		{6C8385A7-A440-43AA-8968-EB2E688264BE}.Release|x64.Build.0 = Release|Any CPU
		{6C8385A7-A440-43AA-8968-EB2E688264BE}.Release|x86.ActiveCfg = Release|Any CPU
		{6C8385A7-A440-43AA-8968-EB2E688264BE}.Release|x86.Build.0 = Release|Any CPU
		{E190227D-1972-461F-92B6-911FE29A4F2C}.Debug|Any CPU.ActiveCfg = Debug|Any CPU
		{E190227D-1972-461F-92B6-911FE29A4F2C}.Debug|Any CPU.Build.0 = Debug|Any CPU
		{E190227D-1972-461F-92B6-911FE29A4F2C}.Debug|x64.ActiveCfg = Debug|Any CPU
		{E190227D-1972-461F-92B6-911FE29A4F2C}.Debug|x64.Build.0 = Debug|Any CPU
		{E190227D-1972-461F-92B6-911FE29A4F2C}.Debug|x86.ActiveCfg = Debug|Any CPU
		{E190227D-1972-461F-92B6-911FE29A4F2C}.Debug|x86.Build.0 = Debug|Any CPU
		{E190227D-1972-461F-92B6-911FE29A4F2C}.Release|Any CPU.ActiveCfg = Release|Any CPU
		{E190227D-1972-461F-92B6-911FE29A4F2C}.Release|Any CPU.Build.0 = Release|Any CPU
		{E190227D-1972-461F-92B6-911FE29A4F2C}.Release|x64.ActiveCfg = Release|Any CPU
		{E190227D-1972-461F-92B6-911FE29A4F2C}.Release|x64.Build.0 = Release|Any CPU
		{E190227D-1972-461F-92B6-911FE29A4F2C}.Release|x86.ActiveCfg = Release|Any CPU
		{E190227D-1972-461F-92B6-911FE29A4F2C}.Release|x86.Build.0 = Release|Any CPU
		{32ADE204-C231-4983-89A0-742DC2C45ABA}.Debug|Any CPU.ActiveCfg = Debug|Any CPU
		{32ADE204-C231-4983-89A0-742DC2C45ABA}.Debug|Any CPU.Build.0 = Debug|Any CPU
		{32ADE204-C231-4983-89A0-742DC2C45ABA}.Debug|x64.ActiveCfg = Debug|Any CPU
		{32ADE204-C231-4983-89A0-742DC2C45ABA}.Debug|x64.Build.0 = Debug|Any CPU
		{32ADE204-C231-4983-89A0-742DC2C45ABA}.Debug|x86.ActiveCfg = Debug|Any CPU
		{32ADE204-C231-4983-89A0-742DC2C45ABA}.Debug|x86.Build.0 = Debug|Any CPU
		{32ADE204-C231-4983-89A0-742DC2C45ABA}.Release|Any CPU.ActiveCfg = Release|Any CPU
		{32ADE204-C231-4983-89A0-742DC2C45ABA}.Release|Any CPU.Build.0 = Release|Any CPU
		{32ADE204-C231-4983-89A0-742DC2C45ABA}.Release|x64.ActiveCfg = Release|Any CPU
		{32ADE204-C231-4983-89A0-742DC2C45ABA}.Release|x64.Build.0 = Release|Any CPU
		{32ADE204-C231-4983-89A0-742DC2C45ABA}.Release|x86.ActiveCfg = Release|Any CPU
		{32ADE204-C231-4983-89A0-742DC2C45ABA}.Release|x86.Build.0 = Release|Any CPU
		{592422E2-4DC3-4977-846A-6ACBB7DBFD74}.Debug|Any CPU.ActiveCfg = Debug|Any CPU
		{592422E2-4DC3-4977-846A-6ACBB7DBFD74}.Debug|Any CPU.Build.0 = Debug|Any CPU
		{592422E2-4DC3-4977-846A-6ACBB7DBFD74}.Debug|x64.ActiveCfg = Debug|Any CPU
		{592422E2-4DC3-4977-846A-6ACBB7DBFD74}.Debug|x64.Build.0 = Debug|Any CPU
		{592422E2-4DC3-4977-846A-6ACBB7DBFD74}.Debug|x86.ActiveCfg = Debug|Any CPU
		{592422E2-4DC3-4977-846A-6ACBB7DBFD74}.Debug|x86.Build.0 = Debug|Any CPU
		{592422E2-4DC3-4977-846A-6ACBB7DBFD74}.Release|Any CPU.ActiveCfg = Release|Any CPU
		{592422E2-4DC3-4977-846A-6ACBB7DBFD74}.Release|Any CPU.Build.0 = Release|Any CPU
		{592422E2-4DC3-4977-846A-6ACBB7DBFD74}.Release|x64.ActiveCfg = Release|Any CPU
		{592422E2-4DC3-4977-846A-6ACBB7DBFD74}.Release|x64.Build.0 = Release|Any CPU
		{592422E2-4DC3-4977-846A-6ACBB7DBFD74}.Release|x86.ActiveCfg = Release|Any CPU
		{592422E2-4DC3-4977-846A-6ACBB7DBFD74}.Release|x86.Build.0 = Release|Any CPU
		{950CD637-464B-4484-9860-B0695D15870A}.Debug|Any CPU.ActiveCfg = Debug|Any CPU
		{950CD637-464B-4484-9860-B0695D15870A}.Debug|Any CPU.Build.0 = Debug|Any CPU
		{950CD637-464B-4484-9860-B0695D15870A}.Debug|x64.ActiveCfg = Debug|Any CPU
		{950CD637-464B-4484-9860-B0695D15870A}.Debug|x64.Build.0 = Debug|Any CPU
		{950CD637-464B-4484-9860-B0695D15870A}.Debug|x86.ActiveCfg = Debug|Any CPU
		{950CD637-464B-4484-9860-B0695D15870A}.Debug|x86.Build.0 = Debug|Any CPU
		{950CD637-464B-4484-9860-B0695D15870A}.Release|Any CPU.ActiveCfg = Release|Any CPU
		{950CD637-464B-4484-9860-B0695D15870A}.Release|Any CPU.Build.0 = Release|Any CPU
		{950CD637-464B-4484-9860-B0695D15870A}.Release|x64.ActiveCfg = Release|Any CPU
		{950CD637-464B-4484-9860-B0695D15870A}.Release|x64.Build.0 = Release|Any CPU
		{950CD637-464B-4484-9860-B0695D15870A}.Release|x86.ActiveCfg = Release|Any CPU
		{950CD637-464B-4484-9860-B0695D15870A}.Release|x86.Build.0 = Release|Any CPU
		{71A798AC-A2DF-4057-9560-A6FECA04053D}.Debug|Any CPU.ActiveCfg = Debug|Any CPU
		{71A798AC-A2DF-4057-9560-A6FECA04053D}.Debug|Any CPU.Build.0 = Debug|Any CPU
		{71A798AC-A2DF-4057-9560-A6FECA04053D}.Debug|x64.ActiveCfg = Debug|Any CPU
		{71A798AC-A2DF-4057-9560-A6FECA04053D}.Debug|x64.Build.0 = Debug|Any CPU
		{71A798AC-A2DF-4057-9560-A6FECA04053D}.Debug|x86.ActiveCfg = Debug|Any CPU
		{71A798AC-A2DF-4057-9560-A6FECA04053D}.Debug|x86.Build.0 = Debug|Any CPU
		{71A798AC-A2DF-4057-9560-A6FECA04053D}.Release|Any CPU.ActiveCfg = Release|Any CPU
		{71A798AC-A2DF-4057-9560-A6FECA04053D}.Release|Any CPU.Build.0 = Release|Any CPU
		{71A798AC-A2DF-4057-9560-A6FECA04053D}.Release|x64.ActiveCfg = Release|Any CPU
		{71A798AC-A2DF-4057-9560-A6FECA04053D}.Release|x64.Build.0 = Release|Any CPU
		{71A798AC-A2DF-4057-9560-A6FECA04053D}.Release|x86.ActiveCfg = Release|Any CPU
		{71A798AC-A2DF-4057-9560-A6FECA04053D}.Release|x86.Build.0 = Release|Any CPU
		{D18E5882-9ABD-4D91-B9B4-F338F64964EA}.Debug|Any CPU.ActiveCfg = Debug|Any CPU
		{D18E5882-9ABD-4D91-B9B4-F338F64964EA}.Debug|Any CPU.Build.0 = Debug|Any CPU
		{D18E5882-9ABD-4D91-B9B4-F338F64964EA}.Debug|x64.ActiveCfg = Debug|Any CPU
		{D18E5882-9ABD-4D91-B9B4-F338F64964EA}.Debug|x64.Build.0 = Debug|Any CPU
		{D18E5882-9ABD-4D91-B9B4-F338F64964EA}.Debug|x86.ActiveCfg = Debug|Any CPU
		{D18E5882-9ABD-4D91-B9B4-F338F64964EA}.Debug|x86.Build.0 = Debug|Any CPU
		{D18E5882-9ABD-4D91-B9B4-F338F64964EA}.Release|Any CPU.ActiveCfg = Release|Any CPU
		{D18E5882-9ABD-4D91-B9B4-F338F64964EA}.Release|Any CPU.Build.0 = Release|Any CPU
		{D18E5882-9ABD-4D91-B9B4-F338F64964EA}.Release|x64.ActiveCfg = Release|Any CPU
		{D18E5882-9ABD-4D91-B9B4-F338F64964EA}.Release|x64.Build.0 = Release|Any CPU
		{D18E5882-9ABD-4D91-B9B4-F338F64964EA}.Release|x86.ActiveCfg = Release|Any CPU
		{D18E5882-9ABD-4D91-B9B4-F338F64964EA}.Release|x86.Build.0 = Release|Any CPU
		{4FBD0036-2122-40B0-ABB6-6DF1637D3A73}.Debug|Any CPU.ActiveCfg = Debug|Any CPU
		{4FBD0036-2122-40B0-ABB6-6DF1637D3A73}.Debug|Any CPU.Build.0 = Debug|Any CPU
		{4FBD0036-2122-40B0-ABB6-6DF1637D3A73}.Debug|x64.ActiveCfg = Debug|Any CPU
		{4FBD0036-2122-40B0-ABB6-6DF1637D3A73}.Debug|x64.Build.0 = Debug|Any CPU
		{4FBD0036-2122-40B0-ABB6-6DF1637D3A73}.Debug|x86.ActiveCfg = Debug|Any CPU
		{4FBD0036-2122-40B0-ABB6-6DF1637D3A73}.Debug|x86.Build.0 = Debug|Any CPU
		{4FBD0036-2122-40B0-ABB6-6DF1637D3A73}.Release|Any CPU.ActiveCfg = Release|Any CPU
		{4FBD0036-2122-40B0-ABB6-6DF1637D3A73}.Release|Any CPU.Build.0 = Release|Any CPU
		{4FBD0036-2122-40B0-ABB6-6DF1637D3A73}.Release|x64.ActiveCfg = Release|Any CPU
		{4FBD0036-2122-40B0-ABB6-6DF1637D3A73}.Release|x64.Build.0 = Release|Any CPU
		{4FBD0036-2122-40B0-ABB6-6DF1637D3A73}.Release|x86.ActiveCfg = Release|Any CPU
		{4FBD0036-2122-40B0-ABB6-6DF1637D3A73}.Release|x86.Build.0 = Release|Any CPU
		{C991D897-BE81-4ABF-BF47-25A69A5F348B}.Debug|Any CPU.ActiveCfg = Debug|Any CPU
		{C991D897-BE81-4ABF-BF47-25A69A5F348B}.Debug|Any CPU.Build.0 = Debug|Any CPU
		{C991D897-BE81-4ABF-BF47-25A69A5F348B}.Debug|x64.ActiveCfg = Debug|Any CPU
		{C991D897-BE81-4ABF-BF47-25A69A5F348B}.Debug|x64.Build.0 = Debug|Any CPU
		{C991D897-BE81-4ABF-BF47-25A69A5F348B}.Debug|x86.ActiveCfg = Debug|Any CPU
		{C991D897-BE81-4ABF-BF47-25A69A5F348B}.Debug|x86.Build.0 = Debug|Any CPU
		{C991D897-BE81-4ABF-BF47-25A69A5F348B}.Release|Any CPU.ActiveCfg = Release|Any CPU
		{C991D897-BE81-4ABF-BF47-25A69A5F348B}.Release|Any CPU.Build.0 = Release|Any CPU
		{C991D897-BE81-4ABF-BF47-25A69A5F348B}.Release|x64.ActiveCfg = Release|Any CPU
		{C991D897-BE81-4ABF-BF47-25A69A5F348B}.Release|x64.Build.0 = Release|Any CPU
		{C991D897-BE81-4ABF-BF47-25A69A5F348B}.Release|x86.ActiveCfg = Release|Any CPU
		{C991D897-BE81-4ABF-BF47-25A69A5F348B}.Release|x86.Build.0 = Release|Any CPU
		{F0FFBEA8-C94F-4684-B55C-1B75B6BEB40F}.Debug|Any CPU.ActiveCfg = Debug|Any CPU
		{F0FFBEA8-C94F-4684-B55C-1B75B6BEB40F}.Debug|Any CPU.Build.0 = Debug|Any CPU
		{F0FFBEA8-C94F-4684-B55C-1B75B6BEB40F}.Debug|x64.ActiveCfg = Debug|Any CPU
		{F0FFBEA8-C94F-4684-B55C-1B75B6BEB40F}.Debug|x64.Build.0 = Debug|Any CPU
		{F0FFBEA8-C94F-4684-B55C-1B75B6BEB40F}.Debug|x86.ActiveCfg = Debug|Any CPU
		{F0FFBEA8-C94F-4684-B55C-1B75B6BEB40F}.Debug|x86.Build.0 = Debug|Any CPU
		{F0FFBEA8-C94F-4684-B55C-1B75B6BEB40F}.Release|Any CPU.ActiveCfg = Release|Any CPU
		{F0FFBEA8-C94F-4684-B55C-1B75B6BEB40F}.Release|Any CPU.Build.0 = Release|Any CPU
		{F0FFBEA8-C94F-4684-B55C-1B75B6BEB40F}.Release|x64.ActiveCfg = Release|Any CPU
		{F0FFBEA8-C94F-4684-B55C-1B75B6BEB40F}.Release|x64.Build.0 = Release|Any CPU
		{F0FFBEA8-C94F-4684-B55C-1B75B6BEB40F}.Release|x86.ActiveCfg = Release|Any CPU
		{F0FFBEA8-C94F-4684-B55C-1B75B6BEB40F}.Release|x86.Build.0 = Release|Any CPU
		{02730380-EED9-4E18-BEF7-0445D98A4290}.Debug|Any CPU.ActiveCfg = Debug|Any CPU
		{02730380-EED9-4E18-BEF7-0445D98A4290}.Debug|Any CPU.Build.0 = Debug|Any CPU
		{02730380-EED9-4E18-BEF7-0445D98A4290}.Debug|x64.ActiveCfg = Debug|Any CPU
		{02730380-EED9-4E18-BEF7-0445D98A4290}.Debug|x64.Build.0 = Debug|Any CPU
		{02730380-EED9-4E18-BEF7-0445D98A4290}.Debug|x86.ActiveCfg = Debug|Any CPU
		{02730380-EED9-4E18-BEF7-0445D98A4290}.Debug|x86.Build.0 = Debug|Any CPU
		{02730380-EED9-4E18-BEF7-0445D98A4290}.Release|Any CPU.ActiveCfg = Release|Any CPU
		{02730380-EED9-4E18-BEF7-0445D98A4290}.Release|Any CPU.Build.0 = Release|Any CPU
		{02730380-EED9-4E18-BEF7-0445D98A4290}.Release|x64.ActiveCfg = Release|Any CPU
		{02730380-EED9-4E18-BEF7-0445D98A4290}.Release|x64.Build.0 = Release|Any CPU
		{02730380-EED9-4E18-BEF7-0445D98A4290}.Release|x86.ActiveCfg = Release|Any CPU
		{02730380-EED9-4E18-BEF7-0445D98A4290}.Release|x86.Build.0 = Release|Any CPU
		{CAEAAF67-B7B1-4741-94D9-EA7D7789EB5A}.Debug|Any CPU.ActiveCfg = Debug|Any CPU
		{CAEAAF67-B7B1-4741-94D9-EA7D7789EB5A}.Debug|Any CPU.Build.0 = Debug|Any CPU
		{CAEAAF67-B7B1-4741-94D9-EA7D7789EB5A}.Debug|x64.ActiveCfg = Debug|Any CPU
		{CAEAAF67-B7B1-4741-94D9-EA7D7789EB5A}.Debug|x64.Build.0 = Debug|Any CPU
		{CAEAAF67-B7B1-4741-94D9-EA7D7789EB5A}.Debug|x86.ActiveCfg = Debug|Any CPU
		{CAEAAF67-B7B1-4741-94D9-EA7D7789EB5A}.Debug|x86.Build.0 = Debug|Any CPU
		{CAEAAF67-B7B1-4741-94D9-EA7D7789EB5A}.Release|Any CPU.ActiveCfg = Release|Any CPU
		{CAEAAF67-B7B1-4741-94D9-EA7D7789EB5A}.Release|Any CPU.Build.0 = Release|Any CPU
		{CAEAAF67-B7B1-4741-94D9-EA7D7789EB5A}.Release|x64.ActiveCfg = Release|Any CPU
		{CAEAAF67-B7B1-4741-94D9-EA7D7789EB5A}.Release|x64.Build.0 = Release|Any CPU
		{CAEAAF67-B7B1-4741-94D9-EA7D7789EB5A}.Release|x86.ActiveCfg = Release|Any CPU
		{CAEAAF67-B7B1-4741-94D9-EA7D7789EB5A}.Release|x86.Build.0 = Release|Any CPU
		{9412DDBA-34EB-42B3-834D-A88BC2C672A7}.Debug|Any CPU.ActiveCfg = Debug|Any CPU
		{9412DDBA-34EB-42B3-834D-A88BC2C672A7}.Debug|Any CPU.Build.0 = Debug|Any CPU
		{9412DDBA-34EB-42B3-834D-A88BC2C672A7}.Debug|x64.ActiveCfg = Debug|Any CPU
		{9412DDBA-34EB-42B3-834D-A88BC2C672A7}.Debug|x64.Build.0 = Debug|Any CPU
		{9412DDBA-34EB-42B3-834D-A88BC2C672A7}.Debug|x86.ActiveCfg = Debug|Any CPU
		{9412DDBA-34EB-42B3-834D-A88BC2C672A7}.Debug|x86.Build.0 = Debug|Any CPU
		{9412DDBA-34EB-42B3-834D-A88BC2C672A7}.Release|Any CPU.ActiveCfg = Release|Any CPU
		{9412DDBA-34EB-42B3-834D-A88BC2C672A7}.Release|Any CPU.Build.0 = Release|Any CPU
		{9412DDBA-34EB-42B3-834D-A88BC2C672A7}.Release|x64.ActiveCfg = Release|Any CPU
		{9412DDBA-34EB-42B3-834D-A88BC2C672A7}.Release|x64.Build.0 = Release|Any CPU
		{9412DDBA-34EB-42B3-834D-A88BC2C672A7}.Release|x86.ActiveCfg = Release|Any CPU
		{9412DDBA-34EB-42B3-834D-A88BC2C672A7}.Release|x86.Build.0 = Release|Any CPU
		{AC899BBA-ED2B-0648-C935-A3536CF3B379}.Debug|Any CPU.ActiveCfg = Debug|Any CPU
		{AC899BBA-ED2B-0648-C935-A3536CF3B379}.Debug|Any CPU.Build.0 = Debug|Any CPU
		{AC899BBA-ED2B-0648-C935-A3536CF3B379}.Debug|x64.ActiveCfg = Debug|Any CPU
		{AC899BBA-ED2B-0648-C935-A3536CF3B379}.Debug|x64.Build.0 = Debug|Any CPU
		{AC899BBA-ED2B-0648-C935-A3536CF3B379}.Debug|x86.ActiveCfg = Debug|Any CPU
		{AC899BBA-ED2B-0648-C935-A3536CF3B379}.Debug|x86.Build.0 = Debug|Any CPU
		{AC899BBA-ED2B-0648-C935-A3536CF3B379}.Release|Any CPU.ActiveCfg = Release|Any CPU
		{AC899BBA-ED2B-0648-C935-A3536CF3B379}.Release|Any CPU.Build.0 = Release|Any CPU
		{AC899BBA-ED2B-0648-C935-A3536CF3B379}.Release|x64.ActiveCfg = Release|Any CPU
		{AC899BBA-ED2B-0648-C935-A3536CF3B379}.Release|x64.Build.0 = Release|Any CPU
		{AC899BBA-ED2B-0648-C935-A3536CF3B379}.Release|x86.ActiveCfg = Release|Any CPU
		{AC899BBA-ED2B-0648-C935-A3536CF3B379}.Release|x86.Build.0 = Release|Any CPU
		{BD5BD7A0-B8E3-CBD1-2F97-8AA0383C6188}.Debug|Any CPU.ActiveCfg = Debug|Any CPU
		{BD5BD7A0-B8E3-CBD1-2F97-8AA0383C6188}.Debug|Any CPU.Build.0 = Debug|Any CPU
		{BD5BD7A0-B8E3-CBD1-2F97-8AA0383C6188}.Debug|x64.ActiveCfg = Debug|Any CPU
		{BD5BD7A0-B8E3-CBD1-2F97-8AA0383C6188}.Debug|x64.Build.0 = Debug|Any CPU
		{BD5BD7A0-B8E3-CBD1-2F97-8AA0383C6188}.Debug|x86.ActiveCfg = Debug|Any CPU
		{BD5BD7A0-B8E3-CBD1-2F97-8AA0383C6188}.Debug|x86.Build.0 = Debug|Any CPU
		{BD5BD7A0-B8E3-CBD1-2F97-8AA0383C6188}.Release|Any CPU.ActiveCfg = Release|Any CPU
		{BD5BD7A0-B8E3-CBD1-2F97-8AA0383C6188}.Release|Any CPU.Build.0 = Release|Any CPU
		{BD5BD7A0-B8E3-CBD1-2F97-8AA0383C6188}.Release|x64.ActiveCfg = Release|Any CPU
		{BD5BD7A0-B8E3-CBD1-2F97-8AA0383C6188}.Release|x64.Build.0 = Release|Any CPU
		{BD5BD7A0-B8E3-CBD1-2F97-8AA0383C6188}.Release|x86.ActiveCfg = Release|Any CPU
		{BD5BD7A0-B8E3-CBD1-2F97-8AA0383C6188}.Release|x86.Build.0 = Release|Any CPU
		{FA94DF3C-B8C2-415A-9488-32C2DB2DFD36}.Debug|Any CPU.ActiveCfg = Debug|Any CPU
		{FA94DF3C-B8C2-415A-9488-32C2DB2DFD36}.Debug|Any CPU.Build.0 = Debug|Any CPU
		{FA94DF3C-B8C2-415A-9488-32C2DB2DFD36}.Debug|x64.ActiveCfg = Debug|Any CPU
		{FA94DF3C-B8C2-415A-9488-32C2DB2DFD36}.Debug|x64.Build.0 = Debug|Any CPU
		{FA94DF3C-B8C2-415A-9488-32C2DB2DFD36}.Debug|x86.ActiveCfg = Debug|Any CPU
		{FA94DF3C-B8C2-415A-9488-32C2DB2DFD36}.Debug|x86.Build.0 = Debug|Any CPU
		{FA94DF3C-B8C2-415A-9488-32C2DB2DFD36}.Release|Any CPU.ActiveCfg = Release|Any CPU
		{FA94DF3C-B8C2-415A-9488-32C2DB2DFD36}.Release|Any CPU.Build.0 = Release|Any CPU
		{FA94DF3C-B8C2-415A-9488-32C2DB2DFD36}.Release|x64.ActiveCfg = Release|Any CPU
		{FA94DF3C-B8C2-415A-9488-32C2DB2DFD36}.Release|x64.Build.0 = Release|Any CPU
		{FA94DF3C-B8C2-415A-9488-32C2DB2DFD36}.Release|x86.ActiveCfg = Release|Any CPU
		{FA94DF3C-B8C2-415A-9488-32C2DB2DFD36}.Release|x86.Build.0 = Release|Any CPU
		{41C73274-83E8-4030-98EB-A504E85B30C7}.Debug|Any CPU.ActiveCfg = Debug|Any CPU
		{41C73274-83E8-4030-98EB-A504E85B30C7}.Debug|Any CPU.Build.0 = Debug|Any CPU
		{41C73274-83E8-4030-98EB-A504E85B30C7}.Debug|x64.ActiveCfg = Debug|Any CPU
		{41C73274-83E8-4030-98EB-A504E85B30C7}.Debug|x64.Build.0 = Debug|Any CPU
		{41C73274-83E8-4030-98EB-A504E85B30C7}.Debug|x86.ActiveCfg = Debug|Any CPU
		{41C73274-83E8-4030-98EB-A504E85B30C7}.Debug|x86.Build.0 = Debug|Any CPU
		{41C73274-83E8-4030-98EB-A504E85B30C7}.Release|Any CPU.ActiveCfg = Release|Any CPU
		{41C73274-83E8-4030-98EB-A504E85B30C7}.Release|Any CPU.Build.0 = Release|Any CPU
		{41C73274-83E8-4030-98EB-A504E85B30C7}.Release|x64.ActiveCfg = Release|Any CPU
		{41C73274-83E8-4030-98EB-A504E85B30C7}.Release|x64.Build.0 = Release|Any CPU
		{41C73274-83E8-4030-98EB-A504E85B30C7}.Release|x86.ActiveCfg = Release|Any CPU
		{41C73274-83E8-4030-98EB-A504E85B30C7}.Release|x86.Build.0 = Release|Any CPU
		{4BA3F4A0-2837-43BB-915C-89AAF5C0E326}.Debug|Any CPU.ActiveCfg = Debug|Any CPU
		{4BA3F4A0-2837-43BB-915C-89AAF5C0E326}.Debug|Any CPU.Build.0 = Debug|Any CPU
		{4BA3F4A0-2837-43BB-915C-89AAF5C0E326}.Debug|x64.ActiveCfg = Debug|Any CPU
		{4BA3F4A0-2837-43BB-915C-89AAF5C0E326}.Debug|x64.Build.0 = Debug|Any CPU
		{4BA3F4A0-2837-43BB-915C-89AAF5C0E326}.Debug|x86.ActiveCfg = Debug|Any CPU
		{4BA3F4A0-2837-43BB-915C-89AAF5C0E326}.Debug|x86.Build.0 = Debug|Any CPU
		{4BA3F4A0-2837-43BB-915C-89AAF5C0E326}.Release|Any CPU.ActiveCfg = Release|Any CPU
		{4BA3F4A0-2837-43BB-915C-89AAF5C0E326}.Release|Any CPU.Build.0 = Release|Any CPU
		{4BA3F4A0-2837-43BB-915C-89AAF5C0E326}.Release|x64.ActiveCfg = Release|Any CPU
		{4BA3F4A0-2837-43BB-915C-89AAF5C0E326}.Release|x64.Build.0 = Release|Any CPU
		{4BA3F4A0-2837-43BB-915C-89AAF5C0E326}.Release|x86.ActiveCfg = Release|Any CPU
		{4BA3F4A0-2837-43BB-915C-89AAF5C0E326}.Release|x86.Build.0 = Release|Any CPU
		{FB74C59D-8BD9-42B1-A1FE-F9E9CB7D9881}.Debug|Any CPU.ActiveCfg = Debug|Any CPU
		{FB74C59D-8BD9-42B1-A1FE-F9E9CB7D9881}.Debug|Any CPU.Build.0 = Debug|Any CPU
		{FB74C59D-8BD9-42B1-A1FE-F9E9CB7D9881}.Debug|x64.ActiveCfg = Debug|Any CPU
		{FB74C59D-8BD9-42B1-A1FE-F9E9CB7D9881}.Debug|x64.Build.0 = Debug|Any CPU
		{FB74C59D-8BD9-42B1-A1FE-F9E9CB7D9881}.Debug|x86.ActiveCfg = Debug|Any CPU
		{FB74C59D-8BD9-42B1-A1FE-F9E9CB7D9881}.Debug|x86.Build.0 = Debug|Any CPU
		{FB74C59D-8BD9-42B1-A1FE-F9E9CB7D9881}.Release|Any CPU.ActiveCfg = Release|Any CPU
		{FB74C59D-8BD9-42B1-A1FE-F9E9CB7D9881}.Release|Any CPU.Build.0 = Release|Any CPU
		{FB74C59D-8BD9-42B1-A1FE-F9E9CB7D9881}.Release|x64.ActiveCfg = Release|Any CPU
		{FB74C59D-8BD9-42B1-A1FE-F9E9CB7D9881}.Release|x64.Build.0 = Release|Any CPU
		{FB74C59D-8BD9-42B1-A1FE-F9E9CB7D9881}.Release|x86.ActiveCfg = Release|Any CPU
		{FB74C59D-8BD9-42B1-A1FE-F9E9CB7D9881}.Release|x86.Build.0 = Release|Any CPU
		{57EBA111-E961-4822-9FCD-B1DB6922F249}.Debug|Any CPU.ActiveCfg = Debug|Any CPU
		{57EBA111-E961-4822-9FCD-B1DB6922F249}.Debug|Any CPU.Build.0 = Debug|Any CPU
		{57EBA111-E961-4822-9FCD-B1DB6922F249}.Debug|x64.ActiveCfg = Debug|Any CPU
		{57EBA111-E961-4822-9FCD-B1DB6922F249}.Debug|x64.Build.0 = Debug|Any CPU
		{57EBA111-E961-4822-9FCD-B1DB6922F249}.Debug|x86.ActiveCfg = Debug|Any CPU
		{57EBA111-E961-4822-9FCD-B1DB6922F249}.Debug|x86.Build.0 = Debug|Any CPU
		{57EBA111-E961-4822-9FCD-B1DB6922F249}.Release|Any CPU.ActiveCfg = Release|Any CPU
		{57EBA111-E961-4822-9FCD-B1DB6922F249}.Release|Any CPU.Build.0 = Release|Any CPU
		{57EBA111-E961-4822-9FCD-B1DB6922F249}.Release|x64.ActiveCfg = Release|Any CPU
		{57EBA111-E961-4822-9FCD-B1DB6922F249}.Release|x64.Build.0 = Release|Any CPU
		{57EBA111-E961-4822-9FCD-B1DB6922F249}.Release|x86.ActiveCfg = Release|Any CPU
		{57EBA111-E961-4822-9FCD-B1DB6922F249}.Release|x86.Build.0 = Release|Any CPU
		{2EBFA04C-87AA-438C-B43D-A9B3FCD700B3}.Debug|Any CPU.ActiveCfg = Debug|Any CPU
		{2EBFA04C-87AA-438C-B43D-A9B3FCD700B3}.Debug|Any CPU.Build.0 = Debug|Any CPU
		{2EBFA04C-87AA-438C-B43D-A9B3FCD700B3}.Debug|x64.ActiveCfg = Debug|Any CPU
		{2EBFA04C-87AA-438C-B43D-A9B3FCD700B3}.Debug|x64.Build.0 = Debug|Any CPU
		{2EBFA04C-87AA-438C-B43D-A9B3FCD700B3}.Debug|x86.ActiveCfg = Debug|Any CPU
		{2EBFA04C-87AA-438C-B43D-A9B3FCD700B3}.Debug|x86.Build.0 = Debug|Any CPU
		{2EBFA04C-87AA-438C-B43D-A9B3FCD700B3}.Release|Any CPU.ActiveCfg = Release|Any CPU
		{2EBFA04C-87AA-438C-B43D-A9B3FCD700B3}.Release|Any CPU.Build.0 = Release|Any CPU
		{2EBFA04C-87AA-438C-B43D-A9B3FCD700B3}.Release|x64.ActiveCfg = Release|Any CPU
		{2EBFA04C-87AA-438C-B43D-A9B3FCD700B3}.Release|x64.Build.0 = Release|Any CPU
		{2EBFA04C-87AA-438C-B43D-A9B3FCD700B3}.Release|x86.ActiveCfg = Release|Any CPU
		{2EBFA04C-87AA-438C-B43D-A9B3FCD700B3}.Release|x86.Build.0 = Release|Any CPU
		{272A159D-3DC9-4600-8317-792F7FE1FF0F}.Debug|Any CPU.ActiveCfg = Debug|Any CPU
		{272A159D-3DC9-4600-8317-792F7FE1FF0F}.Debug|Any CPU.Build.0 = Debug|Any CPU
		{272A159D-3DC9-4600-8317-792F7FE1FF0F}.Debug|x64.ActiveCfg = Debug|Any CPU
		{272A159D-3DC9-4600-8317-792F7FE1FF0F}.Debug|x64.Build.0 = Debug|Any CPU
		{272A159D-3DC9-4600-8317-792F7FE1FF0F}.Debug|x86.ActiveCfg = Debug|Any CPU
		{272A159D-3DC9-4600-8317-792F7FE1FF0F}.Debug|x86.Build.0 = Debug|Any CPU
		{272A159D-3DC9-4600-8317-792F7FE1FF0F}.Release|Any CPU.ActiveCfg = Release|Any CPU
		{272A159D-3DC9-4600-8317-792F7FE1FF0F}.Release|Any CPU.Build.0 = Release|Any CPU
		{272A159D-3DC9-4600-8317-792F7FE1FF0F}.Release|x64.ActiveCfg = Release|Any CPU
		{272A159D-3DC9-4600-8317-792F7FE1FF0F}.Release|x64.Build.0 = Release|Any CPU
		{272A159D-3DC9-4600-8317-792F7FE1FF0F}.Release|x86.ActiveCfg = Release|Any CPU
		{272A159D-3DC9-4600-8317-792F7FE1FF0F}.Release|x86.Build.0 = Release|Any CPU
		{B943B558-4C90-4DF1-88B0-139BB4C08BCE}.Debug|Any CPU.ActiveCfg = Debug|Any CPU
		{B943B558-4C90-4DF1-88B0-139BB4C08BCE}.Debug|Any CPU.Build.0 = Debug|Any CPU
		{B943B558-4C90-4DF1-88B0-139BB4C08BCE}.Debug|x64.ActiveCfg = Debug|Any CPU
		{B943B558-4C90-4DF1-88B0-139BB4C08BCE}.Debug|x64.Build.0 = Debug|Any CPU
		{B943B558-4C90-4DF1-88B0-139BB4C08BCE}.Debug|x86.ActiveCfg = Debug|Any CPU
		{B943B558-4C90-4DF1-88B0-139BB4C08BCE}.Debug|x86.Build.0 = Debug|Any CPU
		{B943B558-4C90-4DF1-88B0-139BB4C08BCE}.Release|Any CPU.ActiveCfg = Release|Any CPU
		{B943B558-4C90-4DF1-88B0-139BB4C08BCE}.Release|Any CPU.Build.0 = Release|Any CPU
		{B943B558-4C90-4DF1-88B0-139BB4C08BCE}.Release|x64.ActiveCfg = Release|Any CPU
		{B943B558-4C90-4DF1-88B0-139BB4C08BCE}.Release|x64.Build.0 = Release|Any CPU
		{B943B558-4C90-4DF1-88B0-139BB4C08BCE}.Release|x86.ActiveCfg = Release|Any CPU
		{B943B558-4C90-4DF1-88B0-139BB4C08BCE}.Release|x86.Build.0 = Release|Any CPU
		{E52693F8-578E-4E65-ACAB-0EA83B338660}.Debug|Any CPU.ActiveCfg = Debug|Any CPU
		{E52693F8-578E-4E65-ACAB-0EA83B338660}.Debug|Any CPU.Build.0 = Debug|Any CPU
		{E52693F8-578E-4E65-ACAB-0EA83B338660}.Debug|x64.ActiveCfg = Debug|Any CPU
		{E52693F8-578E-4E65-ACAB-0EA83B338660}.Debug|x64.Build.0 = Debug|Any CPU
		{E52693F8-578E-4E65-ACAB-0EA83B338660}.Debug|x86.ActiveCfg = Debug|Any CPU
		{E52693F8-578E-4E65-ACAB-0EA83B338660}.Debug|x86.Build.0 = Debug|Any CPU
		{E52693F8-578E-4E65-ACAB-0EA83B338660}.Release|Any CPU.ActiveCfg = Release|Any CPU
		{E52693F8-578E-4E65-ACAB-0EA83B338660}.Release|Any CPU.Build.0 = Release|Any CPU
		{E52693F8-578E-4E65-ACAB-0EA83B338660}.Release|x64.ActiveCfg = Release|Any CPU
		{E52693F8-578E-4E65-ACAB-0EA83B338660}.Release|x64.Build.0 = Release|Any CPU
		{E52693F8-578E-4E65-ACAB-0EA83B338660}.Release|x86.ActiveCfg = Release|Any CPU
		{E52693F8-578E-4E65-ACAB-0EA83B338660}.Release|x86.Build.0 = Release|Any CPU
		{345ADE8D-ED1D-4F27-B1FB-0E7A214612E5}.Debug|Any CPU.ActiveCfg = Debug|Any CPU
		{345ADE8D-ED1D-4F27-B1FB-0E7A214612E5}.Debug|Any CPU.Build.0 = Debug|Any CPU
		{345ADE8D-ED1D-4F27-B1FB-0E7A214612E5}.Debug|x64.ActiveCfg = Debug|Any CPU
		{345ADE8D-ED1D-4F27-B1FB-0E7A214612E5}.Debug|x64.Build.0 = Debug|Any CPU
		{345ADE8D-ED1D-4F27-B1FB-0E7A214612E5}.Debug|x86.ActiveCfg = Debug|Any CPU
		{345ADE8D-ED1D-4F27-B1FB-0E7A214612E5}.Debug|x86.Build.0 = Debug|Any CPU
		{345ADE8D-ED1D-4F27-B1FB-0E7A214612E5}.Release|Any CPU.ActiveCfg = Release|Any CPU
		{345ADE8D-ED1D-4F27-B1FB-0E7A214612E5}.Release|Any CPU.Build.0 = Release|Any CPU
		{345ADE8D-ED1D-4F27-B1FB-0E7A214612E5}.Release|x64.ActiveCfg = Release|Any CPU
		{345ADE8D-ED1D-4F27-B1FB-0E7A214612E5}.Release|x64.Build.0 = Release|Any CPU
		{345ADE8D-ED1D-4F27-B1FB-0E7A214612E5}.Release|x86.ActiveCfg = Release|Any CPU
		{345ADE8D-ED1D-4F27-B1FB-0E7A214612E5}.Release|x86.Build.0 = Release|Any CPU
		{F8D79A80-7286-444E-9708-1DEDE798EEBD}.Debug|Any CPU.ActiveCfg = Debug|Any CPU
		{F8D79A80-7286-444E-9708-1DEDE798EEBD}.Debug|Any CPU.Build.0 = Debug|Any CPU
		{F8D79A80-7286-444E-9708-1DEDE798EEBD}.Debug|x64.ActiveCfg = Debug|Any CPU
		{F8D79A80-7286-444E-9708-1DEDE798EEBD}.Debug|x64.Build.0 = Debug|Any CPU
		{F8D79A80-7286-444E-9708-1DEDE798EEBD}.Debug|x86.ActiveCfg = Debug|Any CPU
		{F8D79A80-7286-444E-9708-1DEDE798EEBD}.Debug|x86.Build.0 = Debug|Any CPU
		{F8D79A80-7286-444E-9708-1DEDE798EEBD}.Release|Any CPU.ActiveCfg = Release|Any CPU
		{F8D79A80-7286-444E-9708-1DEDE798EEBD}.Release|Any CPU.Build.0 = Release|Any CPU
		{F8D79A80-7286-444E-9708-1DEDE798EEBD}.Release|x64.ActiveCfg = Release|Any CPU
		{F8D79A80-7286-444E-9708-1DEDE798EEBD}.Release|x64.Build.0 = Release|Any CPU
		{F8D79A80-7286-444E-9708-1DEDE798EEBD}.Release|x86.ActiveCfg = Release|Any CPU
		{F8D79A80-7286-444E-9708-1DEDE798EEBD}.Release|x86.Build.0 = Release|Any CPU
		{2465EDA0-5EF2-42A8-B111-4DD706A84019}.Debug|Any CPU.ActiveCfg = Debug|Any CPU
		{2465EDA0-5EF2-42A8-B111-4DD706A84019}.Debug|Any CPU.Build.0 = Debug|Any CPU
		{2465EDA0-5EF2-42A8-B111-4DD706A84019}.Debug|x64.ActiveCfg = Debug|Any CPU
		{2465EDA0-5EF2-42A8-B111-4DD706A84019}.Debug|x64.Build.0 = Debug|Any CPU
		{2465EDA0-5EF2-42A8-B111-4DD706A84019}.Debug|x86.ActiveCfg = Debug|Any CPU
		{2465EDA0-5EF2-42A8-B111-4DD706A84019}.Debug|x86.Build.0 = Debug|Any CPU
		{2465EDA0-5EF2-42A8-B111-4DD706A84019}.Release|Any CPU.ActiveCfg = Release|Any CPU
		{2465EDA0-5EF2-42A8-B111-4DD706A84019}.Release|Any CPU.Build.0 = Release|Any CPU
		{2465EDA0-5EF2-42A8-B111-4DD706A84019}.Release|x64.ActiveCfg = Release|Any CPU
		{2465EDA0-5EF2-42A8-B111-4DD706A84019}.Release|x64.Build.0 = Release|Any CPU
		{2465EDA0-5EF2-42A8-B111-4DD706A84019}.Release|x86.ActiveCfg = Release|Any CPU
		{2465EDA0-5EF2-42A8-B111-4DD706A84019}.Release|x86.Build.0 = Release|Any CPU
		{999CDBFB-F47C-454C-AAFE-1A2091B2BEB8}.Debug|Any CPU.ActiveCfg = Debug|Any CPU
		{999CDBFB-F47C-454C-AAFE-1A2091B2BEB8}.Debug|Any CPU.Build.0 = Debug|Any CPU
		{999CDBFB-F47C-454C-AAFE-1A2091B2BEB8}.Debug|x64.ActiveCfg = Debug|Any CPU
		{999CDBFB-F47C-454C-AAFE-1A2091B2BEB8}.Debug|x64.Build.0 = Debug|Any CPU
		{999CDBFB-F47C-454C-AAFE-1A2091B2BEB8}.Debug|x86.ActiveCfg = Debug|Any CPU
		{999CDBFB-F47C-454C-AAFE-1A2091B2BEB8}.Debug|x86.Build.0 = Debug|Any CPU
		{999CDBFB-F47C-454C-AAFE-1A2091B2BEB8}.Release|Any CPU.ActiveCfg = Release|Any CPU
		{999CDBFB-F47C-454C-AAFE-1A2091B2BEB8}.Release|Any CPU.Build.0 = Release|Any CPU
		{999CDBFB-F47C-454C-AAFE-1A2091B2BEB8}.Release|x64.ActiveCfg = Release|Any CPU
		{999CDBFB-F47C-454C-AAFE-1A2091B2BEB8}.Release|x64.Build.0 = Release|Any CPU
		{999CDBFB-F47C-454C-AAFE-1A2091B2BEB8}.Release|x86.ActiveCfg = Release|Any CPU
		{999CDBFB-F47C-454C-AAFE-1A2091B2BEB8}.Release|x86.Build.0 = Release|Any CPU
		{BAA525F0-14AF-41B6-8BF0-792D08834952}.Debug|Any CPU.ActiveCfg = Debug|Any CPU
		{BAA525F0-14AF-41B6-8BF0-792D08834952}.Debug|Any CPU.Build.0 = Debug|Any CPU
		{BAA525F0-14AF-41B6-8BF0-792D08834952}.Debug|x64.ActiveCfg = Debug|Any CPU
		{BAA525F0-14AF-41B6-8BF0-792D08834952}.Debug|x64.Build.0 = Debug|Any CPU
		{BAA525F0-14AF-41B6-8BF0-792D08834952}.Debug|x86.ActiveCfg = Debug|Any CPU
		{BAA525F0-14AF-41B6-8BF0-792D08834952}.Debug|x86.Build.0 = Debug|Any CPU
		{BAA525F0-14AF-41B6-8BF0-792D08834952}.Release|Any CPU.ActiveCfg = Release|Any CPU
		{BAA525F0-14AF-41B6-8BF0-792D08834952}.Release|Any CPU.Build.0 = Release|Any CPU
		{BAA525F0-14AF-41B6-8BF0-792D08834952}.Release|x64.ActiveCfg = Release|Any CPU
		{BAA525F0-14AF-41B6-8BF0-792D08834952}.Release|x64.Build.0 = Release|Any CPU
		{BAA525F0-14AF-41B6-8BF0-792D08834952}.Release|x86.ActiveCfg = Release|Any CPU
		{BAA525F0-14AF-41B6-8BF0-792D08834952}.Release|x86.Build.0 = Release|Any CPU
		{1BD27E1D-F0BE-428D-BB5A-57C70602F373}.Debug|Any CPU.ActiveCfg = Debug|Any CPU
		{1BD27E1D-F0BE-428D-BB5A-57C70602F373}.Debug|Any CPU.Build.0 = Debug|Any CPU
		{1BD27E1D-F0BE-428D-BB5A-57C70602F373}.Debug|x64.ActiveCfg = Debug|Any CPU
		{1BD27E1D-F0BE-428D-BB5A-57C70602F373}.Debug|x64.Build.0 = Debug|Any CPU
		{1BD27E1D-F0BE-428D-BB5A-57C70602F373}.Debug|x86.ActiveCfg = Debug|Any CPU
		{1BD27E1D-F0BE-428D-BB5A-57C70602F373}.Debug|x86.Build.0 = Debug|Any CPU
		{1BD27E1D-F0BE-428D-BB5A-57C70602F373}.Release|Any CPU.ActiveCfg = Release|Any CPU
		{1BD27E1D-F0BE-428D-BB5A-57C70602F373}.Release|Any CPU.Build.0 = Release|Any CPU
		{1BD27E1D-F0BE-428D-BB5A-57C70602F373}.Release|x64.ActiveCfg = Release|Any CPU
		{1BD27E1D-F0BE-428D-BB5A-57C70602F373}.Release|x64.Build.0 = Release|Any CPU
		{1BD27E1D-F0BE-428D-BB5A-57C70602F373}.Release|x86.ActiveCfg = Release|Any CPU
		{1BD27E1D-F0BE-428D-BB5A-57C70602F373}.Release|x86.Build.0 = Release|Any CPU
		{CABE2BB3-40D5-429D-BA10-E6AE0B62662D}.Debug|Any CPU.ActiveCfg = Debug|Any CPU
		{CABE2BB3-40D5-429D-BA10-E6AE0B62662D}.Debug|Any CPU.Build.0 = Debug|Any CPU
		{CABE2BB3-40D5-429D-BA10-E6AE0B62662D}.Debug|x64.ActiveCfg = Debug|Any CPU
		{CABE2BB3-40D5-429D-BA10-E6AE0B62662D}.Debug|x64.Build.0 = Debug|Any CPU
		{CABE2BB3-40D5-429D-BA10-E6AE0B62662D}.Debug|x86.ActiveCfg = Debug|Any CPU
		{CABE2BB3-40D5-429D-BA10-E6AE0B62662D}.Debug|x86.Build.0 = Debug|Any CPU
		{CABE2BB3-40D5-429D-BA10-E6AE0B62662D}.Release|Any CPU.ActiveCfg = Release|Any CPU
		{CABE2BB3-40D5-429D-BA10-E6AE0B62662D}.Release|Any CPU.Build.0 = Release|Any CPU
		{CABE2BB3-40D5-429D-BA10-E6AE0B62662D}.Release|x64.ActiveCfg = Release|Any CPU
		{CABE2BB3-40D5-429D-BA10-E6AE0B62662D}.Release|x64.Build.0 = Release|Any CPU
		{CABE2BB3-40D5-429D-BA10-E6AE0B62662D}.Release|x86.ActiveCfg = Release|Any CPU
		{CABE2BB3-40D5-429D-BA10-E6AE0B62662D}.Release|x86.Build.0 = Release|Any CPU
		{B7D42004-BC05-4851-8F3B-AF330960CF43}.Debug|Any CPU.ActiveCfg = Debug|Any CPU
		{B7D42004-BC05-4851-8F3B-AF330960CF43}.Debug|Any CPU.Build.0 = Debug|Any CPU
		{B7D42004-BC05-4851-8F3B-AF330960CF43}.Debug|x64.ActiveCfg = Debug|Any CPU
		{B7D42004-BC05-4851-8F3B-AF330960CF43}.Debug|x64.Build.0 = Debug|Any CPU
		{B7D42004-BC05-4851-8F3B-AF330960CF43}.Debug|x86.ActiveCfg = Debug|Any CPU
		{B7D42004-BC05-4851-8F3B-AF330960CF43}.Debug|x86.Build.0 = Debug|Any CPU
		{B7D42004-BC05-4851-8F3B-AF330960CF43}.Release|Any CPU.ActiveCfg = Release|Any CPU
		{B7D42004-BC05-4851-8F3B-AF330960CF43}.Release|Any CPU.Build.0 = Release|Any CPU
		{B7D42004-BC05-4851-8F3B-AF330960CF43}.Release|x64.ActiveCfg = Release|Any CPU
		{B7D42004-BC05-4851-8F3B-AF330960CF43}.Release|x64.Build.0 = Release|Any CPU
		{B7D42004-BC05-4851-8F3B-AF330960CF43}.Release|x86.ActiveCfg = Release|Any CPU
		{B7D42004-BC05-4851-8F3B-AF330960CF43}.Release|x86.Build.0 = Release|Any CPU
		{13B14F9A-C71F-43DB-A735-F83D23D8E757}.Debug|Any CPU.ActiveCfg = Debug|Any CPU
		{13B14F9A-C71F-43DB-A735-F83D23D8E757}.Debug|Any CPU.Build.0 = Debug|Any CPU
		{13B14F9A-C71F-43DB-A735-F83D23D8E757}.Debug|x64.ActiveCfg = Debug|Any CPU
		{13B14F9A-C71F-43DB-A735-F83D23D8E757}.Debug|x64.Build.0 = Debug|Any CPU
		{13B14F9A-C71F-43DB-A735-F83D23D8E757}.Debug|x86.ActiveCfg = Debug|Any CPU
		{13B14F9A-C71F-43DB-A735-F83D23D8E757}.Debug|x86.Build.0 = Debug|Any CPU
		{13B14F9A-C71F-43DB-A735-F83D23D8E757}.Release|Any CPU.ActiveCfg = Release|Any CPU
		{13B14F9A-C71F-43DB-A735-F83D23D8E757}.Release|Any CPU.Build.0 = Release|Any CPU
		{13B14F9A-C71F-43DB-A735-F83D23D8E757}.Release|x64.ActiveCfg = Release|Any CPU
		{13B14F9A-C71F-43DB-A735-F83D23D8E757}.Release|x64.Build.0 = Release|Any CPU
		{13B14F9A-C71F-43DB-A735-F83D23D8E757}.Release|x86.ActiveCfg = Release|Any CPU
		{13B14F9A-C71F-43DB-A735-F83D23D8E757}.Release|x86.Build.0 = Release|Any CPU
		{4A8B18A0-239D-4202-9424-E6A68FE1DF98}.Debug|Any CPU.ActiveCfg = Debug|Any CPU
		{4A8B18A0-239D-4202-9424-E6A68FE1DF98}.Debug|Any CPU.Build.0 = Debug|Any CPU
		{4A8B18A0-239D-4202-9424-E6A68FE1DF98}.Debug|x64.ActiveCfg = Debug|Any CPU
		{4A8B18A0-239D-4202-9424-E6A68FE1DF98}.Debug|x64.Build.0 = Debug|Any CPU
		{4A8B18A0-239D-4202-9424-E6A68FE1DF98}.Debug|x86.ActiveCfg = Debug|Any CPU
		{4A8B18A0-239D-4202-9424-E6A68FE1DF98}.Debug|x86.Build.0 = Debug|Any CPU
		{4A8B18A0-239D-4202-9424-E6A68FE1DF98}.Release|Any CPU.ActiveCfg = Release|Any CPU
		{4A8B18A0-239D-4202-9424-E6A68FE1DF98}.Release|Any CPU.Build.0 = Release|Any CPU
		{4A8B18A0-239D-4202-9424-E6A68FE1DF98}.Release|x64.ActiveCfg = Release|Any CPU
		{4A8B18A0-239D-4202-9424-E6A68FE1DF98}.Release|x64.Build.0 = Release|Any CPU
		{4A8B18A0-239D-4202-9424-E6A68FE1DF98}.Release|x86.ActiveCfg = Release|Any CPU
		{4A8B18A0-239D-4202-9424-E6A68FE1DF98}.Release|x86.Build.0 = Release|Any CPU
		{7489D9AD-EF1E-490A-9880-662B45821368}.Debug|Any CPU.ActiveCfg = Debug|Any CPU
		{7489D9AD-EF1E-490A-9880-662B45821368}.Debug|Any CPU.Build.0 = Debug|Any CPU
		{7489D9AD-EF1E-490A-9880-662B45821368}.Debug|x64.ActiveCfg = Debug|Any CPU
		{7489D9AD-EF1E-490A-9880-662B45821368}.Debug|x64.Build.0 = Debug|Any CPU
		{7489D9AD-EF1E-490A-9880-662B45821368}.Debug|x86.ActiveCfg = Debug|Any CPU
		{7489D9AD-EF1E-490A-9880-662B45821368}.Debug|x86.Build.0 = Debug|Any CPU
		{7489D9AD-EF1E-490A-9880-662B45821368}.Release|Any CPU.ActiveCfg = Release|Any CPU
		{7489D9AD-EF1E-490A-9880-662B45821368}.Release|Any CPU.Build.0 = Release|Any CPU
		{7489D9AD-EF1E-490A-9880-662B45821368}.Release|x64.ActiveCfg = Release|Any CPU
		{7489D9AD-EF1E-490A-9880-662B45821368}.Release|x64.Build.0 = Release|Any CPU
		{7489D9AD-EF1E-490A-9880-662B45821368}.Release|x86.ActiveCfg = Release|Any CPU
		{7489D9AD-EF1E-490A-9880-662B45821368}.Release|x86.Build.0 = Release|Any CPU
		{1AC3A5CE-3C2B-41F8-BE41-79D8F95B31F5}.Debug|Any CPU.ActiveCfg = Debug|Any CPU
		{1AC3A5CE-3C2B-41F8-BE41-79D8F95B31F5}.Debug|Any CPU.Build.0 = Debug|Any CPU
		{1AC3A5CE-3C2B-41F8-BE41-79D8F95B31F5}.Debug|x64.ActiveCfg = Debug|Any CPU
		{1AC3A5CE-3C2B-41F8-BE41-79D8F95B31F5}.Debug|x64.Build.0 = Debug|Any CPU
		{1AC3A5CE-3C2B-41F8-BE41-79D8F95B31F5}.Debug|x86.ActiveCfg = Debug|Any CPU
		{1AC3A5CE-3C2B-41F8-BE41-79D8F95B31F5}.Debug|x86.Build.0 = Debug|Any CPU
		{1AC3A5CE-3C2B-41F8-BE41-79D8F95B31F5}.Release|Any CPU.ActiveCfg = Release|Any CPU
		{1AC3A5CE-3C2B-41F8-BE41-79D8F95B31F5}.Release|Any CPU.Build.0 = Release|Any CPU
		{1AC3A5CE-3C2B-41F8-BE41-79D8F95B31F5}.Release|x64.ActiveCfg = Release|Any CPU
		{1AC3A5CE-3C2B-41F8-BE41-79D8F95B31F5}.Release|x64.Build.0 = Release|Any CPU
		{1AC3A5CE-3C2B-41F8-BE41-79D8F95B31F5}.Release|x86.ActiveCfg = Release|Any CPU
		{1AC3A5CE-3C2B-41F8-BE41-79D8F95B31F5}.Release|x86.Build.0 = Release|Any CPU
		{AFE5B7E2-5AD5-4E33-86AA-70D103896F49}.Debug|Any CPU.ActiveCfg = Debug|Any CPU
		{AFE5B7E2-5AD5-4E33-86AA-70D103896F49}.Debug|Any CPU.Build.0 = Debug|Any CPU
		{AFE5B7E2-5AD5-4E33-86AA-70D103896F49}.Debug|x64.ActiveCfg = Debug|Any CPU
		{AFE5B7E2-5AD5-4E33-86AA-70D103896F49}.Debug|x64.Build.0 = Debug|Any CPU
		{AFE5B7E2-5AD5-4E33-86AA-70D103896F49}.Debug|x86.ActiveCfg = Debug|Any CPU
		{AFE5B7E2-5AD5-4E33-86AA-70D103896F49}.Debug|x86.Build.0 = Debug|Any CPU
		{AFE5B7E2-5AD5-4E33-86AA-70D103896F49}.Release|Any CPU.ActiveCfg = Release|Any CPU
		{AFE5B7E2-5AD5-4E33-86AA-70D103896F49}.Release|Any CPU.Build.0 = Release|Any CPU
		{AFE5B7E2-5AD5-4E33-86AA-70D103896F49}.Release|x64.ActiveCfg = Release|Any CPU
		{AFE5B7E2-5AD5-4E33-86AA-70D103896F49}.Release|x64.Build.0 = Release|Any CPU
		{AFE5B7E2-5AD5-4E33-86AA-70D103896F49}.Release|x86.ActiveCfg = Release|Any CPU
		{AFE5B7E2-5AD5-4E33-86AA-70D103896F49}.Release|x86.Build.0 = Release|Any CPU
		{BD5310A4-65E4-4DFF-834E-F7AE780E3C05}.Debug|Any CPU.ActiveCfg = Debug|Any CPU
		{BD5310A4-65E4-4DFF-834E-F7AE780E3C05}.Debug|Any CPU.Build.0 = Debug|Any CPU
		{BD5310A4-65E4-4DFF-834E-F7AE780E3C05}.Debug|x64.ActiveCfg = Debug|Any CPU
		{BD5310A4-65E4-4DFF-834E-F7AE780E3C05}.Debug|x64.Build.0 = Debug|Any CPU
		{BD5310A4-65E4-4DFF-834E-F7AE780E3C05}.Debug|x86.ActiveCfg = Debug|Any CPU
		{BD5310A4-65E4-4DFF-834E-F7AE780E3C05}.Debug|x86.Build.0 = Debug|Any CPU
		{BD5310A4-65E4-4DFF-834E-F7AE780E3C05}.Release|Any CPU.ActiveCfg = Release|Any CPU
		{BD5310A4-65E4-4DFF-834E-F7AE780E3C05}.Release|Any CPU.Build.0 = Release|Any CPU
		{BD5310A4-65E4-4DFF-834E-F7AE780E3C05}.Release|x64.ActiveCfg = Release|Any CPU
		{BD5310A4-65E4-4DFF-834E-F7AE780E3C05}.Release|x64.Build.0 = Release|Any CPU
		{BD5310A4-65E4-4DFF-834E-F7AE780E3C05}.Release|x86.ActiveCfg = Release|Any CPU
		{BD5310A4-65E4-4DFF-834E-F7AE780E3C05}.Release|x86.Build.0 = Release|Any CPU
		{82865DA9-87F4-469D-9C06-B640D1C03F8A}.Debug|Any CPU.ActiveCfg = Debug|Any CPU
		{82865DA9-87F4-469D-9C06-B640D1C03F8A}.Debug|Any CPU.Build.0 = Debug|Any CPU
		{82865DA9-87F4-469D-9C06-B640D1C03F8A}.Debug|x64.ActiveCfg = Debug|Any CPU
		{82865DA9-87F4-469D-9C06-B640D1C03F8A}.Debug|x64.Build.0 = Debug|Any CPU
		{82865DA9-87F4-469D-9C06-B640D1C03F8A}.Debug|x86.ActiveCfg = Debug|Any CPU
		{82865DA9-87F4-469D-9C06-B640D1C03F8A}.Debug|x86.Build.0 = Debug|Any CPU
		{82865DA9-87F4-469D-9C06-B640D1C03F8A}.Release|Any CPU.ActiveCfg = Release|Any CPU
		{82865DA9-87F4-469D-9C06-B640D1C03F8A}.Release|Any CPU.Build.0 = Release|Any CPU
		{82865DA9-87F4-469D-9C06-B640D1C03F8A}.Release|x64.ActiveCfg = Release|Any CPU
		{82865DA9-87F4-469D-9C06-B640D1C03F8A}.Release|x64.Build.0 = Release|Any CPU
		{82865DA9-87F4-469D-9C06-B640D1C03F8A}.Release|x86.ActiveCfg = Release|Any CPU
		{82865DA9-87F4-469D-9C06-B640D1C03F8A}.Release|x86.Build.0 = Release|Any CPU
		{632A17CA-8403-4588-AD45-A7C04E1383F5}.Debug|Any CPU.ActiveCfg = Debug|Any CPU
		{632A17CA-8403-4588-AD45-A7C04E1383F5}.Debug|Any CPU.Build.0 = Debug|Any CPU
		{632A17CA-8403-4588-AD45-A7C04E1383F5}.Debug|x64.ActiveCfg = Debug|Any CPU
		{632A17CA-8403-4588-AD45-A7C04E1383F5}.Debug|x64.Build.0 = Debug|Any CPU
		{632A17CA-8403-4588-AD45-A7C04E1383F5}.Debug|x86.ActiveCfg = Debug|Any CPU
		{632A17CA-8403-4588-AD45-A7C04E1383F5}.Debug|x86.Build.0 = Debug|Any CPU
		{632A17CA-8403-4588-AD45-A7C04E1383F5}.Release|Any CPU.ActiveCfg = Release|Any CPU
		{632A17CA-8403-4588-AD45-A7C04E1383F5}.Release|Any CPU.Build.0 = Release|Any CPU
		{632A17CA-8403-4588-AD45-A7C04E1383F5}.Release|x64.ActiveCfg = Release|Any CPU
		{632A17CA-8403-4588-AD45-A7C04E1383F5}.Release|x64.Build.0 = Release|Any CPU
		{632A17CA-8403-4588-AD45-A7C04E1383F5}.Release|x86.ActiveCfg = Release|Any CPU
		{632A17CA-8403-4588-AD45-A7C04E1383F5}.Release|x86.Build.0 = Release|Any CPU
		{DA4C612B-F902-46E2-A204-0E7455C7BD81}.Debug|Any CPU.ActiveCfg = Debug|Any CPU
		{DA4C612B-F902-46E2-A204-0E7455C7BD81}.Debug|Any CPU.Build.0 = Debug|Any CPU
		{DA4C612B-F902-46E2-A204-0E7455C7BD81}.Debug|x64.ActiveCfg = Debug|Any CPU
		{DA4C612B-F902-46E2-A204-0E7455C7BD81}.Debug|x64.Build.0 = Debug|Any CPU
		{DA4C612B-F902-46E2-A204-0E7455C7BD81}.Debug|x86.ActiveCfg = Debug|Any CPU
		{DA4C612B-F902-46E2-A204-0E7455C7BD81}.Debug|x86.Build.0 = Debug|Any CPU
		{DA4C612B-F902-46E2-A204-0E7455C7BD81}.Release|Any CPU.ActiveCfg = Release|Any CPU
		{DA4C612B-F902-46E2-A204-0E7455C7BD81}.Release|Any CPU.Build.0 = Release|Any CPU
		{DA4C612B-F902-46E2-A204-0E7455C7BD81}.Release|x64.ActiveCfg = Release|Any CPU
		{DA4C612B-F902-46E2-A204-0E7455C7BD81}.Release|x64.Build.0 = Release|Any CPU
		{DA4C612B-F902-46E2-A204-0E7455C7BD81}.Release|x86.ActiveCfg = Release|Any CPU
		{DA4C612B-F902-46E2-A204-0E7455C7BD81}.Release|x86.Build.0 = Release|Any CPU
		{18DB7514-C9EF-4A13-B9B0-FAC021E81BEC}.Debug|Any CPU.ActiveCfg = Debug|Any CPU
		{18DB7514-C9EF-4A13-B9B0-FAC021E81BEC}.Debug|Any CPU.Build.0 = Debug|Any CPU
		{18DB7514-C9EF-4A13-B9B0-FAC021E81BEC}.Debug|x64.ActiveCfg = Debug|Any CPU
		{18DB7514-C9EF-4A13-B9B0-FAC021E81BEC}.Debug|x64.Build.0 = Debug|Any CPU
		{18DB7514-C9EF-4A13-B9B0-FAC021E81BEC}.Debug|x86.ActiveCfg = Debug|Any CPU
		{18DB7514-C9EF-4A13-B9B0-FAC021E81BEC}.Debug|x86.Build.0 = Debug|Any CPU
		{18DB7514-C9EF-4A13-B9B0-FAC021E81BEC}.Release|Any CPU.ActiveCfg = Release|Any CPU
		{18DB7514-C9EF-4A13-B9B0-FAC021E81BEC}.Release|Any CPU.Build.0 = Release|Any CPU
		{18DB7514-C9EF-4A13-B9B0-FAC021E81BEC}.Release|x64.ActiveCfg = Release|Any CPU
		{18DB7514-C9EF-4A13-B9B0-FAC021E81BEC}.Release|x64.Build.0 = Release|Any CPU
		{18DB7514-C9EF-4A13-B9B0-FAC021E81BEC}.Release|x86.ActiveCfg = Release|Any CPU
		{18DB7514-C9EF-4A13-B9B0-FAC021E81BEC}.Release|x86.Build.0 = Release|Any CPU
		{43D694D4-D38E-4F80-AE6C-E0A0D5F8E0DC}.Debug|Any CPU.ActiveCfg = Debug|Any CPU
		{43D694D4-D38E-4F80-AE6C-E0A0D5F8E0DC}.Debug|Any CPU.Build.0 = Debug|Any CPU
		{43D694D4-D38E-4F80-AE6C-E0A0D5F8E0DC}.Debug|x64.ActiveCfg = Debug|Any CPU
		{43D694D4-D38E-4F80-AE6C-E0A0D5F8E0DC}.Debug|x64.Build.0 = Debug|Any CPU
		{43D694D4-D38E-4F80-AE6C-E0A0D5F8E0DC}.Debug|x86.ActiveCfg = Debug|Any CPU
		{43D694D4-D38E-4F80-AE6C-E0A0D5F8E0DC}.Debug|x86.Build.0 = Debug|Any CPU
		{43D694D4-D38E-4F80-AE6C-E0A0D5F8E0DC}.Release|Any CPU.ActiveCfg = Release|Any CPU
		{43D694D4-D38E-4F80-AE6C-E0A0D5F8E0DC}.Release|Any CPU.Build.0 = Release|Any CPU
		{43D694D4-D38E-4F80-AE6C-E0A0D5F8E0DC}.Release|x64.ActiveCfg = Release|Any CPU
		{43D694D4-D38E-4F80-AE6C-E0A0D5F8E0DC}.Release|x64.Build.0 = Release|Any CPU
		{43D694D4-D38E-4F80-AE6C-E0A0D5F8E0DC}.Release|x86.ActiveCfg = Release|Any CPU
		{43D694D4-D38E-4F80-AE6C-E0A0D5F8E0DC}.Release|x86.Build.0 = Release|Any CPU
		{336A4CC4-FB0E-456D-A776-ACD309F3D625}.Debug|Any CPU.ActiveCfg = Debug|Any CPU
		{336A4CC4-FB0E-456D-A776-ACD309F3D625}.Debug|Any CPU.Build.0 = Debug|Any CPU
		{336A4CC4-FB0E-456D-A776-ACD309F3D625}.Debug|x64.ActiveCfg = Debug|Any CPU
		{336A4CC4-FB0E-456D-A776-ACD309F3D625}.Debug|x64.Build.0 = Debug|Any CPU
		{336A4CC4-FB0E-456D-A776-ACD309F3D625}.Debug|x86.ActiveCfg = Debug|Any CPU
		{336A4CC4-FB0E-456D-A776-ACD309F3D625}.Debug|x86.Build.0 = Debug|Any CPU
		{336A4CC4-FB0E-456D-A776-ACD309F3D625}.Release|Any CPU.ActiveCfg = Release|Any CPU
		{336A4CC4-FB0E-456D-A776-ACD309F3D625}.Release|Any CPU.Build.0 = Release|Any CPU
		{336A4CC4-FB0E-456D-A776-ACD309F3D625}.Release|x64.ActiveCfg = Release|Any CPU
		{336A4CC4-FB0E-456D-A776-ACD309F3D625}.Release|x64.Build.0 = Release|Any CPU
		{336A4CC4-FB0E-456D-A776-ACD309F3D625}.Release|x86.ActiveCfg = Release|Any CPU
		{336A4CC4-FB0E-456D-A776-ACD309F3D625}.Release|x86.Build.0 = Release|Any CPU
		{0DF26557-1889-4336-9BCA-90200227DD31}.Debug|Any CPU.ActiveCfg = Debug|Any CPU
		{0DF26557-1889-4336-9BCA-90200227DD31}.Debug|Any CPU.Build.0 = Debug|Any CPU
		{0DF26557-1889-4336-9BCA-90200227DD31}.Debug|x64.ActiveCfg = Debug|Any CPU
		{0DF26557-1889-4336-9BCA-90200227DD31}.Debug|x64.Build.0 = Debug|Any CPU
		{0DF26557-1889-4336-9BCA-90200227DD31}.Debug|x86.ActiveCfg = Debug|Any CPU
		{0DF26557-1889-4336-9BCA-90200227DD31}.Debug|x86.Build.0 = Debug|Any CPU
		{0DF26557-1889-4336-9BCA-90200227DD31}.Release|Any CPU.ActiveCfg = Release|Any CPU
		{0DF26557-1889-4336-9BCA-90200227DD31}.Release|Any CPU.Build.0 = Release|Any CPU
		{0DF26557-1889-4336-9BCA-90200227DD31}.Release|x64.ActiveCfg = Release|Any CPU
		{0DF26557-1889-4336-9BCA-90200227DD31}.Release|x64.Build.0 = Release|Any CPU
		{0DF26557-1889-4336-9BCA-90200227DD31}.Release|x86.ActiveCfg = Release|Any CPU
		{0DF26557-1889-4336-9BCA-90200227DD31}.Release|x86.Build.0 = Release|Any CPU
		{EF7B590F-6AA2-469E-BE61-583D0AF51B62}.Debug|Any CPU.ActiveCfg = Debug|Any CPU
		{EF7B590F-6AA2-469E-BE61-583D0AF51B62}.Debug|Any CPU.Build.0 = Debug|Any CPU
		{EF7B590F-6AA2-469E-BE61-583D0AF51B62}.Debug|x64.ActiveCfg = Debug|Any CPU
		{EF7B590F-6AA2-469E-BE61-583D0AF51B62}.Debug|x64.Build.0 = Debug|Any CPU
		{EF7B590F-6AA2-469E-BE61-583D0AF51B62}.Debug|x86.ActiveCfg = Debug|Any CPU
		{EF7B590F-6AA2-469E-BE61-583D0AF51B62}.Debug|x86.Build.0 = Debug|Any CPU
		{EF7B590F-6AA2-469E-BE61-583D0AF51B62}.Release|Any CPU.ActiveCfg = Release|Any CPU
		{EF7B590F-6AA2-469E-BE61-583D0AF51B62}.Release|Any CPU.Build.0 = Release|Any CPU
		{EF7B590F-6AA2-469E-BE61-583D0AF51B62}.Release|x64.ActiveCfg = Release|Any CPU
		{EF7B590F-6AA2-469E-BE61-583D0AF51B62}.Release|x64.Build.0 = Release|Any CPU
		{EF7B590F-6AA2-469E-BE61-583D0AF51B62}.Release|x86.ActiveCfg = Release|Any CPU
		{EF7B590F-6AA2-469E-BE61-583D0AF51B62}.Release|x86.Build.0 = Release|Any CPU
		{6993CE52-F99A-4A49-8085-B19630ED7EDB}.Debug|Any CPU.ActiveCfg = Debug|Any CPU
		{6993CE52-F99A-4A49-8085-B19630ED7EDB}.Debug|Any CPU.Build.0 = Debug|Any CPU
		{6993CE52-F99A-4A49-8085-B19630ED7EDB}.Debug|x64.ActiveCfg = Debug|Any CPU
		{6993CE52-F99A-4A49-8085-B19630ED7EDB}.Debug|x64.Build.0 = Debug|Any CPU
		{6993CE52-F99A-4A49-8085-B19630ED7EDB}.Debug|x86.ActiveCfg = Debug|Any CPU
		{6993CE52-F99A-4A49-8085-B19630ED7EDB}.Debug|x86.Build.0 = Debug|Any CPU
		{6993CE52-F99A-4A49-8085-B19630ED7EDB}.Release|Any CPU.ActiveCfg = Release|Any CPU
		{6993CE52-F99A-4A49-8085-B19630ED7EDB}.Release|Any CPU.Build.0 = Release|Any CPU
		{6993CE52-F99A-4A49-8085-B19630ED7EDB}.Release|x64.ActiveCfg = Release|Any CPU
		{6993CE52-F99A-4A49-8085-B19630ED7EDB}.Release|x64.Build.0 = Release|Any CPU
		{6993CE52-F99A-4A49-8085-B19630ED7EDB}.Release|x86.ActiveCfg = Release|Any CPU
		{6993CE52-F99A-4A49-8085-B19630ED7EDB}.Release|x86.Build.0 = Release|Any CPU
		{873BF38F-4D67-4073-84AA-8603F4D5F6BE}.Debug|Any CPU.ActiveCfg = Debug|Any CPU
		{873BF38F-4D67-4073-84AA-8603F4D5F6BE}.Debug|Any CPU.Build.0 = Debug|Any CPU
		{873BF38F-4D67-4073-84AA-8603F4D5F6BE}.Debug|x64.ActiveCfg = Debug|Any CPU
		{873BF38F-4D67-4073-84AA-8603F4D5F6BE}.Debug|x64.Build.0 = Debug|Any CPU
		{873BF38F-4D67-4073-84AA-8603F4D5F6BE}.Debug|x86.ActiveCfg = Debug|Any CPU
		{873BF38F-4D67-4073-84AA-8603F4D5F6BE}.Debug|x86.Build.0 = Debug|Any CPU
		{873BF38F-4D67-4073-84AA-8603F4D5F6BE}.Release|Any CPU.ActiveCfg = Release|Any CPU
		{873BF38F-4D67-4073-84AA-8603F4D5F6BE}.Release|Any CPU.Build.0 = Release|Any CPU
		{873BF38F-4D67-4073-84AA-8603F4D5F6BE}.Release|x64.ActiveCfg = Release|Any CPU
		{873BF38F-4D67-4073-84AA-8603F4D5F6BE}.Release|x64.Build.0 = Release|Any CPU
		{873BF38F-4D67-4073-84AA-8603F4D5F6BE}.Release|x86.ActiveCfg = Release|Any CPU
		{873BF38F-4D67-4073-84AA-8603F4D5F6BE}.Release|x86.Build.0 = Release|Any CPU
		{27D15E98-C126-42A0-BF7F-2A48FB3C871B}.Debug|Any CPU.ActiveCfg = Debug|Any CPU
		{27D15E98-C126-42A0-BF7F-2A48FB3C871B}.Debug|Any CPU.Build.0 = Debug|Any CPU
		{27D15E98-C126-42A0-BF7F-2A48FB3C871B}.Debug|x64.ActiveCfg = Debug|Any CPU
		{27D15E98-C126-42A0-BF7F-2A48FB3C871B}.Debug|x64.Build.0 = Debug|Any CPU
		{27D15E98-C126-42A0-BF7F-2A48FB3C871B}.Debug|x86.ActiveCfg = Debug|Any CPU
		{27D15E98-C126-42A0-BF7F-2A48FB3C871B}.Debug|x86.Build.0 = Debug|Any CPU
		{27D15E98-C126-42A0-BF7F-2A48FB3C871B}.Release|Any CPU.ActiveCfg = Release|Any CPU
		{27D15E98-C126-42A0-BF7F-2A48FB3C871B}.Release|Any CPU.Build.0 = Release|Any CPU
		{27D15E98-C126-42A0-BF7F-2A48FB3C871B}.Release|x64.ActiveCfg = Release|Any CPU
		{27D15E98-C126-42A0-BF7F-2A48FB3C871B}.Release|x64.Build.0 = Release|Any CPU
		{27D15E98-C126-42A0-BF7F-2A48FB3C871B}.Release|x86.ActiveCfg = Release|Any CPU
		{27D15E98-C126-42A0-BF7F-2A48FB3C871B}.Release|x86.Build.0 = Release|Any CPU
		{4AAC94E6-D50E-429D-A2EF-809EAEFBA703}.Debug|Any CPU.ActiveCfg = Debug|Any CPU
		{4AAC94E6-D50E-429D-A2EF-809EAEFBA703}.Debug|Any CPU.Build.0 = Debug|Any CPU
		{4AAC94E6-D50E-429D-A2EF-809EAEFBA703}.Debug|x64.ActiveCfg = Debug|Any CPU
		{4AAC94E6-D50E-429D-A2EF-809EAEFBA703}.Debug|x64.Build.0 = Debug|Any CPU
		{4AAC94E6-D50E-429D-A2EF-809EAEFBA703}.Debug|x86.ActiveCfg = Debug|Any CPU
		{4AAC94E6-D50E-429D-A2EF-809EAEFBA703}.Debug|x86.Build.0 = Debug|Any CPU
		{4AAC94E6-D50E-429D-A2EF-809EAEFBA703}.Release|Any CPU.ActiveCfg = Release|Any CPU
		{4AAC94E6-D50E-429D-A2EF-809EAEFBA703}.Release|Any CPU.Build.0 = Release|Any CPU
		{4AAC94E6-D50E-429D-A2EF-809EAEFBA703}.Release|x64.ActiveCfg = Release|Any CPU
		{4AAC94E6-D50E-429D-A2EF-809EAEFBA703}.Release|x64.Build.0 = Release|Any CPU
		{4AAC94E6-D50E-429D-A2EF-809EAEFBA703}.Release|x86.ActiveCfg = Release|Any CPU
		{4AAC94E6-D50E-429D-A2EF-809EAEFBA703}.Release|x86.Build.0 = Release|Any CPU
		{BD0337F1-B799-47F5-8F20-E1B13AACA40D}.Debug|Any CPU.ActiveCfg = Debug|Any CPU
		{BD0337F1-B799-47F5-8F20-E1B13AACA40D}.Debug|Any CPU.Build.0 = Debug|Any CPU
		{BD0337F1-B799-47F5-8F20-E1B13AACA40D}.Debug|x64.ActiveCfg = Debug|Any CPU
		{BD0337F1-B799-47F5-8F20-E1B13AACA40D}.Debug|x64.Build.0 = Debug|Any CPU
		{BD0337F1-B799-47F5-8F20-E1B13AACA40D}.Debug|x86.ActiveCfg = Debug|Any CPU
		{BD0337F1-B799-47F5-8F20-E1B13AACA40D}.Debug|x86.Build.0 = Debug|Any CPU
		{BD0337F1-B799-47F5-8F20-E1B13AACA40D}.Release|Any CPU.ActiveCfg = Release|Any CPU
		{BD0337F1-B799-47F5-8F20-E1B13AACA40D}.Release|Any CPU.Build.0 = Release|Any CPU
		{BD0337F1-B799-47F5-8F20-E1B13AACA40D}.Release|x64.ActiveCfg = Release|Any CPU
		{BD0337F1-B799-47F5-8F20-E1B13AACA40D}.Release|x64.Build.0 = Release|Any CPU
		{BD0337F1-B799-47F5-8F20-E1B13AACA40D}.Release|x86.ActiveCfg = Release|Any CPU
		{BD0337F1-B799-47F5-8F20-E1B13AACA40D}.Release|x86.Build.0 = Release|Any CPU
		{5575050D-DD9A-43A6-80F3-64427D0065F6}.Debug|Any CPU.ActiveCfg = Debug|Any CPU
		{5575050D-DD9A-43A6-80F3-64427D0065F6}.Debug|Any CPU.Build.0 = Debug|Any CPU
		{5575050D-DD9A-43A6-80F3-64427D0065F6}.Debug|x64.ActiveCfg = Debug|Any CPU
		{5575050D-DD9A-43A6-80F3-64427D0065F6}.Debug|x64.Build.0 = Debug|Any CPU
		{5575050D-DD9A-43A6-80F3-64427D0065F6}.Debug|x86.ActiveCfg = Debug|Any CPU
		{5575050D-DD9A-43A6-80F3-64427D0065F6}.Debug|x86.Build.0 = Debug|Any CPU
		{5575050D-DD9A-43A6-80F3-64427D0065F6}.Release|Any CPU.ActiveCfg = Release|Any CPU
		{5575050D-DD9A-43A6-80F3-64427D0065F6}.Release|Any CPU.Build.0 = Release|Any CPU
		{5575050D-DD9A-43A6-80F3-64427D0065F6}.Release|x64.ActiveCfg = Release|Any CPU
		{5575050D-DD9A-43A6-80F3-64427D0065F6}.Release|x64.Build.0 = Release|Any CPU
		{5575050D-DD9A-43A6-80F3-64427D0065F6}.Release|x86.ActiveCfg = Release|Any CPU
		{5575050D-DD9A-43A6-80F3-64427D0065F6}.Release|x86.Build.0 = Release|Any CPU
		{9DD0B846-51A6-41C7-A39B-C80BE2ED9829}.Debug|Any CPU.ActiveCfg = Debug|Any CPU
		{9DD0B846-51A6-41C7-A39B-C80BE2ED9829}.Debug|Any CPU.Build.0 = Debug|Any CPU
		{9DD0B846-51A6-41C7-A39B-C80BE2ED9829}.Debug|x64.ActiveCfg = Debug|Any CPU
		{9DD0B846-51A6-41C7-A39B-C80BE2ED9829}.Debug|x64.Build.0 = Debug|Any CPU
		{9DD0B846-51A6-41C7-A39B-C80BE2ED9829}.Debug|x86.ActiveCfg = Debug|Any CPU
		{9DD0B846-51A6-41C7-A39B-C80BE2ED9829}.Debug|x86.Build.0 = Debug|Any CPU
		{9DD0B846-51A6-41C7-A39B-C80BE2ED9829}.Release|Any CPU.ActiveCfg = Release|Any CPU
		{9DD0B846-51A6-41C7-A39B-C80BE2ED9829}.Release|Any CPU.Build.0 = Release|Any CPU
		{9DD0B846-51A6-41C7-A39B-C80BE2ED9829}.Release|x64.ActiveCfg = Release|Any CPU
		{9DD0B846-51A6-41C7-A39B-C80BE2ED9829}.Release|x64.Build.0 = Release|Any CPU
		{9DD0B846-51A6-41C7-A39B-C80BE2ED9829}.Release|x86.ActiveCfg = Release|Any CPU
		{9DD0B846-51A6-41C7-A39B-C80BE2ED9829}.Release|x86.Build.0 = Release|Any CPU
		{2695A848-07DA-4002-A6ED-3903E6355A14}.Debug|Any CPU.ActiveCfg = Debug|Any CPU
		{2695A848-07DA-4002-A6ED-3903E6355A14}.Debug|Any CPU.Build.0 = Debug|Any CPU
		{2695A848-07DA-4002-A6ED-3903E6355A14}.Debug|x64.ActiveCfg = Debug|Any CPU
		{2695A848-07DA-4002-A6ED-3903E6355A14}.Debug|x64.Build.0 = Debug|Any CPU
		{2695A848-07DA-4002-A6ED-3903E6355A14}.Debug|x86.ActiveCfg = Debug|Any CPU
		{2695A848-07DA-4002-A6ED-3903E6355A14}.Debug|x86.Build.0 = Debug|Any CPU
		{2695A848-07DA-4002-A6ED-3903E6355A14}.Release|Any CPU.ActiveCfg = Release|Any CPU
		{2695A848-07DA-4002-A6ED-3903E6355A14}.Release|Any CPU.Build.0 = Release|Any CPU
		{2695A848-07DA-4002-A6ED-3903E6355A14}.Release|x64.ActiveCfg = Release|Any CPU
		{2695A848-07DA-4002-A6ED-3903E6355A14}.Release|x64.Build.0 = Release|Any CPU
		{2695A848-07DA-4002-A6ED-3903E6355A14}.Release|x86.ActiveCfg = Release|Any CPU
		{2695A848-07DA-4002-A6ED-3903E6355A14}.Release|x86.Build.0 = Release|Any CPU
		{A6B7EBE0-7A52-41F7-8A60-F8631D92270B}.Debug|Any CPU.ActiveCfg = Debug|Any CPU
		{A6B7EBE0-7A52-41F7-8A60-F8631D92270B}.Debug|Any CPU.Build.0 = Debug|Any CPU
		{A6B7EBE0-7A52-41F7-8A60-F8631D92270B}.Debug|x64.ActiveCfg = Debug|Any CPU
		{A6B7EBE0-7A52-41F7-8A60-F8631D92270B}.Debug|x64.Build.0 = Debug|Any CPU
		{A6B7EBE0-7A52-41F7-8A60-F8631D92270B}.Debug|x86.ActiveCfg = Debug|Any CPU
		{A6B7EBE0-7A52-41F7-8A60-F8631D92270B}.Debug|x86.Build.0 = Debug|Any CPU
		{A6B7EBE0-7A52-41F7-8A60-F8631D92270B}.Release|Any CPU.ActiveCfg = Release|Any CPU
		{A6B7EBE0-7A52-41F7-8A60-F8631D92270B}.Release|Any CPU.Build.0 = Release|Any CPU
		{A6B7EBE0-7A52-41F7-8A60-F8631D92270B}.Release|x64.ActiveCfg = Release|Any CPU
		{A6B7EBE0-7A52-41F7-8A60-F8631D92270B}.Release|x64.Build.0 = Release|Any CPU
		{A6B7EBE0-7A52-41F7-8A60-F8631D92270B}.Release|x86.ActiveCfg = Release|Any CPU
		{A6B7EBE0-7A52-41F7-8A60-F8631D92270B}.Release|x86.Build.0 = Release|Any CPU
		{C1F4A9DA-FE06-4CAB-A999-B3679EDA922B}.Debug|Any CPU.ActiveCfg = Debug|Any CPU
		{C1F4A9DA-FE06-4CAB-A999-B3679EDA922B}.Debug|Any CPU.Build.0 = Debug|Any CPU
		{C1F4A9DA-FE06-4CAB-A999-B3679EDA922B}.Debug|x64.ActiveCfg = Debug|Any CPU
		{C1F4A9DA-FE06-4CAB-A999-B3679EDA922B}.Debug|x64.Build.0 = Debug|Any CPU
		{C1F4A9DA-FE06-4CAB-A999-B3679EDA922B}.Debug|x86.ActiveCfg = Debug|Any CPU
		{C1F4A9DA-FE06-4CAB-A999-B3679EDA922B}.Debug|x86.Build.0 = Debug|Any CPU
		{C1F4A9DA-FE06-4CAB-A999-B3679EDA922B}.Release|Any CPU.ActiveCfg = Release|Any CPU
		{C1F4A9DA-FE06-4CAB-A999-B3679EDA922B}.Release|Any CPU.Build.0 = Release|Any CPU
		{C1F4A9DA-FE06-4CAB-A999-B3679EDA922B}.Release|x64.ActiveCfg = Release|Any CPU
		{C1F4A9DA-FE06-4CAB-A999-B3679EDA922B}.Release|x64.Build.0 = Release|Any CPU
		{C1F4A9DA-FE06-4CAB-A999-B3679EDA922B}.Release|x86.ActiveCfg = Release|Any CPU
		{C1F4A9DA-FE06-4CAB-A999-B3679EDA922B}.Release|x86.Build.0 = Release|Any CPU
		{805A7843-DA36-4079-995E-D1BB6695ECA4}.Debug|Any CPU.ActiveCfg = Debug|Any CPU
		{805A7843-DA36-4079-995E-D1BB6695ECA4}.Debug|Any CPU.Build.0 = Debug|Any CPU
		{805A7843-DA36-4079-995E-D1BB6695ECA4}.Debug|x64.ActiveCfg = Debug|Any CPU
		{805A7843-DA36-4079-995E-D1BB6695ECA4}.Debug|x64.Build.0 = Debug|Any CPU
		{805A7843-DA36-4079-995E-D1BB6695ECA4}.Debug|x86.ActiveCfg = Debug|Any CPU
		{805A7843-DA36-4079-995E-D1BB6695ECA4}.Debug|x86.Build.0 = Debug|Any CPU
		{805A7843-DA36-4079-995E-D1BB6695ECA4}.Release|Any CPU.ActiveCfg = Release|Any CPU
		{805A7843-DA36-4079-995E-D1BB6695ECA4}.Release|Any CPU.Build.0 = Release|Any CPU
		{805A7843-DA36-4079-995E-D1BB6695ECA4}.Release|x64.ActiveCfg = Release|Any CPU
		{805A7843-DA36-4079-995E-D1BB6695ECA4}.Release|x64.Build.0 = Release|Any CPU
		{805A7843-DA36-4079-995E-D1BB6695ECA4}.Release|x86.ActiveCfg = Release|Any CPU
		{805A7843-DA36-4079-995E-D1BB6695ECA4}.Release|x86.Build.0 = Release|Any CPU
		{2D8B299E-F8EC-4A69-BCE8-2F8111385644}.Debug|Any CPU.ActiveCfg = Debug|Any CPU
		{2D8B299E-F8EC-4A69-BCE8-2F8111385644}.Debug|Any CPU.Build.0 = Debug|Any CPU
		{2D8B299E-F8EC-4A69-BCE8-2F8111385644}.Debug|x64.ActiveCfg = Debug|Any CPU
		{2D8B299E-F8EC-4A69-BCE8-2F8111385644}.Debug|x64.Build.0 = Debug|Any CPU
		{2D8B299E-F8EC-4A69-BCE8-2F8111385644}.Debug|x86.ActiveCfg = Debug|Any CPU
		{2D8B299E-F8EC-4A69-BCE8-2F8111385644}.Debug|x86.Build.0 = Debug|Any CPU
		{2D8B299E-F8EC-4A69-BCE8-2F8111385644}.Release|Any CPU.ActiveCfg = Release|Any CPU
		{2D8B299E-F8EC-4A69-BCE8-2F8111385644}.Release|Any CPU.Build.0 = Release|Any CPU
		{2D8B299E-F8EC-4A69-BCE8-2F8111385644}.Release|x64.ActiveCfg = Release|Any CPU
		{2D8B299E-F8EC-4A69-BCE8-2F8111385644}.Release|x64.Build.0 = Release|Any CPU
		{2D8B299E-F8EC-4A69-BCE8-2F8111385644}.Release|x86.ActiveCfg = Release|Any CPU
		{2D8B299E-F8EC-4A69-BCE8-2F8111385644}.Release|x86.Build.0 = Release|Any CPU
		{1D6D92D4-2661-4B59-80DC-36ED2A84214D}.Debug|Any CPU.ActiveCfg = Debug|Any CPU
		{1D6D92D4-2661-4B59-80DC-36ED2A84214D}.Debug|Any CPU.Build.0 = Debug|Any CPU
		{1D6D92D4-2661-4B59-80DC-36ED2A84214D}.Debug|x64.ActiveCfg = Debug|Any CPU
		{1D6D92D4-2661-4B59-80DC-36ED2A84214D}.Debug|x64.Build.0 = Debug|Any CPU
		{1D6D92D4-2661-4B59-80DC-36ED2A84214D}.Debug|x86.ActiveCfg = Debug|Any CPU
		{1D6D92D4-2661-4B59-80DC-36ED2A84214D}.Debug|x86.Build.0 = Debug|Any CPU
		{1D6D92D4-2661-4B59-80DC-36ED2A84214D}.Release|Any CPU.ActiveCfg = Release|Any CPU
		{1D6D92D4-2661-4B59-80DC-36ED2A84214D}.Release|Any CPU.Build.0 = Release|Any CPU
		{1D6D92D4-2661-4B59-80DC-36ED2A84214D}.Release|x64.ActiveCfg = Release|Any CPU
		{1D6D92D4-2661-4B59-80DC-36ED2A84214D}.Release|x64.Build.0 = Release|Any CPU
		{1D6D92D4-2661-4B59-80DC-36ED2A84214D}.Release|x86.ActiveCfg = Release|Any CPU
		{1D6D92D4-2661-4B59-80DC-36ED2A84214D}.Release|x86.Build.0 = Release|Any CPU
	EndGlobalSection
	GlobalSection(SolutionProperties) = preSolution
		HideSolutionNode = FALSE
	EndGlobalSection
	GlobalSection(NestedProjects) = preSolution
		{8D626EA8-CB54-BC41-363A-217881BEBA6E} = {827E0CD3-B72D-47B6-A68D-7590B98EB39B}
		{E0DB1E80-5678-41C1-B5DC-C3BB2D6E04D9} = {8D626EA8-CB54-BC41-363A-217881BEBA6E}
		{405DBEFF-87CB-4DED-98BF-8E5CE2B22F88} = {8D626EA8-CB54-BC41-363A-217881BEBA6E}
		{6996BBF7-DB31-59BC-C7DD-9A7CCC6138C4} = {827E0CD3-B72D-47B6-A68D-7590B98EB39B}
		{C63BEC52-3D53-43A1-BBCE-5A00FA27B471} = {6996BBF7-DB31-59BC-C7DD-9A7CCC6138C4}
		{EC447DCF-ABFA-6E24-52A5-D7FD48A5C558} = {827E0CD3-B72D-47B6-A68D-7590B98EB39B}
		{332A39D1-034D-3857-5466-C599C8F56CCD} = {EC447DCF-ABFA-6E24-52A5-D7FD48A5C558}
		{612830EA-D5A7-A3DA-6983-BC03AF0F820B} = {332A39D1-034D-3857-5466-C599C8F56CCD}
		{6C8385A7-A440-43AA-8968-EB2E688264BE} = {612830EA-D5A7-A3DA-6983-BC03AF0F820B}
		{1EE309CE-3C56-E0B4-4D30-990A2802E0F7} = {EC447DCF-ABFA-6E24-52A5-D7FD48A5C558}
		{BC3578F5-E5CB-5299-FB8F-8F5423C8C124} = {1EE309CE-3C56-E0B4-4D30-990A2802E0F7}
		{E190227D-1972-461F-92B6-911FE29A4F2C} = {BC3578F5-E5CB-5299-FB8F-8F5423C8C124}
		{18998088-F56D-4AE5-8E73-451D20C0592E} = {EC447DCF-ABFA-6E24-52A5-D7FD48A5C558}
		{F5472472-50DA-2B9C-0170-C32703D83F49} = {18998088-F56D-4AE5-8E73-451D20C0592E}
		{32ADE204-C231-4983-89A0-742DC2C45ABA} = {F5472472-50DA-2B9C-0170-C32703D83F49}
		{0895A53D-46B3-E72D-A777-9FBE49721DF6} = {EC447DCF-ABFA-6E24-52A5-D7FD48A5C558}
		{3C359F01-932C-B7A9-4A01-3A12E32E85DE} = {0895A53D-46B3-E72D-A777-9FBE49721DF6}
		{592422E2-4DC3-4977-846A-6ACBB7DBFD74} = {3C359F01-932C-B7A9-4A01-3A12E32E85DE}
		{1C8AFCD6-AB73-8CE0-FB7C-A50AFAF7A11F} = {EC447DCF-ABFA-6E24-52A5-D7FD48A5C558}
		{7E387C1A-9435-BC51-0B8E-AD8717B26A5A} = {1C8AFCD6-AB73-8CE0-FB7C-A50AFAF7A11F}
		{950CD637-464B-4484-9860-B0695D15870A} = {7E387C1A-9435-BC51-0B8E-AD8717B26A5A}
		{E5F95974-C08E-FF0F-5776-9F179692FE14} = {EC447DCF-ABFA-6E24-52A5-D7FD48A5C558}
		{6FDB6B55-3401-0889-FD72-6E53E14FC311} = {E5F95974-C08E-FF0F-5776-9F179692FE14}
		{71A798AC-A2DF-4057-9560-A6FECA04053D} = {6FDB6B55-3401-0889-FD72-6E53E14FC311}
		{00A6A0A3-D91A-7E5D-A1E5-F47F1FF0165C} = {EC447DCF-ABFA-6E24-52A5-D7FD48A5C558}
		{9182A0E6-D3BF-52C3-4BD8-4802BA113660} = {00A6A0A3-D91A-7E5D-A1E5-F47F1FF0165C}
		{D18E5882-9ABD-4D91-B9B4-F338F64964EA} = {9182A0E6-D3BF-52C3-4BD8-4802BA113660}
		{AE10663B-107E-6BBB-FFEA-68E109426468} = {EC447DCF-ABFA-6E24-52A5-D7FD48A5C558}
		{3B00313D-91C0-5F8F-6A30-644D04821015} = {AE10663B-107E-6BBB-FFEA-68E109426468}
		{4FBD0036-2122-40B0-ABB6-6DF1637D3A73} = {3B00313D-91C0-5F8F-6A30-644D04821015}
		{6D533B4A-857A-84FA-DE0E-2B88C68E504B} = {EC447DCF-ABFA-6E24-52A5-D7FD48A5C558}
		{E82BEC11-A33C-B755-EA37-36113ADE6EFF} = {6D533B4A-857A-84FA-DE0E-2B88C68E504B}
		{C991D897-BE81-4ABF-BF47-25A69A5F348B} = {E82BEC11-A33C-B755-EA37-36113ADE6EFF}
		{01D48566-CDD9-4A9E-3627-15E1375DE161} = {EC447DCF-ABFA-6E24-52A5-D7FD48A5C558}
		{0B523186-98F5-7C8B-3CA8-BDC9C8F3BBD9} = {01D48566-CDD9-4A9E-3627-15E1375DE161}
		{F0FFBEA8-C94F-4684-B55C-1B75B6BEB40F} = {0B523186-98F5-7C8B-3CA8-BDC9C8F3BBD9}
		{3488E078-08E9-D2F1-35DE-3B5F16F70E16} = {EC447DCF-ABFA-6E24-52A5-D7FD48A5C558}
		{E86C2474-A16A-4DDC-ED6A-281F9E3C3DE7} = {3488E078-08E9-D2F1-35DE-3B5F16F70E16}
		{02730380-EED9-4E18-BEF7-0445D98A4290} = {E86C2474-A16A-4DDC-ED6A-281F9E3C3DE7}
		{9D556B49-86D1-93A7-9596-FFAAB74EC556} = {0AB3BF05-4346-4AA6-1389-037BE0695223}
		{CAEAAF67-B7B1-4741-94D9-EA7D7789EB5A} = {9D556B49-86D1-93A7-9596-FFAAB74EC556}
		{28A6993C-471E-82FE-7D9E-AD3B1EC22BD9} = {0AB3BF05-4346-4AA6-1389-037BE0695223}
		{9412DDBA-34EB-42B3-834D-A88BC2C672A7} = {28A6993C-471E-82FE-7D9E-AD3B1EC22BD9}
		{4997B6B8-DB6B-4586-9248-8DBF438328B7} = {6D533B4A-857A-84FA-DE0E-2B88C68E504B}
		{AC899BBA-ED2B-0648-C935-A3536CF3B379} = {4997B6B8-DB6B-4586-9248-8DBF438328B7}
		{B534DEBE-6DAC-454F-A681-60A12EA3C7C1} = {18998088-F56D-4AE5-8E73-451D20C0592E}
		{F55263D9-9735-4DE6-9DF6-3A10C5E244FD} = {827E0CD3-B72D-47B6-A68D-7590B98EB39B}
		{BD5BD7A0-B8E3-CBD1-2F97-8AA0383C6188} = {F55263D9-9735-4DE6-9DF6-3A10C5E244FD}
		{A16645C5-BFC7-2904-5BDE-BFDDC6132A3E} = {332A39D1-034D-3857-5466-C599C8F56CCD}
		{FA94DF3C-B8C2-415A-9488-32C2DB2DFD36} = {A16645C5-BFC7-2904-5BDE-BFDDC6132A3E}
		{DECA2E3E-ADD1-37C3-2954-4FE529C26B29} = {1EE309CE-3C56-E0B4-4D30-990A2802E0F7}
		{41C73274-83E8-4030-98EB-A504E85B30C7} = {DECA2E3E-ADD1-37C3-2954-4FE529C26B29}
		{4BA3F4A0-2837-43BB-915C-89AAF5C0E326} = {B534DEBE-6DAC-454F-A681-60A12EA3C7C1}
		{48E63B22-8B99-B386-34E8-A80C44B7AC1C} = {0895A53D-46B3-E72D-A777-9FBE49721DF6}
		{FB74C59D-8BD9-42B1-A1FE-F9E9CB7D9881} = {48E63B22-8B99-B386-34E8-A80C44B7AC1C}
		{DA139BF2-312A-EBA4-E92C-9B3F0E208BEA} = {1C8AFCD6-AB73-8CE0-FB7C-A50AFAF7A11F}
		{57EBA111-E961-4822-9FCD-B1DB6922F249} = {DA139BF2-312A-EBA4-E92C-9B3F0E208BEA}
		{C6A90569-BE40-A9C7-8FC1-03352F74F5F9} = {E5F95974-C08E-FF0F-5776-9F179692FE14}
		{2EBFA04C-87AA-438C-B43D-A9B3FCD700B3} = {C6A90569-BE40-A9C7-8FC1-03352F74F5F9}
		{2044938E-529D-293D-D900-83F9AF9A4F68} = {00A6A0A3-D91A-7E5D-A1E5-F47F1FF0165C}
		{272A159D-3DC9-4600-8317-792F7FE1FF0F} = {2044938E-529D-293D-D900-83F9AF9A4F68}
		{4105F331-6A78-61C1-C219-C23ECAF37DCE} = {AE10663B-107E-6BBB-FFEA-68E109426468}
		{B943B558-4C90-4DF1-88B0-139BB4C08BCE} = {4105F331-6A78-61C1-C219-C23ECAF37DCE}
		{157A39A1-BAF4-A6AE-D076-8C35F6986159} = {01D48566-CDD9-4A9E-3627-15E1375DE161}
		{E52693F8-578E-4E65-ACAB-0EA83B338660} = {157A39A1-BAF4-A6AE-D076-8C35F6986159}
		{82760F18-4496-CFF9-D0AB-C89B575485DA} = {3488E078-08E9-D2F1-35DE-3B5F16F70E16}
		{345ADE8D-ED1D-4F27-B1FB-0E7A214612E5} = {82760F18-4496-CFF9-D0AB-C89B575485DA}
		{0EC62A1A-9858-3A60-8A0C-FC9AACFA2EC7} = {EC447DCF-ABFA-6E24-52A5-D7FD48A5C558}
		{0DE85A42-5AB0-179C-733E-58510D3B8784} = {0EC62A1A-9858-3A60-8A0C-FC9AACFA2EC7}
		{F8D79A80-7286-444E-9708-1DEDE798EEBD} = {0DE85A42-5AB0-179C-733E-58510D3B8784}
		{4D5DCD5F-56A9-CDDD-B2B1-3C00DD2DF930} = {0EC62A1A-9858-3A60-8A0C-FC9AACFA2EC7}
		{2465EDA0-5EF2-42A8-B111-4DD706A84019} = {4D5DCD5F-56A9-CDDD-B2B1-3C00DD2DF930}
		{57EC3008-EC9E-6AE8-F402-E8180F19A5A5} = {EC447DCF-ABFA-6E24-52A5-D7FD48A5C558}
		{E319125D-C268-F8B1-70C0-EBFE4A08C75E} = {57EC3008-EC9E-6AE8-F402-E8180F19A5A5}
		{999CDBFB-F47C-454C-AAFE-1A2091B2BEB8} = {E319125D-C268-F8B1-70C0-EBFE4A08C75E}
		{D53792AE-36FE-72E8-E36E-7E5EF0791B31} = {EC447DCF-ABFA-6E24-52A5-D7FD48A5C558}
		{D8AD2D54-BB0C-EFCA-3E33-5F5B9FE133B7} = {D53792AE-36FE-72E8-E36E-7E5EF0791B31}
		{BAA525F0-14AF-41B6-8BF0-792D08834952} = {D8AD2D54-BB0C-EFCA-3E33-5F5B9FE133B7}
		{6EBCFD33-7D2C-6F0C-B60B-6B70B57F5713} = {EC447DCF-ABFA-6E24-52A5-D7FD48A5C558}
		{55919EE5-F692-E8D3-DD8A-21876EA14FC0} = {6EBCFD33-7D2C-6F0C-B60B-6B70B57F5713}
		{1BD27E1D-F0BE-428D-BB5A-57C70602F373} = {55919EE5-F692-E8D3-DD8A-21876EA14FC0}
		{6FEA55CD-9038-3367-F52F-2FD77CF71706} = {EC447DCF-ABFA-6E24-52A5-D7FD48A5C558}
		{18E3F29A-367C-3E09-2202-B9FC069B15E1} = {6FEA55CD-9038-3367-F52F-2FD77CF71706}
		{CABE2BB3-40D5-429D-BA10-E6AE0B62662D} = {18E3F29A-367C-3E09-2202-B9FC069B15E1}
		{4DA9DB7A-67F1-E1C4-D87F-47B852D6C0B5} = {EC447DCF-ABFA-6E24-52A5-D7FD48A5C558}
		{EED3D39A-ACAD-BF65-85A7-52B6D35BC948} = {4DA9DB7A-67F1-E1C4-D87F-47B852D6C0B5}
		{B7D42004-BC05-4851-8F3B-AF330960CF43} = {EED3D39A-ACAD-BF65-85A7-52B6D35BC948}
		{18C073E0-6CB1-4693-3636-BFEE619A6192} = {EC447DCF-ABFA-6E24-52A5-D7FD48A5C558}
		{F77E670E-0F23-3CE4-6F9C-951200B09EE2} = {18C073E0-6CB1-4693-3636-BFEE619A6192}
		{13B14F9A-C71F-43DB-A735-F83D23D8E757} = {F77E670E-0F23-3CE4-6F9C-951200B09EE2}
		{9A8F3106-D494-A2C8-85FA-2DA4A44F4B50} = {EC447DCF-ABFA-6E24-52A5-D7FD48A5C558}
		{98973FF1-4931-8FA8-539B-928A12D6D3D5} = {9A8F3106-D494-A2C8-85FA-2DA4A44F4B50}
		{4A8B18A0-239D-4202-9424-E6A68FE1DF98} = {98973FF1-4931-8FA8-539B-928A12D6D3D5}
		{5C8A8AC6-589C-57E2-718B-9C9CBE8FBE33} = {EC447DCF-ABFA-6E24-52A5-D7FD48A5C558}
		{04B77DBD-5862-7036-D1BB-52A3287B84E9} = {5C8A8AC6-589C-57E2-718B-9C9CBE8FBE33}
		{7489D9AD-EF1E-490A-9880-662B45821368} = {04B77DBD-5862-7036-D1BB-52A3287B84E9}
		{3B78504E-7DB8-4F6E-5DC9-009B994C7C64} = {EC447DCF-ABFA-6E24-52A5-D7FD48A5C558}
		{E8DAC61D-939F-8FBE-66A6-04F9296FDE0A} = {3B78504E-7DB8-4F6E-5DC9-009B994C7C64}
		{1AC3A5CE-3C2B-41F8-BE41-79D8F95B31F5} = {E8DAC61D-939F-8FBE-66A6-04F9296FDE0A}
		{9FCB07E3-B411-69C0-9CA4-7AFC7B26BAA0} = {EC447DCF-ABFA-6E24-52A5-D7FD48A5C558}
		{0E2EA19E-CA86-FAFA-3A06-C9641042D0FC} = {9FCB07E3-B411-69C0-9CA4-7AFC7B26BAA0}
		{AFE5B7E2-5AD5-4E33-86AA-70D103896F49} = {0E2EA19E-CA86-FAFA-3A06-C9641042D0FC}
		{09A91B6C-79E6-0968-6169-7E6887562B47} = {EC447DCF-ABFA-6E24-52A5-D7FD48A5C558}
		{FA684506-8FD3-636C-AD1B-DDBCB1CE2ABE} = {09A91B6C-79E6-0968-6169-7E6887562B47}
		{BD5310A4-65E4-4DFF-834E-F7AE780E3C05} = {FA684506-8FD3-636C-AD1B-DDBCB1CE2ABE}
		{42216F36-5072-C20A-2A62-36F63197544B} = {EC447DCF-ABFA-6E24-52A5-D7FD48A5C558}
		{5BC3E791-2F36-0A65-6DCA-BE459D400D94} = {42216F36-5072-C20A-2A62-36F63197544B}
		{82865DA9-87F4-469D-9C06-B640D1C03F8A} = {5BC3E791-2F36-0A65-6DCA-BE459D400D94}
		{34324B6F-2A2B-4F71-D66E-8072EA5F9085} = {EC447DCF-ABFA-6E24-52A5-D7FD48A5C558}
		{29BC95EE-1903-9B18-B6C9-213C061111F3} = {34324B6F-2A2B-4F71-D66E-8072EA5F9085}
		{632A17CA-8403-4588-AD45-A7C04E1383F5} = {29BC95EE-1903-9B18-B6C9-213C061111F3}
		{CDEAD04D-D345-16A4-0F8A-F71707EA5983} = {EC447DCF-ABFA-6E24-52A5-D7FD48A5C558}
		{A6ABE31C-A246-39A6-1824-0C45A15FF780} = {CDEAD04D-D345-16A4-0F8A-F71707EA5983}
		{DA4C612B-F902-46E2-A204-0E7455C7BD81} = {A6ABE31C-A246-39A6-1824-0C45A15FF780}
		{85E1F0F8-10F2-2435-7A18-83A44800DFDF} = {EC447DCF-ABFA-6E24-52A5-D7FD48A5C558}
		{57F05C05-3C46-81F0-2455-77183151CE71} = {85E1F0F8-10F2-2435-7A18-83A44800DFDF}
		{18DB7514-C9EF-4A13-B9B0-FAC021E81BEC} = {57F05C05-3C46-81F0-2455-77183151CE71}
		{2D411FE8-4E9B-6633-081C-C9B430072A74} = {EC447DCF-ABFA-6E24-52A5-D7FD48A5C558}
		{9F4F3C41-DEEB-A6EA-863F-DEFF9FB545FD} = {2D411FE8-4E9B-6633-081C-C9B430072A74}
		{43D694D4-D38E-4F80-AE6C-E0A0D5F8E0DC} = {9F4F3C41-DEEB-A6EA-863F-DEFF9FB545FD}
		{C8D1A2B1-EA7B-ACCB-9A0F-00C0379A7F7E} = {57EC3008-EC9E-6AE8-F402-E8180F19A5A5}
		{336A4CC4-FB0E-456D-A776-ACD309F3D625} = {C8D1A2B1-EA7B-ACCB-9A0F-00C0379A7F7E}
		{1A9E8A3F-A986-A567-09A4-09AB2A798928} = {D53792AE-36FE-72E8-E36E-7E5EF0791B31}
		{0DF26557-1889-4336-9BCA-90200227DD31} = {1A9E8A3F-A986-A567-09A4-09AB2A798928}
		{22C78391-1011-5AFD-FF0E-11E4DEB6F490} = {6EBCFD33-7D2C-6F0C-B60B-6B70B57F5713}
		{EF7B590F-6AA2-469E-BE61-583D0AF51B62} = {22C78391-1011-5AFD-FF0E-11E4DEB6F490}
		{024D8A87-DBE4-923F-441B-F9A6C669B4BD} = {6FEA55CD-9038-3367-F52F-2FD77CF71706}
		{6993CE52-F99A-4A49-8085-B19630ED7EDB} = {024D8A87-DBE4-923F-441B-F9A6C669B4BD}
		{36B1B392-380E-E569-AA1C-688C9BAFCEC4} = {4DA9DB7A-67F1-E1C4-D87F-47B852D6C0B5}
		{873BF38F-4D67-4073-84AA-8603F4D5F6BE} = {36B1B392-380E-E569-AA1C-688C9BAFCEC4}
		{A15C9072-71C4-DCD7-484C-67F11796098B} = {18C073E0-6CB1-4693-3636-BFEE619A6192}
		{27D15E98-C126-42A0-BF7F-2A48FB3C871B} = {A15C9072-71C4-DCD7-484C-67F11796098B}
		{4EE51719-C959-68AC-3505-8A1634E0C7A6} = {9A8F3106-D494-A2C8-85FA-2DA4A44F4B50}
		{4AAC94E6-D50E-429D-A2EF-809EAEFBA703} = {4EE51719-C959-68AC-3505-8A1634E0C7A6}
		{7BC01D79-5299-0ABF-A8D1-941DD3476F20} = {5C8A8AC6-589C-57E2-718B-9C9CBE8FBE33}
		{BD0337F1-B799-47F5-8F20-E1B13AACA40D} = {7BC01D79-5299-0ABF-A8D1-941DD3476F20}
		{B41E2DE3-4C13-C514-3948-801435759F74} = {3B78504E-7DB8-4F6E-5DC9-009B994C7C64}
		{5575050D-DD9A-43A6-80F3-64427D0065F6} = {B41E2DE3-4C13-C514-3948-801435759F74}
		{A9A66B94-2406-78F7-4C39-C21EDEF352E8} = {9FCB07E3-B411-69C0-9CA4-7AFC7B26BAA0}
		{9DD0B846-51A6-41C7-A39B-C80BE2ED9829} = {A9A66B94-2406-78F7-4C39-C21EDEF352E8}
		{E69A4EFF-364A-7635-EFD0-034B313DB630} = {09A91B6C-79E6-0968-6169-7E6887562B47}
		{2695A848-07DA-4002-A6ED-3903E6355A14} = {E69A4EFF-364A-7635-EFD0-034B313DB630}
		{D02C7B8E-6DED-6134-ED05-45103131B8A2} = {42216F36-5072-C20A-2A62-36F63197544B}
		{A6B7EBE0-7A52-41F7-8A60-F8631D92270B} = {D02C7B8E-6DED-6134-ED05-45103131B8A2}
		{126C692A-45CB-2A40-7099-B87F7F566AC3} = {34324B6F-2A2B-4F71-D66E-8072EA5F9085}
		{C1F4A9DA-FE06-4CAB-A999-B3679EDA922B} = {126C692A-45CB-2A40-7099-B87F7F566AC3}
		{B98547C4-39D4-E266-AF05-A6B2D6FD9024} = {CDEAD04D-D345-16A4-0F8A-F71707EA5983}
		{805A7843-DA36-4079-995E-D1BB6695ECA4} = {B98547C4-39D4-E266-AF05-A6B2D6FD9024}
		{752C8CC9-0929-A62B-8EBF-692EE45B3B1F} = {85E1F0F8-10F2-2435-7A18-83A44800DFDF}
		{2D8B299E-F8EC-4A69-BCE8-2F8111385644} = {752C8CC9-0929-A62B-8EBF-692EE45B3B1F}
		{43CAD572-2490-3FF3-05EB-07F266F0F17B} = {2D411FE8-4E9B-6633-081C-C9B430072A74}
		{1D6D92D4-2661-4B59-80DC-36ED2A84214D} = {43CAD572-2490-3FF3-05EB-07F266F0F17B}
	EndGlobalSection
	GlobalSection(ExtensibilityGlobals) = postSolution
		SolutionGuid = {0A1DD5CB-03C3-46CD-8469-1DCBF8C8B344}
	EndGlobalSection
EndGlobal
